{
  "version": 4,
  "terraform_version": "1.5.7",
  "serial": 103,
  "lineage": "ec05f9f3-302c-9564-2543-bf7052e1cdde",
  "outputs": {
    "api_endpoint": {
      "value": "https://lnt6x6tek2.execute-api.eu-central-1.amazonaws.com",
      "type": "string"
    },
    "dynamodb_table_name": {
      "value": "tamagotchi-health-user-state-dev",
      "type": "string"
    }
  },
  "resources": [
    {
      "mode": "data",
      "type": "archive_file",
      "name": "avatar_zip",
      "provider": "provider[\"registry.terraform.io/hashicorp/archive\"]",
      "instances": [
        {
          "schema_version": 0,
          "attributes": {
            "exclude_symlink_directories": null,
            "excludes": [
              "__pycache__"
            ],
            "id": "99fa1f8831fbaad0ccadd3f37944cac95e34ee75",
            "output_base64sha256": "Y1+nN24V8zKLc1Ip3obxbEIo1DDFs5WW50QuJb8AbZA=",
            "output_base64sha512": "IaIzPM09GGxvPvvor9FGd/QOl7ZIiw54f5wAhbjVf1coqXnIckiQlVzfjQcjnrUXafcakdheXY9uamR9AgiDSQ==",
            "output_file_mode": null,
            "output_md5": "bb51f55cee4399036b0636bc3e17b068",
            "output_path": "./.build/avatar.zip",
            "output_sha": "99fa1f8831fbaad0ccadd3f37944cac95e34ee75",
            "output_sha256": "635fa7376e15f3328b735229de86f16c4228d430c5b39596e7442e25bf006d90",
            "output_sha512": "21a2333ccd3d186c6f3efbe8afd14677f40e97b6488b0e787f9c0085b8d57f5728a979c8724890955cdf8d07239eb51769f71a91d85e5d8f6e6a647d02088349",
            "output_size": 2481,
            "source": [],
            "source_content": null,
            "source_content_filename": null,
            "source_dir": "./../../lambda/avatar",
            "source_file": null,
            "type": "zip"
          },
          "sensitive_attributes": []
        }
      ]
    },
    {
      "mode": "data",
      "type": "archive_file",
      "name": "demo_zip",
      "provider": "provider[\"registry.terraform.io/hashicorp/archive\"]",
      "instances": [
        {
          "schema_version": 0,
          "attributes": {
            "exclude_symlink_directories": null,
            "excludes": [
              "__pycache__"
            ],
            "id": "87c110426c5db51835cfcbd72e4aba4f7ecaf183",
            "output_base64sha256": "hm9bITDxYoJrCHxC4B4vXoRMq7G2w34E7Vi5BphwUn0=",
            "output_base64sha512": "I83RIzz/QgNtZYtMVMlP6dcKMnJWC8lLpU40jfF2CSMrC5U8AGtrBy7hx3EbYEleElkOk+XLwK5YIOy6DqfkNQ==",
            "output_file_mode": null,
            "output_md5": "1d9a44d8b6e3b0c6dc6ec15320819f0d",
            "output_path": "./.build/demo.zip",
            "output_sha": "87c110426c5db51835cfcbd72e4aba4f7ecaf183",
            "output_sha256": "866f5b2130f162826b087c42e01e2f5e844cabb1b6c37e04ed58b9069870527d",
            "output_sha512": "23cdd1233cff42036d658b4c54c94fe9d70a3272560bc94ba54e348df17609232b0b953c006b6b072ee1c7711b60495e12590e93e5cbc0ae5820ecba0ea7e435",
            "output_size": 751,
            "source": [],
            "source_content": null,
            "source_content_filename": null,
            "source_dir": "./../../lambda/demo",
            "source_file": null,
            "type": "zip"
          },
          "sensitive_attributes": []
        }
      ]
    },
    {
      "mode": "data",
      "type": "archive_file",
      "name": "echo_zip",
      "provider": "provider[\"registry.terraform.io/hashicorp/archive\"]",
      "instances": [
        {
          "schema_version": 0,
          "attributes": {
            "exclude_symlink_directories": null,
            "excludes": [
              "__pycache__"
            ],
            "id": "8c09fb32da862d48c8daaa203faa0984aea81527",
            "output_base64sha256": "Yz0A7ORmZ/WZkAH+o/CHQGZdOSXjPR7ECMHQZKmgsCU=",
            "output_base64sha512": "F2Red/6wSa63CMLQrSDESlX97RFJ6BjupZj4nQQyV8FIFehx+m0eTqswcgUz6AYo/wcIm7R02+n0NX4otkxylw==",
            "output_file_mode": null,
            "output_md5": "f5538ccee86cc2b08072dfac5e22603e",
            "output_path": "./.build/echo.zip",
            "output_sha": "8c09fb32da862d48c8daaa203faa0984aea81527",
            "output_sha256": "633d00ece46667f5999001fea3f08740665d3925e33d1ec408c1d064a9a0b025",
            "output_sha512": "17645e77feb049aeb708c2d0ad20c44a55fded1149e818eea598f89d043257c14815e871fa6d1e4eab30720533e80628ff07089bb474dbe9f4357e28b64c7297",
            "output_size": 429,
            "source": [],
            "source_content": null,
            "source_content_filename": null,
            "source_dir": "./../../lambda/echo",
            "source_file": null,
            "type": "zip"
          },
          "sensitive_attributes": []
        }
      ]
    },
    {
      "mode": "data",
      "type": "archive_file",
      "name": "gcp_deps_layer_zip",
      "provider": "provider[\"registry.terraform.io/hashicorp/archive\"]",
      "instances": [
        {
          "schema_version": 0,
          "attributes": {
            "exclude_symlink_directories": null,
            "excludes": null,
            "id": "81e064c30753d204c4121e45b8f322d7deb1c32a",
            "output_base64sha256": "w1eFJ4U/ILbyKlthXKM7a/GNp1DXBKvvzKLoZW7un4U=",
            "output_base64sha512": "RBeg+6W1w34pwBdn6hG7Z5mfMs9K0BVYZ5rokxSR9SU1QNGKmANlN5z8XWbcmOnmhI4Foo9WOs7I8eq0ozrBdg==",
            "output_file_mode": null,
            "output_md5": "b5042dab8a941767be80c912680bff6b",
            "output_path": "./.build/gcp_deps_layer.zip",
            "output_sha": "81e064c30753d204c4121e45b8f322d7deb1c32a",
            "output_sha256": "c3578527853f20b6f22a5b615ca33b6bf18da750d704abefcca2e8656eee9f85",
            "output_sha512": "4417a0fba5b5c37e29c01767ea11bb67999f32cf4ad01558679ae8931491f5253540d18a980365379cfc5d66dc98e9e6848e05a28f563acec8f1eab4a33ac176",
            "output_size": 24497684,
            "source": [],
            "source_content": null,
            "source_content_filename": null,
            "source_dir": "../../../lambda_layers/gcp_deps",
            "source_file": null,
            "type": "zip"
          },
          "sensitive_attributes": []
        }
      ]
    },
    {
      "mode": "data",
      "type": "archive_file",
      "name": "ingest_zip",
      "provider": "provider[\"registry.terraform.io/hashicorp/archive\"]",
      "instances": [
        {
          "schema_version": 0,
          "attributes": {
            "exclude_symlink_directories": null,
            "excludes": [
              "__pycache__",
              "requirements.txt"
            ],
            "id": "e2efa0a61a481d1e4ebffdf890101c394810f883",
            "output_base64sha256": "WNRcfc9Xs9gSZ7iXC/+SnWUSLqemgUe/ogmLUCdikx0=",
            "output_base64sha512": "gr/kGKvliqNCXKLQtJwIeTU6Q1STiseiduVFB3l/fX20zpjFPOgrYVTKde8/a/ie8gVnmQbym3NFZ2PbPptlNg==",
            "output_file_mode": null,
            "output_md5": "ab475a2e4533915e4089bc763cc22eef",
            "output_path": "./.build/ingest.zip",
            "output_sha": "e2efa0a61a481d1e4ebffdf890101c394810f883",
            "output_sha256": "58d45c7dcf57b3d81267b8970bff929d65122ea7a68147bfa2098b502762931d",
            "output_sha512": "82bfe418abe58aa3425ca2d0b49c0879353a4354938ac7a276e54507797f7d7db4ce98c53ce82b6154ca75ef3f6bf89ef205679906f29b73456763db3e9b6536",
            "output_size": 1605,
            "source": [],
            "source_content": null,
            "source_content_filename": null,
            "source_dir": "./../../lambda/ingest",
            "source_file": null,
            "type": "zip"
          },
          "sensitive_attributes": []
        }
      ]
    },
    {
      "mode": "data",
      "type": "archive_file",
      "name": "orchestrator_zip",
      "provider": "provider[\"registry.terraform.io/hashicorp/archive\"]",
      "instances": [
        {
          "schema_version": 0,
          "attributes": {
            "exclude_symlink_directories": null,
            "excludes": [
              "__pycache__",
              "requirements.txt"
            ],
            "id": "a8615912daf6ec1632b7419c66b706cff2e6019c",
            "output_base64sha256": "tAc8H8FuZPgFfjCQSyB2dLWuFE9ChLFYFN3u1UxbasE=",
            "output_base64sha512": "/TqAYh0VcOlLRbm2oewDurXskTDkr5Fe89W5EXkyw4Onh/A0CguIWFYcsRkscRm2LaLYI+HVhCro9JG/Cyr9Jg==",
            "output_file_mode": null,
            "output_md5": "f65c126ecac0c643277d237068bbab7a",
            "output_path": "./.build/orchestrator.zip",
            "output_sha": "a8615912daf6ec1632b7419c66b706cff2e6019c",
            "output_sha256": "b4073c1fc16e64f8057e30904b207674b5ae144f4284b15814ddeed54c5b6ac1",
            "output_sha512": "fd3a80621d1570e94b45b9b6a1ec03bab5ec9130e4af915ef3d5b9117932c383a787f0340a0b8858561cb1192c7119b62da2d823e1d5842ae8f491bf0b2afd26",
            "output_size": 2454,
            "source": [],
            "source_content": null,
            "source_content_filename": null,
            "source_dir": "./../../lambda/orchestrator",
            "source_file": null,
            "type": "zip"
          },
          "sensitive_attributes": []
        }
      ]
    },
    {
      "mode": "data",
      "type": "archive_file",
      "name": "user_zip",
      "provider": "provider[\"registry.terraform.io/hashicorp/archive\"]",
      "instances": [
        {
          "schema_version": 0,
          "attributes": {
            "exclude_symlink_directories": null,
            "excludes": [
              "__pycache__"
            ],
            "id": "c14653026ba539a2124d53440a53c623f274dd15",
            "output_base64sha256": "q1YlFTj2OUKZ99RVF7Q3EzBsuehJN5hezYGW6eBzFvk=",
            "output_base64sha512": "3B2JfPxTj4NT6A4nyo4kP+z7NMsFo3tyxhpsEoVGK2DR2En5IHESzeZlndfhIT9PQVAnbcHWC0/1Gb9sPduljQ==",
            "output_file_mode": null,
            "output_md5": "3f3075650c093bd02dd033f12983daa2",
            "output_path": "./.build/user.zip",
            "output_sha": "c14653026ba539a2124d53440a53c623f274dd15",
            "output_sha256": "ab56251538f6394299f7d45517b43713306cb9e84937985ecd8196e9e07316f9",
            "output_sha512": "dc1d897cfc538f8353e80e27ca8e243fecfb34cb05a37b72c61a6c1285462b60d1d849f9207112cde6659dd7e1213f4f4150276dc1d60b4ff519bf6c3ddba58d",
            "output_size": 1428,
            "source": [],
            "source_content": null,
            "source_content_filename": null,
            "source_dir": "./../../lambda/user",
            "source_file": null,
            "type": "zip"
          },
          "sensitive_attributes": []
        }
      ]
    },
    {
      "mode": "data",
      "type": "aws_caller_identity",
      "name": "current",
      "provider": "provider[\"registry.terraform.io/hashicorp/aws\"]",
      "instances": [
        {
          "schema_version": 0,
          "attributes": {
            "account_id": "791736277877",
            "arn": "arn:aws:iam::791736277877:user/team7.user1",
            "id": "791736277877",
            "user_id": "AIDA3QVZI3N2QJPSII3K3"
          },
          "sensitive_attributes": []
        }
      ]
    },
    {
      "mode": "managed",
      "type": "aws_apigatewayv2_api",
      "name": "http_api",
      "provider": "provider[\"registry.terraform.io/hashicorp/aws\"]",
      "instances": [
        {
          "schema_version": 0,
          "attributes": {
            "api_endpoint": "https://lnt6x6tek2.execute-api.eu-central-1.amazonaws.com",
            "api_key_selection_expression": "$request.header.x-api-key",
            "arn": "arn:aws:apigateway:eu-central-1::/apis/lnt6x6tek2",
            "body": null,
            "cors_configuration": [],
            "credentials_arn": null,
            "description": "",
            "disable_execute_api_endpoint": false,
            "execution_arn": "arn:aws:execute-api:eu-central-1:791736277877:lnt6x6tek2",
            "fail_on_warnings": null,
            "id": "lnt6x6tek2",
            "ip_address_type": "ipv4",
            "name": "tamagotchi-health-api-dev",
            "protocol_type": "HTTP",
            "route_key": null,
            "route_selection_expression": "$request.method $request.path",
            "tags": {},
            "tags_all": {
              "Environment": "dev",
              "ManagedBy": "Terraform",
              "Project": "tamagotchi-health"
            },
            "target": null,
            "version": ""
          },
          "sensitive_attributes": [],
          "private": "bnVsbA=="
        }
      ]
    },
    {
      "mode": "managed",
      "type": "aws_apigatewayv2_integration",
      "name": "avatar_generator",
      "provider": "provider[\"registry.terraform.io/hashicorp/aws\"]",
      "instances": [
        {
          "schema_version": 0,
          "attributes": {
            "api_id": "lnt6x6tek2",
            "connection_id": "",
            "connection_type": "INTERNET",
            "content_handling_strategy": "",
            "credentials_arn": "",
            "description": "",
            "id": "u8x5ue7",
            "integration_method": "POST",
            "integration_response_selection_expression": "",
            "integration_subtype": "",
            "integration_type": "AWS_PROXY",
            "integration_uri": "arn:aws:apigateway:eu-central-1:lambda:path/2015-03-31/functions/arn:aws:lambda:eu-central-1:791736277877:function:tamagotchi-health-avatar-generator-dev/invocations",
            "passthrough_behavior": "",
            "payload_format_version": "2.0",
            "request_parameters": {},
            "request_templates": {},
            "response_parameters": [],
            "template_selection_expression": "",
            "timeout_milliseconds": 30000,
            "tls_config": []
          },
          "sensitive_attributes": [],
          "private": "bnVsbA==",
          "dependencies": [
            "aws_apigatewayv2_api.http_api",
            "aws_dynamodb_table.health_data",
            "aws_dynamodb_table.users",
            "aws_iam_role.lambda_role",
            "aws_lambda_function.avatar_generator",
            "aws_lambda_layer_version.gcp_deps_layer",
            "aws_s3_bucket.avatars",
            "data.archive_file.avatar_zip",
            "data.archive_file.gcp_deps_layer_zip"
          ]
        }
      ]
    },
    {
      "mode": "managed",
      "type": "aws_apigatewayv2_integration",
      "name": "demo_trigger",
      "provider": "provider[\"registry.terraform.io/hashicorp/aws\"]",
      "instances": [
        {
          "schema_version": 0,
          "attributes": {
            "api_id": "lnt6x6tek2",
            "connection_id": "",
            "connection_type": "INTERNET",
            "content_handling_strategy": "",
            "credentials_arn": "",
            "description": "",
            "id": "8xh1itg",
            "integration_method": "POST",
            "integration_response_selection_expression": "",
            "integration_subtype": "",
            "integration_type": "AWS_PROXY",
            "integration_uri": "arn:aws:apigateway:eu-central-1:lambda:path/2015-03-31/functions/arn:aws:lambda:eu-central-1:791736277877:function:tamagotchi-health-demo-trigger-dev/invocations",
            "passthrough_behavior": "",
            "payload_format_version": "2.0",
            "request_parameters": {},
            "request_templates": {},
            "response_parameters": [],
            "template_selection_expression": "",
            "timeout_milliseconds": 30000,
            "tls_config": []
          },
          "sensitive_attributes": [],
          "private": "bnVsbA==",
          "dependencies": [
            "aws_apigatewayv2_api.http_api",
            "aws_dynamodb_table.user_state",
            "aws_iam_role.lambda_role",
            "aws_lambda_function.demo_trigger",
            "data.archive_file.demo_zip"
          ]
        }
      ]
    },
    {
      "mode": "managed",
      "type": "aws_apigatewayv2_integration",
      "name": "echo",
      "provider": "provider[\"registry.terraform.io/hashicorp/aws\"]",
      "instances": [
        {
          "schema_version": 0,
          "attributes": {
            "api_id": "lnt6x6tek2",
            "connection_id": "",
            "connection_type": "INTERNET",
            "content_handling_strategy": "",
            "credentials_arn": "",
            "description": "",
            "id": "rjdymt3",
            "integration_method": "POST",
            "integration_response_selection_expression": "",
            "integration_subtype": "",
            "integration_type": "AWS_PROXY",
            "integration_uri": "arn:aws:apigateway:eu-central-1:lambda:path/2015-03-31/functions/arn:aws:lambda:eu-central-1:791736277877:function:tamagotchi-health-echo-dev/invocations",
            "passthrough_behavior": "",
            "payload_format_version": "2.0",
            "request_parameters": {},
            "request_templates": {},
            "response_parameters": [],
            "template_selection_expression": "",
            "timeout_milliseconds": 30000,
            "tls_config": []
          },
          "sensitive_attributes": [],
          "private": "bnVsbA==",
          "dependencies": [
            "aws_apigatewayv2_api.http_api",
            "aws_iam_role.lambda_role",
            "aws_lambda_function.echo",
            "data.archive_file.echo_zip"
          ]
        }
      ]
    },
    {
      "mode": "managed",
      "type": "aws_apigatewayv2_integration",
      "name": "sensor_ingest",
      "provider": "provider[\"registry.terraform.io/hashicorp/aws\"]",
      "instances": [
        {
          "schema_version": 0,
          "attributes": {
            "api_id": "lnt6x6tek2",
            "connection_id": "",
            "connection_type": "INTERNET",
            "content_handling_strategy": "",
            "credentials_arn": "",
            "description": "",
            "id": "zdrfesl",
            "integration_method": "POST",
            "integration_response_selection_expression": "",
            "integration_subtype": "",
            "integration_type": "AWS_PROXY",
            "integration_uri": "arn:aws:apigateway:eu-central-1:lambda:path/2015-03-31/functions/arn:aws:lambda:eu-central-1:791736277877:function:tamagotchi-health-sensor-ingest-dev/invocations",
            "passthrough_behavior": "",
            "payload_format_version": "2.0",
            "request_parameters": {},
            "request_templates": {},
            "response_parameters": [],
            "template_selection_expression": "",
            "timeout_milliseconds": 30000,
            "tls_config": []
          },
          "sensitive_attributes": [],
          "private": "bnVsbA==",
          "dependencies": [
            "aws_apigatewayv2_api.http_api",
            "aws_dynamodb_table.health_data",
            "aws_dynamodb_table.user_state",
            "aws_iam_role.lambda_role",
            "aws_lambda_function.sensor_ingest",
            "data.archive_file.ingest_zip"
          ]
        }
      ]
    },
    {
      "mode": "managed",
      "type": "aws_apigatewayv2_integration",
      "name": "user_manager",
      "provider": "provider[\"registry.terraform.io/hashicorp/aws\"]",
      "instances": [
        {
          "schema_version": 0,
          "attributes": {
            "api_id": "lnt6x6tek2",
            "connection_id": "",
            "connection_type": "INTERNET",
            "content_handling_strategy": "",
            "credentials_arn": "",
            "description": "",
            "id": "mqymce2",
            "integration_method": "POST",
            "integration_response_selection_expression": "",
            "integration_subtype": "",
            "integration_type": "AWS_PROXY",
            "integration_uri": "arn:aws:apigateway:eu-central-1:lambda:path/2015-03-31/functions/arn:aws:lambda:eu-central-1:791736277877:function:tamagotchi-health-user-manager-dev/invocations",
            "passthrough_behavior": "",
            "payload_format_version": "2.0",
            "request_parameters": {},
            "request_templates": {},
            "response_parameters": [],
            "template_selection_expression": "",
            "timeout_milliseconds": 30000,
            "tls_config": []
          },
          "sensitive_attributes": [],
          "private": "bnVsbA==",
          "dependencies": [
            "aws_apigatewayv2_api.http_api",
            "aws_dynamodb_table.users",
            "aws_iam_role.lambda_role",
            "aws_lambda_function.user_manager",
            "aws_s3_bucket.avatars",
            "data.archive_file.user_zip"
          ]
        }
      ]
    },
    {
      "mode": "managed",
      "type": "aws_apigatewayv2_route",
      "name": "create_user",
      "provider": "provider[\"registry.terraform.io/hashicorp/aws\"]",
      "instances": [
        {
          "schema_version": 0,
          "attributes": {
            "api_id": "lnt6x6tek2",
            "api_key_required": false,
            "authorization_scopes": [],
            "authorization_type": "NONE",
            "authorizer_id": "",
            "id": "n0qhnc3",
            "model_selection_expression": "",
            "operation_name": "",
            "request_models": {},
            "request_parameter": [],
            "route_key": "POST /users",
            "route_response_selection_expression": "",
            "target": "integrations/mqymce2"
          },
          "sensitive_attributes": [],
          "private": "bnVsbA==",
          "dependencies": [
            "aws_apigatewayv2_api.http_api",
            "aws_apigatewayv2_integration.user_manager",
            "aws_dynamodb_table.users",
            "aws_iam_role.lambda_role",
            "aws_lambda_function.user_manager",
            "aws_s3_bucket.avatars",
            "data.archive_file.user_zip"
          ]
        }
      ]
    },
    {
      "mode": "managed",
      "type": "aws_apigatewayv2_route",
      "name": "demo_trigger",
      "provider": "provider[\"registry.terraform.io/hashicorp/aws\"]",
      "instances": [
        {
          "schema_version": 0,
          "attributes": {
            "api_id": "lnt6x6tek2",
            "api_key_required": false,
            "authorization_scopes": [],
            "authorization_type": "NONE",
            "authorizer_id": "",
            "id": "zhk1gfp",
            "model_selection_expression": "",
            "operation_name": "",
            "request_models": {},
            "request_parameter": [],
            "route_key": "POST /demo/trigger",
            "route_response_selection_expression": "",
            "target": "integrations/8xh1itg"
          },
          "sensitive_attributes": [],
          "private": "bnVsbA==",
          "dependencies": [
            "aws_apigatewayv2_api.http_api",
            "aws_apigatewayv2_integration.demo_trigger",
            "aws_dynamodb_table.user_state",
            "aws_iam_role.lambda_role",
            "aws_lambda_function.demo_trigger",
            "data.archive_file.demo_zip"
          ]
        }
      ]
    },
    {
      "mode": "managed",
      "type": "aws_apigatewayv2_route",
      "name": "echo",
      "provider": "provider[\"registry.terraform.io/hashicorp/aws\"]",
      "instances": [
        {
          "schema_version": 0,
          "attributes": {
            "api_id": "lnt6x6tek2",
            "api_key_required": false,
            "authorization_scopes": [],
            "authorization_type": "NONE",
            "authorizer_id": "",
            "id": "qecg85h",
            "model_selection_expression": "",
            "operation_name": "",
            "request_models": {},
            "request_parameter": [],
            "route_key": "POST /echo",
            "route_response_selection_expression": "",
            "target": "integrations/rjdymt3"
          },
          "sensitive_attributes": [],
          "private": "bnVsbA==",
          "dependencies": [
            "aws_apigatewayv2_api.http_api",
            "aws_apigatewayv2_integration.echo",
            "aws_iam_role.lambda_role",
            "aws_lambda_function.echo",
            "data.archive_file.echo_zip"
          ]
        }
      ]
    },
    {
      "mode": "managed",
      "type": "aws_apigatewayv2_route",
      "name": "get_avatar_state",
      "provider": "provider[\"registry.terraform.io/hashicorp/aws\"]",
      "instances": [
        {
          "schema_version": 0,
          "attributes": {
            "api_id": "lnt6x6tek2",
            "api_key_required": false,
            "authorization_scopes": [],
            "authorization_type": "NONE",
            "authorizer_id": "",
            "id": "a8oje3d",
            "model_selection_expression": "",
            "operation_name": "",
            "request_models": {},
            "request_parameter": [],
            "route_key": "GET /avatar/current-state/{user_id}",
            "route_response_selection_expression": "",
            "target": "integrations/u8x5ue7"
          },
          "sensitive_attributes": [],
          "private": "bnVsbA==",
          "dependencies": [
            "aws_apigatewayv2_api.http_api",
            "aws_apigatewayv2_integration.avatar_generator",
            "aws_dynamodb_table.health_data",
            "aws_dynamodb_table.users",
            "aws_iam_role.lambda_role",
            "aws_lambda_function.avatar_generator",
            "aws_lambda_layer_version.gcp_deps_layer",
            "aws_s3_bucket.avatars",
            "data.archive_file.avatar_zip",
            "data.archive_file.gcp_deps_layer_zip"
          ]
        }
      ]
    },
    {
      "mode": "managed",
      "type": "aws_apigatewayv2_route",
      "name": "get_upload_url",
      "provider": "provider[\"registry.terraform.io/hashicorp/aws\"]",
      "instances": [
        {
          "schema_version": 0,
          "attributes": {
            "api_id": "lnt6x6tek2",
            "api_key_required": false,
            "authorization_scopes": [],
            "authorization_type": "NONE",
            "authorizer_id": "",
            "id": "x1syfvc",
            "model_selection_expression": "",
            "operation_name": "",
            "request_models": {},
            "request_parameter": [],
            "route_key": "GET /users/{user_id}/avatar/upload-url",
            "route_response_selection_expression": "",
            "target": "integrations/mqymce2"
          },
          "sensitive_attributes": [],
          "private": "bnVsbA==",
          "dependencies": [
            "aws_apigatewayv2_api.http_api",
            "aws_apigatewayv2_integration.user_manager",
            "aws_dynamodb_table.users",
            "aws_iam_role.lambda_role",
            "aws_lambda_function.user_manager",
            "aws_s3_bucket.avatars",
            "data.archive_file.user_zip"
          ]
        }
      ]
    },
    {
      "mode": "managed",
      "type": "aws_apigatewayv2_route",
      "name": "get_user",
      "provider": "provider[\"registry.terraform.io/hashicorp/aws\"]",
      "instances": [
        {
          "schema_version": 0,
          "attributes": {
            "api_id": "lnt6x6tek2",
            "api_key_required": false,
            "authorization_scopes": [],
            "authorization_type": "NONE",
            "authorizer_id": "",
            "id": "11xf60s",
            "model_selection_expression": "",
            "operation_name": "",
            "request_models": {},
            "request_parameter": [],
            "route_key": "GET /users/{user_id}",
            "route_response_selection_expression": "",
            "target": "integrations/mqymce2"
          },
          "sensitive_attributes": [],
          "private": "bnVsbA==",
          "dependencies": [
            "aws_apigatewayv2_api.http_api",
            "aws_apigatewayv2_integration.user_manager",
            "aws_dynamodb_table.users",
            "aws_iam_role.lambda_role",
            "aws_lambda_function.user_manager",
            "aws_s3_bucket.avatars",
            "data.archive_file.user_zip"
          ]
        }
      ]
    },
    {
      "mode": "managed",
      "type": "aws_apigatewayv2_route",
      "name": "sensor_ingest",
      "provider": "provider[\"registry.terraform.io/hashicorp/aws\"]",
      "instances": [
        {
          "schema_version": 0,
          "attributes": {
            "api_id": "lnt6x6tek2",
            "api_key_required": false,
            "authorization_scopes": [],
            "authorization_type": "NONE",
            "authorizer_id": "",
            "id": "1bhx6nm",
            "model_selection_expression": "",
            "operation_name": "",
            "request_models": {},
            "request_parameter": [],
            "route_key": "POST /sensor-data",
            "route_response_selection_expression": "",
            "target": "integrations/zdrfesl"
          },
          "sensitive_attributes": [],
          "private": "bnVsbA==",
          "dependencies": [
            "aws_apigatewayv2_api.http_api",
            "aws_apigatewayv2_integration.sensor_ingest",
            "aws_dynamodb_table.health_data",
            "aws_dynamodb_table.user_state",
            "aws_iam_role.lambda_role",
            "aws_lambda_function.sensor_ingest",
            "data.archive_file.ingest_zip"
          ]
        }
      ]
    },
    {
      "mode": "managed",
      "type": "aws_apigatewayv2_stage",
      "name": "default",
      "provider": "provider[\"registry.terraform.io/hashicorp/aws\"]",
      "instances": [
        {
          "schema_version": 0,
          "attributes": {
            "access_log_settings": [],
            "api_id": "lnt6x6tek2",
            "arn": "arn:aws:apigateway:eu-central-1::/apis/lnt6x6tek2/stages/$default",
            "auto_deploy": true,
            "client_certificate_id": "",
            "default_route_settings": [
              {
                "data_trace_enabled": false,
                "detailed_metrics_enabled": false,
                "logging_level": "",
                "throttling_burst_limit": 0,
                "throttling_rate_limit": 0
              }
            ],
            "deployment_id": "otbn0q",
            "description": "",
            "execution_arn": "arn:aws:execute-api:eu-central-1:791736277877:lnt6x6tek2/$default",
            "id": "$default",
            "invoke_url": "https://lnt6x6tek2.execute-api.eu-central-1.amazonaws.com/",
            "name": "$default",
            "route_settings": [],
            "stage_variables": {},
            "tags": {},
            "tags_all": {
              "Environment": "dev",
              "ManagedBy": "Terraform",
              "Project": "tamagotchi-health"
            }
          },
          "sensitive_attributes": [],
          "private": "bnVsbA==",
          "dependencies": [
            "aws_apigatewayv2_api.http_api"
          ]
        }
      ]
    },
    {
      "mode": "managed",
      "type": "aws_dynamodb_table",
      "name": "health_data",
      "provider": "provider[\"registry.terraform.io/hashicorp/aws\"]",
      "instances": [
        {
          "schema_version": 1,
          "attributes": {
            "arn": "arn:aws:dynamodb:eu-central-1:791736277877:table/tamagotchi-health-health-data-dev",
            "attribute": [
              {
                "name": "timestamp",
                "type": "N"
              },
              {
                "name": "user_id",
                "type": "S"
              }
            ],
            "billing_mode": "PAY_PER_REQUEST",
            "deletion_protection_enabled": false,
            "global_secondary_index": [],
            "hash_key": "user_id",
            "id": "tamagotchi-health-health-data-dev",
            "import_table": [],
            "local_secondary_index": [],
            "name": "tamagotchi-health-health-data-dev",
            "on_demand_throughput": [],
            "point_in_time_recovery": [
              {
                "enabled": false,
                "recovery_period_in_days": 0
              }
            ],
            "range_key": "timestamp",
            "read_capacity": 0,
            "replica": [],
            "restore_date_time": null,
            "restore_source_name": null,
            "restore_source_table_arn": null,
            "restore_to_latest_time": null,
            "server_side_encryption": [],
            "stream_arn": "",
            "stream_enabled": false,
            "stream_label": "",
            "stream_view_type": "",
            "table_class": "STANDARD",
            "tags": {
              "Name": "tamagotchi-health-health-data"
            },
            "tags_all": {
              "Environment": "dev",
              "ManagedBy": "Terraform",
              "Name": "tamagotchi-health-health-data",
              "Project": "tamagotchi-health"
            },
            "timeouts": null,
            "ttl": [
              {
                "attribute_name": "",
                "enabled": false
              }
            ],
            "write_capacity": 0
          },
          "sensitive_attributes": [],
          "private": "eyJlMmJmYjczMC1lY2FhLTExZTYtOGY4OC0zNDM2M2JjN2M0YzAiOnsiY3JlYXRlIjoxODAwMDAwMDAwMDAwLCJkZWxldGUiOjYwMDAwMDAwMDAwMCwidXBkYXRlIjozNjAwMDAwMDAwMDAwfSwic2NoZW1hX3ZlcnNpb24iOiIxIn0="
        }
      ]
    },
    {
      "mode": "managed",
      "type": "aws_dynamodb_table",
      "name": "user_state",
      "provider": "provider[\"registry.terraform.io/hashicorp/aws\"]",
      "instances": [
        {
          "schema_version": 1,
          "attributes": {
            "arn": "arn:aws:dynamodb:eu-central-1:791736277877:table/tamagotchi-health-user-state-dev",
            "attribute": [
              {
                "name": "user_id",
                "type": "S"
              }
            ],
            "billing_mode": "PAY_PER_REQUEST",
            "deletion_protection_enabled": false,
            "global_secondary_index": [],
            "hash_key": "user_id",
            "id": "tamagotchi-health-user-state-dev",
            "import_table": [],
            "local_secondary_index": [],
            "name": "tamagotchi-health-user-state-dev",
            "on_demand_throughput": [],
            "point_in_time_recovery": [
              {
                "enabled": false,
                "recovery_period_in_days": 0
              }
            ],
            "range_key": null,
            "read_capacity": 0,
            "replica": [],
            "restore_date_time": null,
            "restore_source_name": null,
            "restore_source_table_arn": null,
            "restore_to_latest_time": null,
            "server_side_encryption": [],
            "stream_arn": "",
            "stream_enabled": false,
            "stream_label": "",
            "stream_view_type": "",
            "table_class": "STANDARD",
            "tags": {
              "Name": "tamagotchi-health-user-state"
            },
            "tags_all": {
              "Environment": "dev",
              "ManagedBy": "Terraform",
              "Name": "tamagotchi-health-user-state",
              "Project": "tamagotchi-health"
            },
            "timeouts": null,
            "ttl": [
              {
                "attribute_name": "",
                "enabled": false
              }
            ],
            "write_capacity": 0
          },
          "sensitive_attributes": [],
          "private": "eyJlMmJmYjczMC1lY2FhLTExZTYtOGY4OC0zNDM2M2JjN2M0YzAiOnsiY3JlYXRlIjoxODAwMDAwMDAwMDAwLCJkZWxldGUiOjYwMDAwMDAwMDAwMCwidXBkYXRlIjozNjAwMDAwMDAwMDAwfSwic2NoZW1hX3ZlcnNpb24iOiIxIn0="
        }
      ]
    },
    {
      "mode": "managed",
      "type": "aws_dynamodb_table",
      "name": "users",
      "provider": "provider[\"registry.terraform.io/hashicorp/aws\"]",
      "instances": [
        {
          "schema_version": 1,
          "attributes": {
            "arn": "arn:aws:dynamodb:eu-central-1:791736277877:table/tamagotchi-health-users-dev",
            "attribute": [
              {
                "name": "user_id",
                "type": "S"
              }
            ],
            "billing_mode": "PAY_PER_REQUEST",
            "deletion_protection_enabled": false,
            "global_secondary_index": [],
            "hash_key": "user_id",
            "id": "tamagotchi-health-users-dev",
            "import_table": [],
            "local_secondary_index": [],
            "name": "tamagotchi-health-users-dev",
            "on_demand_throughput": [],
            "point_in_time_recovery": [
              {
                "enabled": false,
                "recovery_period_in_days": 0
              }
            ],
            "range_key": null,
            "read_capacity": 0,
            "replica": [],
            "restore_date_time": null,
            "restore_source_name": null,
            "restore_source_table_arn": null,
            "restore_to_latest_time": null,
            "server_side_encryption": [],
            "stream_arn": "",
            "stream_enabled": false,
            "stream_label": "",
            "stream_view_type": "",
            "table_class": "STANDARD",
            "tags": {
              "Name": "tamagotchi-health-users"
            },
            "tags_all": {
              "Environment": "dev",
              "ManagedBy": "Terraform",
              "Name": "tamagotchi-health-users",
              "Project": "tamagotchi-health"
            },
            "timeouts": null,
            "ttl": [
              {
                "attribute_name": "",
                "enabled": false
              }
            ],
            "write_capacity": 0
          },
          "sensitive_attributes": [],
          "private": "eyJlMmJmYjczMC1lY2FhLTExZTYtOGY4OC0zNDM2M2JjN2M0YzAiOnsiY3JlYXRlIjoxODAwMDAwMDAwMDAwLCJkZWxldGUiOjYwMDAwMDAwMDAwMCwidXBkYXRlIjozNjAwMDAwMDAwMDAwfSwic2NoZW1hX3ZlcnNpb24iOiIxIn0="
        }
      ]
    },
    {
      "mode": "managed",
      "type": "aws_iam_role",
      "name": "lambda_role",
      "provider": "provider[\"registry.terraform.io/hashicorp/aws\"]",
      "instances": [
        {
          "schema_version": 0,
          "attributes": {
            "arn": "arn:aws:iam::791736277877:role/tamagotchi-health-lambda-role-dev",
            "assume_role_policy": "{\"Statement\":[{\"Action\":\"sts:AssumeRole\",\"Effect\":\"Allow\",\"Principal\":{\"Service\":\"lambda.amazonaws.com\"}}],\"Version\":\"2012-10-17\"}",
            "create_date": "2025-11-22T11:33:58Z",
            "description": "",
            "force_detach_policies": false,
            "id": "tamagotchi-health-lambda-role-dev",
            "inline_policy": [
              {
                "name": "bedrock_access",
                "policy": "{\"Version\":\"2012-10-17\",\"Statement\":[{\"Action\":[\"bedrock:InvokeAgent\",\"bedrock:InvokeModel\"],\"Effect\":\"Allow\",\"Resource\":\"*\"}]}"
              },
              {
                "name": "dynamodb_access",
                "policy": "{\"Version\":\"2012-10-17\",\"Statement\":[{\"Action\":[\"dynamodb:GetItem\",\"dynamodb:PutItem\",\"dynamodb:UpdateItem\",\"dynamodb:Query\",\"dynamodb:Scan\"],\"Effect\":\"Allow\",\"Resource\":[\"arn:aws:dynamodb:eu-central-1:791736277877:table/tamagotchi-health-user-state-dev\",\"arn:aws:dynamodb:eu-central-1:791736277877:table/tamagotchi-health-health-data-dev\",\"arn:aws:dynamodb:eu-central-1:791736277877:table/tamagotchi-health-users-dev\"]}]}"
              },
              {
                "name": "s3_access",
                "policy": "{\"Version\":\"2012-10-17\",\"Statement\":[{\"Action\":[\"s3:PutObject\",\"s3:GetObject\"],\"Effect\":\"Allow\",\"Resource\":[\"arn:aws:s3:::tamagotchi-health-avatars-dev\",\"arn:aws:s3:::tamagotchi-health-avatars-dev/*\"]}]}"
              }
            ],
            "managed_policy_arns": [
              "arn:aws:iam::aws:policy/service-role/AWSLambdaBasicExecutionRole"
            ],
            "max_session_duration": 3600,
            "name": "tamagotchi-health-lambda-role-dev",
            "name_prefix": "",
            "path": "/",
            "permissions_boundary": "",
            "tags": {},
            "tags_all": {
              "Environment": "dev",
              "ManagedBy": "Terraform",
              "Project": "tamagotchi-health"
            },
            "unique_id": "AROA3QVZI3N2TTNG5OZOM"
          },
          "sensitive_attributes": [],
          "private": "bnVsbA=="
        }
      ]
    },
    {
      "mode": "managed",
      "type": "aws_iam_role_policy",
      "name": "bedrock_access",
      "provider": "provider[\"registry.terraform.io/hashicorp/aws\"]",
      "instances": [
        {
          "schema_version": 0,
          "attributes": {
            "id": "tamagotchi-health-lambda-role-dev:bedrock_access",
            "name": "bedrock_access",
            "name_prefix": "",
            "policy": "{\"Version\":\"2012-10-17\",\"Statement\":[{\"Action\":[\"bedrock:InvokeAgent\",\"bedrock:InvokeModel\"],\"Effect\":\"Allow\",\"Resource\":\"*\"}]}",
            "role": "tamagotchi-health-lambda-role-dev"
          },
          "sensitive_attributes": [],
          "private": "bnVsbA==",
          "dependencies": [
            "aws_iam_role.lambda_role"
          ]
        }
      ]
    },
    {
      "mode": "managed",
      "type": "aws_iam_role_policy",
      "name": "dynamodb_access",
      "provider": "provider[\"registry.terraform.io/hashicorp/aws\"]",
      "instances": [
        {
          "schema_version": 0,
          "attributes": {
            "id": "tamagotchi-health-lambda-role-dev:dynamodb_access",
            "name": "dynamodb_access",
            "name_prefix": "",
            "policy": "{\"Version\":\"2012-10-17\",\"Statement\":[{\"Action\":[\"dynamodb:GetItem\",\"dynamodb:PutItem\",\"dynamodb:UpdateItem\",\"dynamodb:Query\",\"dynamodb:Scan\"],\"Effect\":\"Allow\",\"Resource\":[\"arn:aws:dynamodb:eu-central-1:791736277877:table/tamagotchi-health-user-state-dev\",\"arn:aws:dynamodb:eu-central-1:791736277877:table/tamagotchi-health-health-data-dev\",\"arn:aws:dynamodb:eu-central-1:791736277877:table/tamagotchi-health-users-dev\"]}]}",
            "role": "tamagotchi-health-lambda-role-dev"
          },
          "sensitive_attributes": [],
          "private": "bnVsbA==",
          "dependencies": [
            "aws_dynamodb_table.health_data",
            "aws_dynamodb_table.user_state",
            "aws_dynamodb_table.users",
            "aws_iam_role.lambda_role"
          ]
        }
      ]
    },
    {
      "mode": "managed",
      "type": "aws_iam_role_policy",
      "name": "s3_access",
      "provider": "provider[\"registry.terraform.io/hashicorp/aws\"]",
      "instances": [
        {
          "schema_version": 0,
          "attributes": {
            "id": "tamagotchi-health-lambda-role-dev:s3_access",
            "name": "s3_access",
            "name_prefix": "",
            "policy": "{\"Version\":\"2012-10-17\",\"Statement\":[{\"Action\":[\"s3:PutObject\",\"s3:GetObject\"],\"Effect\":\"Allow\",\"Resource\":[\"arn:aws:s3:::tamagotchi-health-avatars-dev\",\"arn:aws:s3:::tamagotchi-health-avatars-dev/*\"]}]}",
            "role": "tamagotchi-health-lambda-role-dev"
          },
          "sensitive_attributes": [],
          "private": "bnVsbA==",
          "dependencies": [
            "aws_iam_role.lambda_role",
            "aws_s3_bucket.avatars"
          ]
        }
      ]
    },
    {
      "mode": "managed",
      "type": "aws_iam_role_policy_attachment",
      "name": "lambda_basic_execution",
      "provider": "provider[\"registry.terraform.io/hashicorp/aws\"]",
      "instances": [
        {
          "schema_version": 0,
          "attributes": {
            "id": "tamagotchi-health-lambda-role-dev-20251122113359072100000001",
            "policy_arn": "arn:aws:iam::aws:policy/service-role/AWSLambdaBasicExecutionRole",
            "role": "tamagotchi-health-lambda-role-dev"
          },
          "sensitive_attributes": [],
          "private": "bnVsbA==",
          "dependencies": [
            "aws_iam_role.lambda_role"
          ]
        }
      ]
    },
    {
      "mode": "managed",
      "type": "aws_lambda_function",
      "name": "avatar_generator",
      "provider": "provider[\"registry.terraform.io/hashicorp/aws\"]",
      "instances": [
        {
          "schema_version": 0,
          "attributes": {
            "architectures": [
              "x86_64"
            ],
            "arn": "arn:aws:lambda:eu-central-1:791736277877:function:tamagotchi-health-avatar-generator-dev",
            "code_sha256": "Y1+nN24V8zKLc1Ip3obxbEIo1DDFs5WW50QuJb8AbZA=",
            "code_signing_config_arn": "",
            "dead_letter_config": [],
            "description": "",
            "environment": [
              {
                "variables": {
                  "AVATAR_BUCKET": "tamagotchi-health-avatars-dev",
                  "ENV": "dev",
                  "GCP_API_KEY": "",
                  "GCP_PROJECT_ID": "hackatum25mun-1040",
                  "GCP_REGION": "europe-west3",
                  "GOOGLE_CLOUD_LOCATION": "europe-west3",
                  "GOOGLE_CLOUD_PROJECT": "hackatum25mun-1040",
                  "GOOGLE_GENAI_USE_VERTEXAI": "True",
                  "HEALTH_TABLE": "tamagotchi-health-health-data-dev",
                  "USERS_TABLE": "tamagotchi-health-users-dev"
                }
              }
            ],
            "ephemeral_storage": [
              {
                "size": 512
              }
            ],
            "file_system_config": [],
            "filename": "./.build/avatar.zip",
            "function_name": "tamagotchi-health-avatar-generator-dev",
            "handler": "generator.handler",
            "id": "tamagotchi-health-avatar-generator-dev",
            "image_config": [],
            "image_uri": "",
            "invoke_arn": "arn:aws:apigateway:eu-central-1:lambda:path/2015-03-31/functions/arn:aws:lambda:eu-central-1:791736277877:function:tamagotchi-health-avatar-generator-dev/invocations",
            "kms_key_arn": "",
            "last_modified": "2025-11-22T15:22:59.000+0000",
            "layers": [
              "arn:aws:lambda:eu-central-1:791736277877:layer:tamagotchi-health-gcp-deps-layer-dev:2"
            ],
            "logging_config": [
              {
                "application_log_level": "",
                "log_format": "Text",
                "log_group": "/aws/lambda/tamagotchi-health-avatar-generator-dev",
                "system_log_level": ""
              }
            ],
            "memory_size": 3008,
            "package_type": "Zip",
            "publish": false,
            "qualified_arn": "arn:aws:lambda:eu-central-1:791736277877:function:tamagotchi-health-avatar-generator-dev:$LATEST",
            "qualified_invoke_arn": "arn:aws:apigateway:eu-central-1:lambda:path/2015-03-31/functions/arn:aws:lambda:eu-central-1:791736277877:function:tamagotchi-health-avatar-generator-dev:$LATEST/invocations",
            "replace_security_groups_on_destroy": null,
            "replacement_security_group_ids": null,
            "reserved_concurrent_executions": -1,
            "role": "arn:aws:iam::791736277877:role/tamagotchi-health-lambda-role-dev",
            "runtime": "python3.11",
            "s3_bucket": null,
            "s3_key": null,
            "s3_object_version": null,
            "signing_job_arn": "",
            "signing_profile_version_arn": "",
            "skip_destroy": false,
            "snap_start": [],
            "source_code_hash": "Y1+nN24V8zKLc1Ip3obxbEIo1DDFs5WW50QuJb8AbZA=",
            "source_code_size": 2481,
            "tags": {},
            "tags_all": {
              "Environment": "dev",
              "ManagedBy": "Terraform",
              "Project": "tamagotchi-health"
            },
            "timeout": 30,
            "timeouts": null,
            "tracing_config": [
              {
                "mode": "PassThrough"
              }
            ],
            "version": "$LATEST",
            "vpc_config": []
          },
          "sensitive_attributes": [
            [
              {
                "type": "get_attr",
                "value": "environment"
              },
              {
                "type": "index",
                "value": {
                  "value": 0,
                  "type": "number"
                }
              },
              {
                "type": "get_attr",
                "value": "variables"
              },
              {
                "type": "index",
                "value": {
                  "value": "GCP_API_KEY",
                  "type": "string"
                }
              }
            ]
          ],
          "private": "eyJlMmJmYjczMC1lY2FhLTExZTYtOGY4OC0zNDM2M2JjN2M0YzAiOnsiY3JlYXRlIjo2MDAwMDAwMDAwMDAsImRlbGV0ZSI6NjAwMDAwMDAwMDAwLCJ1cGRhdGUiOjYwMDAwMDAwMDAwMH19",
          "dependencies": [
            "aws_dynamodb_table.health_data",
            "aws_dynamodb_table.users",
            "aws_iam_role.lambda_role",
            "aws_lambda_layer_version.gcp_deps_layer",
            "aws_s3_bucket.avatars",
            "data.archive_file.avatar_zip"
          ]
        }
      ]
    },
    {
      "mode": "managed",
      "type": "aws_lambda_function",
      "name": "demo_trigger",
      "provider": "provider[\"registry.terraform.io/hashicorp/aws\"]",
      "instances": [
        {
          "schema_version": 0,
          "attributes": {
            "architectures": [
              "x86_64"
            ],
            "arn": "arn:aws:lambda:eu-central-1:791736277877:function:tamagotchi-health-demo-trigger-dev",
            "code_sha256": "hm9bITDxYoJrCHxC4B4vXoRMq7G2w34E7Vi5BphwUn0=",
            "code_signing_config_arn": "",
            "dead_letter_config": [],
            "description": "",
            "environment": [
              {
                "variables": {
                  "DYNAMODB_TABLE": "tamagotchi-health-user-state-dev",
                  "ENV": "dev",
                  "PROJECT_NAME": "tamagotchi-health"
                }
              }
            ],
            "ephemeral_storage": [
              {
                "size": 512
              }
            ],
            "file_system_config": [],
            "filename": "./.build/demo.zip",
            "function_name": "tamagotchi-health-demo-trigger-dev",
            "handler": "trigger.handler",
            "id": "tamagotchi-health-demo-trigger-dev",
            "image_config": [],
            "image_uri": "",
            "invoke_arn": "arn:aws:apigateway:eu-central-1:lambda:path/2015-03-31/functions/arn:aws:lambda:eu-central-1:791736277877:function:tamagotchi-health-demo-trigger-dev/invocations",
            "kms_key_arn": "",
            "last_modified": "2025-11-22T11:51:58.471+0000",
            "layers": [],
            "logging_config": [
              {
                "application_log_level": "",
                "log_format": "Text",
                "log_group": "/aws/lambda/tamagotchi-health-demo-trigger-dev",
                "system_log_level": ""
              }
            ],
            "memory_size": 128,
            "package_type": "Zip",
            "publish": false,
            "qualified_arn": "arn:aws:lambda:eu-central-1:791736277877:function:tamagotchi-health-demo-trigger-dev:$LATEST",
            "qualified_invoke_arn": "arn:aws:apigateway:eu-central-1:lambda:path/2015-03-31/functions/arn:aws:lambda:eu-central-1:791736277877:function:tamagotchi-health-demo-trigger-dev:$LATEST/invocations",
            "replace_security_groups_on_destroy": null,
            "replacement_security_group_ids": null,
            "reserved_concurrent_executions": -1,
            "role": "arn:aws:iam::791736277877:role/tamagotchi-health-lambda-role-dev",
            "runtime": "python3.11",
            "s3_bucket": null,
            "s3_key": null,
            "s3_object_version": null,
            "signing_job_arn": "",
            "signing_profile_version_arn": "",
            "skip_destroy": false,
            "snap_start": [],
            "source_code_hash": "hm9bITDxYoJrCHxC4B4vXoRMq7G2w34E7Vi5BphwUn0=",
            "source_code_size": 751,
            "tags": {},
            "tags_all": {
              "Environment": "dev",
              "ManagedBy": "Terraform",
              "Project": "tamagotchi-health"
            },
            "timeout": 10,
            "timeouts": null,
            "tracing_config": [
              {
                "mode": "PassThrough"
              }
            ],
            "version": "$LATEST",
            "vpc_config": []
          },
          "sensitive_attributes": [],
          "private": "eyJlMmJmYjczMC1lY2FhLTExZTYtOGY4OC0zNDM2M2JjN2M0YzAiOnsiY3JlYXRlIjo2MDAwMDAwMDAwMDAsImRlbGV0ZSI6NjAwMDAwMDAwMDAwLCJ1cGRhdGUiOjYwMDAwMDAwMDAwMH19",
          "dependencies": [
            "aws_dynamodb_table.user_state",
            "aws_iam_role.lambda_role",
            "data.archive_file.demo_zip"
          ]
        }
      ]
    },
    {
      "mode": "managed",
      "type": "aws_lambda_function",
      "name": "echo",
      "provider": "provider[\"registry.terraform.io/hashicorp/aws\"]",
      "instances": [
        {
          "schema_version": 0,
          "attributes": {
            "architectures": [
              "x86_64"
            ],
            "arn": "arn:aws:lambda:eu-central-1:791736277877:function:tamagotchi-health-echo-dev",
            "code_sha256": "Yz0A7ORmZ/WZkAH+o/CHQGZdOSXjPR7ECMHQZKmgsCU=",
            "code_signing_config_arn": "",
            "dead_letter_config": [],
            "description": "",
            "environment": [],
            "ephemeral_storage": [
              {
                "size": 512
              }
            ],
            "file_system_config": [],
            "filename": "./.build/echo.zip",
            "function_name": "tamagotchi-health-echo-dev",
            "handler": "echo.handler",
            "id": "tamagotchi-health-echo-dev",
            "image_config": [],
            "image_uri": "",
            "invoke_arn": "arn:aws:apigateway:eu-central-1:lambda:path/2015-03-31/functions/arn:aws:lambda:eu-central-1:791736277877:function:tamagotchi-health-echo-dev/invocations",
            "kms_key_arn": "",
            "last_modified": "2025-11-22T15:16:08.705+0000",
            "layers": [],
            "logging_config": [
              {
                "application_log_level": "",
                "log_format": "Text",
                "log_group": "/aws/lambda/tamagotchi-health-echo-dev",
                "system_log_level": ""
              }
            ],
            "memory_size": 128,
            "package_type": "Zip",
            "publish": false,
            "qualified_arn": "arn:aws:lambda:eu-central-1:791736277877:function:tamagotchi-health-echo-dev:$LATEST",
            "qualified_invoke_arn": "arn:aws:apigateway:eu-central-1:lambda:path/2015-03-31/functions/arn:aws:lambda:eu-central-1:791736277877:function:tamagotchi-health-echo-dev:$LATEST/invocations",
            "replace_security_groups_on_destroy": null,
            "replacement_security_group_ids": null,
            "reserved_concurrent_executions": -1,
            "role": "arn:aws:iam::791736277877:role/tamagotchi-health-lambda-role-dev",
            "runtime": "python3.11",
            "s3_bucket": null,
            "s3_key": null,
            "s3_object_version": null,
            "signing_job_arn": "",
            "signing_profile_version_arn": "",
            "skip_destroy": false,
            "snap_start": [],
            "source_code_hash": "Yz0A7ORmZ/WZkAH+o/CHQGZdOSXjPR7ECMHQZKmgsCU=",
            "source_code_size": 429,
            "tags": {},
            "tags_all": {
              "Environment": "dev",
              "ManagedBy": "Terraform",
              "Project": "tamagotchi-health"
            },
            "timeout": 5,
            "timeouts": null,
            "tracing_config": [
              {
                "mode": "PassThrough"
              }
            ],
            "version": "$LATEST",
            "vpc_config": []
          },
          "sensitive_attributes": [],
          "private": "eyJlMmJmYjczMC1lY2FhLTExZTYtOGY4OC0zNDM2M2JjN2M0YzAiOnsiY3JlYXRlIjo2MDAwMDAwMDAwMDAsImRlbGV0ZSI6NjAwMDAwMDAwMDAwLCJ1cGRhdGUiOjYwMDAwMDAwMDAwMH19",
          "dependencies": [
            "aws_iam_role.lambda_role",
            "data.archive_file.echo_zip"
          ]
        }
      ]
    },
    {
      "mode": "managed",
      "type": "aws_lambda_function",
      "name": "orchestrator",
      "provider": "provider[\"registry.terraform.io/hashicorp/aws\"]",
      "instances": [
        {
          "schema_version": 0,
          "attributes": {
            "architectures": [
              "x86_64"
            ],
            "arn": "arn:aws:lambda:eu-central-1:791736277877:function:tamagotchi-health-orchestrator-dev",
            "code_sha256": "tAc8H8FuZPgFfjCQSyB2dLWuFE9ChLFYFN3u1UxbasE=",
            "code_signing_config_arn": "",
            "dead_letter_config": [],
            "description": "",
            "environment": [
              {
                "variables": {
                  "DYNAMODB_TABLE": "tamagotchi-health-user-state-dev",
                  "ENV": "dev",
                  "HEALTH_TABLE": "tamagotchi-health-health-data-dev",
                  "USERS_TABLE": "tamagotchi-health-users-dev"
                }
              }
            ],
            "ephemeral_storage": [
              {
                "size": 512
              }
            ],
            "file_system_config": [],
            "filename": "./.build/orchestrator.zip",
            "function_name": "tamagotchi-health-orchestrator-dev",
            "handler": "agentic_loop.handler",
            "id": "tamagotchi-health-orchestrator-dev",
            "image_config": [],
            "image_uri": "",
            "invoke_arn": "arn:aws:apigateway:eu-central-1:lambda:path/2015-03-31/functions/arn:aws:lambda:eu-central-1:791736277877:function:tamagotchi-health-orchestrator-dev/invocations",
            "kms_key_arn": "",
            "last_modified": "2025-11-22T12:04:24.000+0000",
            "layers": [],
            "logging_config": [
              {
                "application_log_level": "",
                "log_format": "Text",
                "log_group": "/aws/lambda/tamagotchi-health-orchestrator-dev",
                "system_log_level": ""
              }
            ],
            "memory_size": 256,
            "package_type": "Zip",
            "publish": false,
            "qualified_arn": "arn:aws:lambda:eu-central-1:791736277877:function:tamagotchi-health-orchestrator-dev:$LATEST",
            "qualified_invoke_arn": "arn:aws:apigateway:eu-central-1:lambda:path/2015-03-31/functions/arn:aws:lambda:eu-central-1:791736277877:function:tamagotchi-health-orchestrator-dev:$LATEST/invocations",
            "replace_security_groups_on_destroy": null,
            "replacement_security_group_ids": null,
            "reserved_concurrent_executions": -1,
            "role": "arn:aws:iam::791736277877:role/tamagotchi-health-lambda-role-dev",
            "runtime": "python3.11",
            "s3_bucket": null,
            "s3_key": null,
            "s3_object_version": null,
            "signing_job_arn": "",
            "signing_profile_version_arn": "",
            "skip_destroy": false,
            "snap_start": [],
            "source_code_hash": "tAc8H8FuZPgFfjCQSyB2dLWuFE9ChLFYFN3u1UxbasE=",
            "source_code_size": 2454,
            "tags": {},
            "tags_all": {
              "Environment": "dev",
              "ManagedBy": "Terraform",
              "Project": "tamagotchi-health"
            },
            "timeout": 60,
            "timeouts": null,
            "tracing_config": [
              {
                "mode": "PassThrough"
              }
            ],
            "version": "$LATEST",
            "vpc_config": []
          },
          "sensitive_attributes": [],
          "private": "eyJlMmJmYjczMC1lY2FhLTExZTYtOGY4OC0zNDM2M2JjN2M0YzAiOnsiY3JlYXRlIjo2MDAwMDAwMDAwMDAsImRlbGV0ZSI6NjAwMDAwMDAwMDAwLCJ1cGRhdGUiOjYwMDAwMDAwMDAwMH19",
          "dependencies": [
            "aws_dynamodb_table.health_data",
            "aws_dynamodb_table.user_state",
            "aws_dynamodb_table.users",
            "aws_iam_role.lambda_role",
            "data.archive_file.orchestrator_zip"
          ]
        }
      ]
    },
    {
      "mode": "managed",
      "type": "aws_lambda_function",
      "name": "sensor_ingest",
      "provider": "provider[\"registry.terraform.io/hashicorp/aws\"]",
      "instances": [
        {
          "schema_version": 0,
          "attributes": {
            "architectures": [
              "x86_64"
            ],
            "arn": "arn:aws:lambda:eu-central-1:791736277877:function:tamagotchi-health-sensor-ingest-dev",
            "code_sha256": "WNRcfc9Xs9gSZ7iXC/+SnWUSLqemgUe/ogmLUCdikx0=",
            "code_signing_config_arn": "",
            "dead_letter_config": [],
            "description": "",
            "environment": [
              {
                "variables": {
                  "DYNAMODB_TABLE": "tamagotchi-health-user-state-dev",
                  "ENV": "dev",
                  "HEALTH_TABLE": "tamagotchi-health-health-data-dev",
                  "PROJECT_NAME": "tamagotchi-health"
                }
              }
            ],
            "ephemeral_storage": [
              {
                "size": 512
              }
            ],
            "file_system_config": [],
            "filename": "./.build/ingest.zip",
            "function_name": "tamagotchi-health-sensor-ingest-dev",
            "handler": "sensor_ingest.handler",
            "id": "tamagotchi-health-sensor-ingest-dev",
            "image_config": [],
            "image_uri": "",
            "invoke_arn": "arn:aws:apigateway:eu-central-1:lambda:path/2015-03-31/functions/arn:aws:lambda:eu-central-1:791736277877:function:tamagotchi-health-sensor-ingest-dev/invocations",
            "kms_key_arn": "",
            "last_modified": "2025-11-22T12:58:25.000+0000",
            "layers": [],
            "logging_config": [
              {
                "application_log_level": "",
                "log_format": "Text",
                "log_group": "/aws/lambda/tamagotchi-health-sensor-ingest-dev",
                "system_log_level": ""
              }
            ],
            "memory_size": 128,
            "package_type": "Zip",
            "publish": false,
            "qualified_arn": "arn:aws:lambda:eu-central-1:791736277877:function:tamagotchi-health-sensor-ingest-dev:$LATEST",
            "qualified_invoke_arn": "arn:aws:apigateway:eu-central-1:lambda:path/2015-03-31/functions/arn:aws:lambda:eu-central-1:791736277877:function:tamagotchi-health-sensor-ingest-dev:$LATEST/invocations",
            "replace_security_groups_on_destroy": null,
            "replacement_security_group_ids": null,
            "reserved_concurrent_executions": -1,
            "role": "arn:aws:iam::791736277877:role/tamagotchi-health-lambda-role-dev",
            "runtime": "python3.11",
            "s3_bucket": null,
            "s3_key": null,
            "s3_object_version": null,
            "signing_job_arn": "",
            "signing_profile_version_arn": "",
            "skip_destroy": false,
            "snap_start": [],
            "source_code_hash": "WNRcfc9Xs9gSZ7iXC/+SnWUSLqemgUe/ogmLUCdikx0=",
            "source_code_size": 1605,
            "tags": {},
            "tags_all": {
              "Environment": "dev",
              "ManagedBy": "Terraform",
              "Project": "tamagotchi-health"
            },
            "timeout": 10,
            "timeouts": null,
            "tracing_config": [
              {
                "mode": "PassThrough"
              }
            ],
            "version": "$LATEST",
            "vpc_config": []
          },
          "sensitive_attributes": [],
          "private": "eyJlMmJmYjczMC1lY2FhLTExZTYtOGY4OC0zNDM2M2JjN2M0YzAiOnsiY3JlYXRlIjo2MDAwMDAwMDAwMDAsImRlbGV0ZSI6NjAwMDAwMDAwMDAwLCJ1cGRhdGUiOjYwMDAwMDAwMDAwMH19",
          "dependencies": [
            "aws_dynamodb_table.health_data",
            "aws_dynamodb_table.user_state",
            "aws_iam_role.lambda_role",
            "data.archive_file.ingest_zip"
          ]
        }
      ]
    },
    {
      "mode": "managed",
      "type": "aws_lambda_function",
      "name": "user_manager",
      "provider": "provider[\"registry.terraform.io/hashicorp/aws\"]",
      "instances": [
        {
          "schema_version": 0,
          "attributes": {
            "architectures": [
              "x86_64"
            ],
            "arn": "arn:aws:lambda:eu-central-1:791736277877:function:tamagotchi-health-user-manager-dev",
            "code_sha256": "q1YlFTj2OUKZ99RVF7Q3EzBsuehJN5hezYGW6eBzFvk=",
            "code_signing_config_arn": "",
            "dead_letter_config": [],
            "description": "",
            "environment": [
              {
                "variables": {
                  "AVATAR_BUCKET": "tamagotchi-health-avatars-dev",
                  "ENV": "dev",
                  "USERS_TABLE": "tamagotchi-health-users-dev"
                }
              }
            ],
            "ephemeral_storage": [
              {
                "size": 512
              }
            ],
            "file_system_config": [],
            "filename": "./.build/user.zip",
            "function_name": "tamagotchi-health-user-manager-dev",
            "handler": "manager.handler",
            "id": "tamagotchi-health-user-manager-dev",
            "image_config": [],
            "image_uri": "",
            "invoke_arn": "arn:aws:apigateway:eu-central-1:lambda:path/2015-03-31/functions/arn:aws:lambda:eu-central-1:791736277877:function:tamagotchi-health-user-manager-dev/invocations",
            "kms_key_arn": "",
            "last_modified": "2025-11-22T12:04:18.194+0000",
            "layers": [],
            "logging_config": [
              {
                "application_log_level": "",
                "log_format": "Text",
                "log_group": "/aws/lambda/tamagotchi-health-user-manager-dev",
                "system_log_level": ""
              }
            ],
            "memory_size": 128,
            "package_type": "Zip",
            "publish": false,
            "qualified_arn": "arn:aws:lambda:eu-central-1:791736277877:function:tamagotchi-health-user-manager-dev:$LATEST",
            "qualified_invoke_arn": "arn:aws:apigateway:eu-central-1:lambda:path/2015-03-31/functions/arn:aws:lambda:eu-central-1:791736277877:function:tamagotchi-health-user-manager-dev:$LATEST/invocations",
            "replace_security_groups_on_destroy": null,
            "replacement_security_group_ids": null,
            "reserved_concurrent_executions": -1,
            "role": "arn:aws:iam::791736277877:role/tamagotchi-health-lambda-role-dev",
            "runtime": "python3.11",
            "s3_bucket": null,
            "s3_key": null,
            "s3_object_version": null,
            "signing_job_arn": "",
            "signing_profile_version_arn": "",
            "skip_destroy": false,
            "snap_start": [],
            "source_code_hash": "q1YlFTj2OUKZ99RVF7Q3EzBsuehJN5hezYGW6eBzFvk=",
            "source_code_size": 1428,
            "tags": {},
            "tags_all": {
              "Environment": "dev",
              "ManagedBy": "Terraform",
              "Project": "tamagotchi-health"
            },
            "timeout": 10,
            "timeouts": null,
            "tracing_config": [
              {
                "mode": "PassThrough"
              }
            ],
            "version": "$LATEST",
            "vpc_config": []
          },
          "sensitive_attributes": [],
          "private": "eyJlMmJmYjczMC1lY2FhLTExZTYtOGY4OC0zNDM2M2JjN2M0YzAiOnsiY3JlYXRlIjo2MDAwMDAwMDAwMDAsImRlbGV0ZSI6NjAwMDAwMDAwMDAwLCJ1cGRhdGUiOjYwMDAwMDAwMDAwMH19",
          "dependencies": [
            "aws_dynamodb_table.users",
            "aws_iam_role.lambda_role",
            "aws_s3_bucket.avatars",
            "data.archive_file.user_zip"
          ]
        }
      ]
    },
    {
      "mode": "managed",
      "type": "aws_lambda_layer_version",
      "name": "gcp_deps_layer",
      "provider": "provider[\"registry.terraform.io/hashicorp/aws\"]",
      "instances": [
        {
          "schema_version": 0,
          "attributes": {
            "arn": "arn:aws:lambda:eu-central-1:791736277877:layer:tamagotchi-health-gcp-deps-layer-dev:2",
            "code_sha256": "w1eFJ4U/ILbyKlthXKM7a/GNp1DXBKvvzKLoZW7un4U=",
            "compatible_architectures": [],
            "compatible_runtimes": [
              "python3.11"
            ],
            "created_date": "2025-11-22T14:27:47.037+0000",
            "description": "",
            "filename": "./.build/gcp_deps_layer.zip",
            "id": "arn:aws:lambda:eu-central-1:791736277877:layer:tamagotchi-health-gcp-deps-layer-dev:2",
            "layer_arn": "arn:aws:lambda:eu-central-1:791736277877:layer:tamagotchi-health-gcp-deps-layer-dev",
            "layer_name": "tamagotchi-health-gcp-deps-layer-dev",
            "license_info": "",
            "s3_bucket": null,
            "s3_key": null,
            "s3_object_version": null,
            "signing_job_arn": "",
            "signing_profile_version_arn": "",
            "skip_destroy": false,
            "source_code_hash": "w1eFJ4U/ILbyKlthXKM7a/GNp1DXBKvvzKLoZW7un4U=",
            "source_code_size": 24497684,
            "version": "2"
          },
          "sensitive_attributes": [],
          "private": "bnVsbA==",
          "dependencies": [
            "data.archive_file.gcp_deps_layer_zip"
          ]
        }
      ]
    },
    {
      "mode": "managed",
      "type": "aws_lambda_permission",
      "name": "api_gw_avatar",
      "provider": "provider[\"registry.terraform.io/hashicorp/aws\"]",
      "instances": [
        {
          "schema_version": 0,
          "attributes": {
            "action": "lambda:InvokeFunction",
            "event_source_token": null,
            "function_name": "tamagotchi-health-avatar-generator-dev",
            "function_url_auth_type": null,
            "id": "AllowExecutionFromAPIGatewayAvatar",
            "principal": "apigateway.amazonaws.com",
            "principal_org_id": null,
            "qualifier": "",
            "source_account": null,
            "source_arn": "arn:aws:execute-api:eu-central-1:791736277877:lnt6x6tek2/*/*/avatar/*",
            "statement_id": "AllowExecutionFromAPIGatewayAvatar",
            "statement_id_prefix": ""
          },
          "sensitive_attributes": [],
          "private": "bnVsbA==",
          "dependencies": [
            "aws_apigatewayv2_api.http_api",
            "aws_dynamodb_table.health_data",
            "aws_dynamodb_table.users",
            "aws_iam_role.lambda_role",
            "aws_lambda_function.avatar_generator",
            "aws_lambda_layer_version.gcp_deps_layer",
            "aws_s3_bucket.avatars",
            "data.archive_file.avatar_zip",
            "data.archive_file.gcp_deps_layer_zip"
          ]
        }
      ]
    },
    {
      "mode": "managed",
      "type": "aws_lambda_permission",
      "name": "api_gw_demo",
      "provider": "provider[\"registry.terraform.io/hashicorp/aws\"]",
      "instances": [
        {
          "schema_version": 0,
          "attributes": {
            "action": "lambda:InvokeFunction",
            "event_source_token": null,
            "function_name": "tamagotchi-health-demo-trigger-dev",
            "function_url_auth_type": null,
            "id": "AllowExecutionFromAPIGatewayDemo",
            "principal": "apigateway.amazonaws.com",
            "principal_org_id": null,
            "qualifier": "",
            "source_account": null,
            "source_arn": "arn:aws:execute-api:eu-central-1:791736277877:lnt6x6tek2/*/*/demo/trigger",
            "statement_id": "AllowExecutionFromAPIGatewayDemo",
            "statement_id_prefix": ""
          },
          "sensitive_attributes": [],
          "private": "bnVsbA==",
          "dependencies": [
            "aws_apigatewayv2_api.http_api",
            "aws_dynamodb_table.user_state",
            "aws_iam_role.lambda_role",
            "aws_lambda_function.demo_trigger",
            "data.archive_file.demo_zip"
          ]
        }
      ]
    },
    {
      "mode": "managed",
      "type": "aws_lambda_permission",
      "name": "api_gw_echo",
      "provider": "provider[\"registry.terraform.io/hashicorp/aws\"]",
      "instances": [
        {
          "schema_version": 0,
          "attributes": {
            "action": "lambda:InvokeFunction",
            "event_source_token": null,
            "function_name": "tamagotchi-health-echo-dev",
            "function_url_auth_type": null,
            "id": "AllowExecutionFromAPIGatewayEcho",
            "principal": "apigateway.amazonaws.com",
            "principal_org_id": null,
            "qualifier": "",
            "source_account": null,
            "source_arn": "arn:aws:execute-api:eu-central-1:791736277877:lnt6x6tek2/*/*/echo",
            "statement_id": "AllowExecutionFromAPIGatewayEcho",
            "statement_id_prefix": ""
          },
          "sensitive_attributes": [],
          "private": "bnVsbA==",
          "dependencies": [
            "aws_apigatewayv2_api.http_api",
            "aws_iam_role.lambda_role",
            "aws_lambda_function.echo",
            "data.archive_file.echo_zip"
          ]
        }
      ]
    },
    {
      "mode": "managed",
      "type": "aws_lambda_permission",
      "name": "api_gw_ingest",
      "provider": "provider[\"registry.terraform.io/hashicorp/aws\"]",
      "instances": [
        {
          "schema_version": 0,
          "attributes": {
            "action": "lambda:InvokeFunction",
            "event_source_token": null,
            "function_name": "tamagotchi-health-sensor-ingest-dev",
            "function_url_auth_type": null,
            "id": "AllowExecutionFromAPIGateway",
            "principal": "apigateway.amazonaws.com",
            "principal_org_id": null,
            "qualifier": "",
            "source_account": null,
            "source_arn": "arn:aws:execute-api:eu-central-1:791736277877:lnt6x6tek2/*/*/sensor-data",
            "statement_id": "AllowExecutionFromAPIGateway",
            "statement_id_prefix": ""
          },
          "sensitive_attributes": [],
          "private": "bnVsbA==",
          "dependencies": [
            "aws_apigatewayv2_api.http_api",
            "aws_dynamodb_table.health_data",
            "aws_dynamodb_table.user_state",
            "aws_iam_role.lambda_role",
            "aws_lambda_function.sensor_ingest",
            "data.archive_file.ingest_zip"
          ]
        }
      ]
    },
    {
      "mode": "managed",
      "type": "aws_lambda_permission",
      "name": "api_gw_user",
      "provider": "provider[\"registry.terraform.io/hashicorp/aws\"]",
      "instances": [
        {
          "schema_version": 0,
          "attributes": {
            "action": "lambda:InvokeFunction",
            "event_source_token": null,
            "function_name": "tamagotchi-health-user-manager-dev",
            "function_url_auth_type": null,
            "id": "AllowExecutionFromAPIGatewayUser",
            "principal": "apigateway.amazonaws.com",
            "principal_org_id": null,
            "qualifier": "",
            "source_account": null,
            "source_arn": "arn:aws:execute-api:eu-central-1:791736277877:lnt6x6tek2/*/*/users*",
            "statement_id": "AllowExecutionFromAPIGatewayUser",
            "statement_id_prefix": ""
          },
          "sensitive_attributes": [],
          "private": "bnVsbA==",
          "dependencies": [
            "aws_apigatewayv2_api.http_api",
            "aws_dynamodb_table.users",
            "aws_iam_role.lambda_role",
            "aws_lambda_function.user_manager",
            "aws_s3_bucket.avatars",
            "data.archive_file.user_zip"
          ]
        }
      ]
    },
    {
      "mode": "managed",
      "type": "aws_s3_bucket",
      "name": "avatars",
      "provider": "provider[\"registry.terraform.io/hashicorp/aws\"]",
      "instances": [
        {
          "schema_version": 0,
          "attributes": {
            "acceleration_status": "",
            "acl": null,
            "arn": "arn:aws:s3:::tamagotchi-health-avatars-dev",
            "bucket": "tamagotchi-health-avatars-dev",
            "bucket_domain_name": "tamagotchi-health-avatars-dev.s3.amazonaws.com",
            "bucket_prefix": "",
            "bucket_regional_domain_name": "tamagotchi-health-avatars-dev.s3.eu-central-1.amazonaws.com",
            "cors_rule": [
              {
                "allowed_headers": [
                  "*"
                ],
                "allowed_methods": [
                  "POST",
                  "GET",
                  "HEAD",
                  "PUT"
                ],
                "allowed_origins": [
                  "*"
                ],
                "expose_headers": [
                  "ETag"
                ],
                "max_age_seconds": 3000
              }
            ],
            "force_destroy": false,
            "grant": [
              {
                "id": "f57f128c8c7a70d4e6774fca8509ddb47654ed19030d8cb73361b1b069b02e2a",
                "permissions": [
                  "FULL_CONTROL"
                ],
                "type": "CanonicalUser",
                "uri": ""
              }
            ],
            "hosted_zone_id": "Z21DNDUVLTQW6Q",
            "id": "tamagotchi-health-avatars-dev",
            "lifecycle_rule": [],
            "logging": [],
            "object_lock_configuration": [],
            "object_lock_enabled": false,
            "policy": "",
            "region": "eu-central-1",
            "replication_configuration": [],
            "request_payer": "BucketOwner",
            "server_side_encryption_configuration": [
              {
                "rule": [
                  {
                    "apply_server_side_encryption_by_default": [
                      {
                        "kms_master_key_id": "",
                        "sse_algorithm": "AES256"
                      }
                    ],
                    "bucket_key_enabled": false
                  }
                ]
              }
            ],
            "tags": {
              "Environment": "dev",
              "Name": "tamagotchi-health-avatars"
            },
            "tags_all": {
              "Environment": "dev",
              "ManagedBy": "Terraform",
              "Name": "tamagotchi-health-avatars",
              "Project": "tamagotchi-health"
            },
            "timeouts": null,
            "versioning": [
              {
                "enabled": false,
                "mfa_delete": false
              }
            ],
            "website": [],
            "website_domain": null,
            "website_endpoint": null
          },
          "sensitive_attributes": [],
          "private": "eyJlMmJmYjczMC1lY2FhLTExZTYtOGY4OC0zNDM2M2JjN2M0YzAiOnsiY3JlYXRlIjoxMjAwMDAwMDAwMDAwLCJkZWxldGUiOjM2MDAwMDAwMDAwMDAsInJlYWQiOjEyMDAwMDAwMDAwMDAsInVwZGF0ZSI6MTIwMDAwMDAwMDAwMH19"
        }
      ]
    },
    {
      "mode": "managed",
      "type": "aws_s3_bucket_cors_configuration",
      "name": "avatars",
      "provider": "provider[\"registry.terraform.io/hashicorp/aws\"]",
      "instances": [
        {
          "schema_version": 0,
          "attributes": {
            "bucket": "tamagotchi-health-avatars-dev",
            "cors_rule": [
              {
                "allowed_headers": [
                  "*"
                ],
                "allowed_methods": [
                  "GET",
                  "HEAD",
                  "POST",
                  "PUT"
                ],
                "allowed_origins": [
                  "*"
                ],
                "expose_headers": [
                  "ETag"
                ],
                "id": "",
                "max_age_seconds": 3000
              }
            ],
            "expected_bucket_owner": "",
            "id": "tamagotchi-health-avatars-dev"
          },
          "sensitive_attributes": [],
          "private": "bnVsbA==",
          "dependencies": [
            "aws_s3_bucket.avatars"
          ]
        }
      ]
    },
    {
      "mode": "managed",
      "type": "aws_s3_bucket_public_access_block",
      "name": "avatars",
      "provider": "provider[\"registry.terraform.io/hashicorp/aws\"]",
      "instances": [
        {
          "schema_version": 0,
          "attributes": {
            "block_public_acls": true,
            "block_public_policy": true,
            "bucket": "tamagotchi-health-avatars-dev",
            "id": "tamagotchi-health-avatars-dev",
            "ignore_public_acls": true,
            "restrict_public_buckets": true
          },
          "sensitive_attributes": [],
          "private": "bnVsbA==",
          "dependencies": [
            "aws_s3_bucket.avatars"
          ]
        }
      ]
    },
    {
      "mode": "managed",
      "type": "google_project_service",
      "name": "aiplatform",
      "provider": "provider[\"registry.terraform.io/hashicorp/google\"]",
      "instances": [
        {
          "schema_version": 0,
          "attributes": {
            "disable_dependent_services": null,
            "disable_on_destroy": false,
            "id": "hackatum25mun-1040/aiplatform.googleapis.com",
            "project": "hackatum25mun-1040",
            "service": "aiplatform.googleapis.com",
            "timeouts": null
          },
          "sensitive_attributes": [],
          "private": "eyJlMmJmYjczMC1lY2FhLTExZTYtOGY4OC0zNDM2M2JjN2M0YzAiOnsiY3JlYXRlIjoxMjAwMDAwMDAwMDAwLCJkZWxldGUiOjEyMDAwMDAwMDAwMDAsInJlYWQiOjYwMDAwMDAwMDAwMCwidXBkYXRlIjoxMjAwMDAwMDAwMDAwfX0="
        }
      ]
    }
  ],
  "check_results": null
}
