{
  "version": 4,
  "terraform_version": "1.5.7",
  "serial": 621,
  "lineage": "ec05f9f3-302c-9564-2543-bf7052e1cdde",
  "outputs": {
    "api_endpoint": {
      "value": "https://lnt6x6tek2.execute-api.eu-central-1.amazonaws.com",
      "type": "string"
    },
    "dynamodb_table_name": {
      "value": "tamagotchi-health-user-state-dev",
      "type": "string"
    }
  },
  "resources": [
    {
      "mode": "data",
      "type": "archive_file",
      "name": "avatar_zip",
      "provider": "provider[\"registry.terraform.io/hashicorp/archive\"]",
      "instances": [
        {
          "schema_version": 0,
          "attributes": {
            "exclude_symlink_directories": null,
            "excludes": [
              "__pycache__"
            ],
            "id": "d2579c5b4abb945acf561faff2de906ba062de76",
            "output_base64sha256": "QjkO0yJb0O5dPZWr47NBgHMO5fs9y2oehtYs9NgmUfA=",
            "output_base64sha512": "A3N357bxQJiWPhJM4GUGan9xhSZlMcgp3qeXvIpHFRtSIO39CgjGKeuS4ux/uJMCFmYhwi0zDrUqAdzdpdu/gQ==",
            "output_file_mode": null,
            "output_md5": "6d3479978067d5665057b7e4790d7b15",
            "output_path": "./.build/avatar.zip",
            "output_sha": "d2579c5b4abb945acf561faff2de906ba062de76",
            "output_sha256": "42390ed3225bd0ee5d3d95abe3b34180730ee5fb3dcb6a1e86d62cf4d82651f0",
            "output_sha512": "037377e7b6f14098963e124ce065066a7f7185266531c829dea797bc8a47151b5220edfd0a08c629eb92e2ec7fb89302166621c22d330eb52a01dcdda5dbbf81",
            "output_size": 6880,
            "source": [],
            "source_content": null,
            "source_content_filename": null,
            "source_dir": "./../../lambda/avatar",
            "source_file": null,
            "type": "zip"
          },
          "sensitive_attributes": []
        }
      ]
    },
    {
      "mode": "data",
      "type": "archive_file",
      "name": "demo_zip",
      "provider": "provider[\"registry.terraform.io/hashicorp/archive\"]",
      "instances": [
        {
          "schema_version": 0,
          "attributes": {
            "exclude_symlink_directories": null,
            "excludes": [
              "__pycache__"
            ],
            "id": "2f8b7738c19f6a95a5b577aa939c3bbb55e11197",
            "output_base64sha256": "AFxbCXQwevOBA3BU4thE+Jk7IoXpQAQ53g52p9XZlEA=",
            "output_base64sha512": "RE3SoANatJIZHS8Fa6clYlvPLTXwxv3RNyRTn1cNvQdka1QU8UIaSni1XgoOLdzF1mrFrzRBz2d3hfG56DyvBQ==",
            "output_file_mode": null,
            "output_md5": "bafb1270ab44e6af6c4f0ce43efab8d5",
            "output_path": "./.build/demo.zip",
            "output_sha": "2f8b7738c19f6a95a5b577aa939c3bbb55e11197",
            "output_sha256": "005c5b0974307af381037054e2d844f8993b2285e9400439de0e76a7d5d99440",
            "output_sha512": "444dd2a0035ab492191d2f056ba725625bcf2d35f0c6fdd13724539f570dbd07646b5414f1421a4a78b55e0a0e2ddcc5d66ac5af3441cf677785f1b9e83caf05",
            "output_size": 9719,
            "source": [],
            "source_content": null,
            "source_content_filename": null,
            "source_dir": "./../../lambda/demo",
            "source_file": null,
            "type": "zip"
          },
          "sensitive_attributes": []
        }
      ]
    },
    {
      "mode": "data",
      "type": "archive_file",
      "name": "echo_zip",
      "provider": "provider[\"registry.terraform.io/hashicorp/archive\"]",
      "instances": [
        {
          "schema_version": 0,
          "attributes": {
            "exclude_symlink_directories": null,
            "excludes": [
              "__pycache__"
            ],
            "id": "da2a8bca1ec12ffeac2d264cc2a3a47c283d53fe",
            "output_base64sha256": "cFusWxEGEqkUAs2E1QyqbYQSWxqUNQn5YFwT6BuQY2w=",
            "output_base64sha512": "w2FqUO0Axo6lRvC/nH65yZ80b528T4o0IDN4fSUFyqLLKm+Zy5jKeiPwTiyNMXsgcg1cNEvETBxmKaCjkNcPgg==",
            "output_file_mode": null,
            "output_md5": "cbc121ae08584153e234da589346fa82",
            "output_path": "./.build/echo.zip",
            "output_sha": "da2a8bca1ec12ffeac2d264cc2a3a47c283d53fe",
            "output_sha256": "705bac5b110612a91402cd84d50caa6d84125b1a943509f9605c13e81b90636c",
            "output_sha512": "c3616a50ed00c68ea546f0bf9c7eb9c99f346f9dbc4f8a342033787d2505caa2cb2a6f99cb98ca7a23f04e2c8d317b20720d5c344bc44c1c6629a0a390d70f82",
            "output_size": 498,
            "source": [],
            "source_content": null,
            "source_content_filename": null,
            "source_dir": "./../../lambda/echo",
            "source_file": null,
            "type": "zip"
          },
          "sensitive_attributes": []
        }
      ]
    },
    {
      "mode": "data",
      "type": "archive_file",
      "name": "gcp_deps_layer_zip",
      "provider": "provider[\"registry.terraform.io/hashicorp/archive\"]",
      "instances": [
        {
          "schema_version": 0,
          "attributes": {
            "exclude_symlink_directories": null,
            "excludes": null,
            "id": "6132ec7e023db2ae3f421c64ff5edca72805789b",
            "output_base64sha256": "p4JdiS8i/BVVC7sKPhxosdH9AX4L5v6W1zrOAYnQrmo=",
            "output_base64sha512": "4K/Aqk/YhEIdZXADuh+gxHmJvSzP3k1KelVEPM5fHbPDteSt5Gs0WH6upX+QsWS/3r2/UiCnRF0DSU0DFi/lvA==",
            "output_file_mode": null,
            "output_md5": "d1475381738c770bbe878efc0664be09",
            "output_path": "./.build/gcp_deps_layer.zip",
            "output_sha": "6132ec7e023db2ae3f421c64ff5edca72805789b",
            "output_sha256": "a7825d892f22fc15550bbb0a3e1c68b1d1fd017e0be6fe96d73ace0189d0ae6a",
            "output_sha512": "e0afc0aa4fd884421d657003ba1fa0c47989bd2ccfde4d4a7a55443cce5f1db3c3b5e4ade46b34587eaea57f90b164bfdebdbf5220a7445d03494d03162fe5bc",
            "output_size": 19769100,
            "source": [],
            "source_content": null,
            "source_content_filename": null,
            "source_dir": "../../../lambda_layers/gcp_deps",
            "source_file": null,
            "type": "zip"
          },
          "sensitive_attributes": []
        }
      ]
    },
    {
      "mode": "data",
      "type": "archive_file",
      "name": "ingest_zip",
      "provider": "provider[\"registry.terraform.io/hashicorp/archive\"]",
      "instances": [
        {
          "schema_version": 0,
          "attributes": {
            "exclude_symlink_directories": null,
            "excludes": [
              "__pycache__",
              "requirements.txt"
            ],
            "id": "877cae5cda6673ed0dd63d3d3f6e6436d07bb941",
            "output_base64sha256": "e+6/0GU4eI8jtwEZnWRCMXjPPOt7/ieLEb7Y3khiTOc=",
            "output_base64sha512": "ezeeGAqaiUM560heu/lXPP+VdShCD+dayx0306PYgEVa8tvapllTX1og7ptRRBlmi1qOpixm0OGQr3+QOIzrBg==",
            "output_file_mode": null,
            "output_md5": "1d0c6d08cbcb201027ba0dbde7a14e7e",
            "output_path": "./.build/ingest.zip",
            "output_sha": "877cae5cda6673ed0dd63d3d3f6e6436d07bb941",
            "output_sha256": "7beebfd06538788f23b701199d64423178cf3ceb7bfe278b11bed8de48624ce7",
            "output_sha512": "7b379e180a9a894339eb485ebbf9573cff957528420fe75acb1d37d3a3d880455af2dbdaa659535f5a20ee9b514419668b5a8ea62c66d0e190af7f90388ceb06",
            "output_size": 1587,
            "source": [],
            "source_content": null,
            "source_content_filename": null,
            "source_dir": "./../../lambda/ingest",
            "source_file": null,
            "type": "zip"
          },
          "sensitive_attributes": []
        }
      ]
    },
    {
      "mode": "data",
      "type": "archive_file",
      "name": "orchestrator_zip",
      "provider": "provider[\"registry.terraform.io/hashicorp/archive\"]",
      "instances": [
        {
          "schema_version": 0,
          "attributes": {
            "exclude_symlink_directories": null,
            "excludes": [
              "__pycache__",
              "requirements.txt"
            ],
            "id": "e327877d099e35729190c1d32ba06da6fae5871c",
            "output_base64sha256": "GxI4efcocIEXawjEmy7aDTHlZMmaS7Q2pGpj6qQtrSA=",
            "output_base64sha512": "KoON9Daa3PsekRy6a2ylLhLaeXb37+4TawjTBg3vkKze98msTL8uWY7GRMgKRHo2004viQpeJ/9d+YXjbxgGBw==",
            "output_file_mode": null,
            "output_md5": "56964ddbd0dd139f6e1e37339465bbdf",
            "output_path": "./.build/orchestrator.zip",
            "output_sha": "e327877d099e35729190c1d32ba06da6fae5871c",
            "output_sha256": "1b123879f7287081176b08c49b2eda0d31e564c99a4bb436a46a63eaa42dad20",
            "output_sha512": "2a838df4369adcfb1e911cba6b6ca52e12da7976f7efee136b08d3060def90acdef7c9ac4cbf2e598ec644c80a447a36d34e2f890a5e27ff5df985e36f180607",
            "output_size": 11059,
            "source": [],
            "source_content": null,
            "source_content_filename": null,
            "source_dir": "./../../lambda/orchestrator",
            "source_file": null,
            "type": "zip"
          },
          "sensitive_attributes": []
        }
      ]
    },
    {
      "mode": "data",
      "type": "archive_file",
      "name": "proactive_coach_zip",
      "provider": "provider[\"registry.terraform.io/hashicorp/archive\"]",
      "instances": [
        {
          "schema_version": 0,
          "attributes": {
            "exclude_symlink_directories": null,
            "excludes": [
              "__pycache__"
            ],
            "id": "f2fa343166cc15ff90bb0b95bb178f678a38d23c",
            "output_base64sha256": "IBZ9IJHYSCmf22uwfdk3YJO/5S5Ch7bw8o6GAAGu74Y=",
            "output_base64sha512": "sZedNUDgQ8Qc024fDooktPlt/WKFv3EwFnhwdaq35CoSbv2nnQxJRluMgdr6G6w+wLpdhA4u/5H8gjihynaXuA==",
            "output_file_mode": null,
            "output_md5": "1eb821c06ef478e0e38e698e4d3d137c",
            "output_path": "./.build/proactive_coach.zip",
            "output_sha": "f2fa343166cc15ff90bb0b95bb178f678a38d23c",
            "output_sha256": "20167d2091d848299fdb6bb07dd9376093bfe52e4287b6f0f28e860001aeef86",
            "output_sha512": "b1979d3540e043c41cd36e1f0e8a24b4f96dfd6285bf713016787075aab7e42a126efda79d0c49465b8c81dafa1bac3ec0ba5d840e2eff91fc8238a1ca7697b8",
            "output_size": 19867,
            "source": [],
            "source_content": null,
            "source_content_filename": null,
            "source_dir": "./../../lambda/agents/proactive_coach",
            "source_file": null,
            "type": "zip"
          },
          "sensitive_attributes": []
        }
      ]
    },
    {
      "mode": "data",
      "type": "archive_file",
      "name": "retriever_zip",
      "provider": "provider[\"registry.terraform.io/hashicorp/archive\"]",
      "instances": [
        {
          "schema_version": 0,
          "attributes": {
            "exclude_symlink_directories": null,
            "excludes": [
              "__pycache__"
            ],
            "id": "cc098db410328042f4367d0777e5c4285ae40021",
            "output_base64sha256": "caWyXJlHDCdnD3X2+4w2AiNpSfDZoIzdu/X6A9Ttti4=",
            "output_base64sha512": "ZnG9WTGA4VhiOf/WppNJHpCM+bGYIcYkV3KVmxNCBCi6zQDTy/Rz+wjcead7I6wHIRebukB2AjpgUtX/zQfhrA==",
            "output_file_mode": null,
            "output_md5": "92ad31a08eeba9f36df6365568aed278",
            "output_path": "./.build/retriever.zip",
            "output_sha": "cc098db410328042f4367d0777e5c4285ae40021",
            "output_sha256": "71a5b25c99470c27670f75f6fb8c3602236949f0d9a08cddbbf5fa03d4edb62e",
            "output_sha512": "6671bd593180e1586239ffd6a693491e908cf9b19821c6245772959b13420428bacd00d3cbf473fb08dc79a77b23ac0721179bba4076023a6052d5ffcd07e1ac",
            "output_size": 957,
            "source": [],
            "source_content": null,
            "source_content_filename": null,
            "source_dir": "./../../lambda/retriever",
            "source_file": null,
            "type": "zip"
          },
          "sensitive_attributes": []
        }
      ]
    },
    {
      "mode": "data",
      "type": "archive_file",
      "name": "state_reactor_zip",
      "provider": "provider[\"registry.terraform.io/hashicorp/archive\"]",
      "instances": [
        {
          "schema_version": 0,
          "attributes": {
            "exclude_symlink_directories": null,
            "excludes": [
              "__pycache__"
            ],
            "id": "7e0672ac79d1f23adc31deec16179247c95a5861",
            "output_base64sha256": "OYYCvcQ6OhZbTK0Af1M0F5JtfIl7ITHIjDWWCZuXK+s=",
            "output_base64sha512": "GGgiyvSz6ensXTEDBW1azEvJ5tWwvWoH5gMtJNyuIQapT7TipZ6SlpbTuCLQSnYxQw7dGtfw27p4NEfzZxdEUw==",
            "output_file_mode": null,
            "output_md5": "9ec53c5bb9e85bcd2e0b316c624beea2",
            "output_path": "./.build/state_reactor.zip",
            "output_sha": "7e0672ac79d1f23adc31deec16179247c95a5861",
            "output_sha256": "398602bdc43a3a165b4cad007f533417926d7c897b2131c88c3596099b972beb",
            "output_sha512": "186822caf4b3e9e9ec5d3103056d5acc4bc9e6d5b0bd6a07e6032d24dcae2106a94fb4e2a59e929696d3b822d04a7631430edd1ad7f0dbba783447f367174453",
            "output_size": 31225,
            "source": [],
            "source_content": null,
            "source_content_filename": null,
            "source_dir": "./../../lambda/agents/state_reactor",
            "source_file": null,
            "type": "zip"
          },
          "sensitive_attributes": []
        }
      ]
    },
    {
      "mode": "data",
      "type": "archive_file",
      "name": "user_zip",
      "provider": "provider[\"registry.terraform.io/hashicorp/archive\"]",
      "instances": [
        {
          "schema_version": 0,
          "attributes": {
            "exclude_symlink_directories": null,
            "excludes": [
              "__pycache__"
            ],
            "id": "dc4d0322e90ebbd7321a75d49d27153caf510ae9",
            "output_base64sha256": "VZRj0ZI1IUecGdCPt6Ux7IOBUmFyFQHjBiZND7S8Inw=",
            "output_base64sha512": "pv3yIL3O/ghY2DStDseH9kS3FQKSCn8oXLiklDJBP6Q7Eo5M64xBHAiHW1loul7Q2LG5+ItnU5X2kg7+dLI4eQ==",
            "output_file_mode": null,
            "output_md5": "7ff4f3c85473d7af519531a7de3bd70c",
            "output_path": "./.build/user.zip",
            "output_sha": "dc4d0322e90ebbd7321a75d49d27153caf510ae9",
            "output_sha256": "559463d1923521479c19d08fb7a531ec83815261721501e306264d0fb4bc227c",
            "output_sha512": "a6fdf220bdcefe0858d834ad0ec787f644b71502920a7f285cb8a49432413fa43b128e4ceb8c411c08875b5968ba5ed0d8b1b9f88b675395f6920efe74b23879",
            "output_size": 2462,
            "source": [],
            "source_content": null,
            "source_content_filename": null,
            "source_dir": "./../../lambda/user",
            "source_file": null,
            "type": "zip"
          },
          "sensitive_attributes": []
        }
      ]
    },
    {
      "mode": "data",
      "type": "aws_caller_identity",
      "name": "current",
      "provider": "provider[\"registry.terraform.io/hashicorp/aws\"]",
      "instances": [
        {
          "schema_version": 0,
          "attributes": {
            "account_id": "791736277877",
            "arn": "arn:aws:iam::791736277877:user/team7.user1",
            "id": "791736277877",
            "user_id": "AIDA3QVZI3N2QJPSII3K3"
          },
          "sensitive_attributes": []
        }
      ]
    },
    {
      "mode": "managed",
      "type": "aws_apigatewayv2_api",
      "name": "http_api",
      "provider": "provider[\"registry.terraform.io/hashicorp/aws\"]",
      "instances": [
        {
          "schema_version": 0,
          "attributes": {
            "api_endpoint": "https://lnt6x6tek2.execute-api.eu-central-1.amazonaws.com",
            "api_key_selection_expression": "$request.header.x-api-key",
            "arn": "arn:aws:apigateway:eu-central-1::/apis/lnt6x6tek2",
            "body": null,
            "cors_configuration": [],
            "credentials_arn": null,
            "description": "",
            "disable_execute_api_endpoint": false,
            "execution_arn": "arn:aws:execute-api:eu-central-1:791736277877:lnt6x6tek2",
            "fail_on_warnings": null,
            "id": "lnt6x6tek2",
            "ip_address_type": "ipv4",
            "name": "tamagotchi-health-api-dev",
            "protocol_type": "HTTP",
            "region": "eu-central-1",
            "route_key": null,
            "route_selection_expression": "$request.method $request.path",
            "tags": {},
            "tags_all": {
              "Environment": "dev",
              "ManagedBy": "Terraform",
              "Project": "tamagotchi-health"
            },
            "target": null,
            "version": ""
          },
          "sensitive_attributes": [],
          "private": "bnVsbA=="
        }
      ]
    },
    {
      "mode": "managed",
      "type": "aws_apigatewayv2_integration",
      "name": "avatar_generator",
      "provider": "provider[\"registry.terraform.io/hashicorp/aws\"]",
      "instances": [
        {
          "schema_version": 0,
          "attributes": {
            "api_id": "lnt6x6tek2",
            "connection_id": "",
            "connection_type": "INTERNET",
            "content_handling_strategy": "",
            "credentials_arn": "",
            "description": "",
            "id": "2wre4gb",
            "integration_method": "POST",
            "integration_response_selection_expression": "",
            "integration_subtype": "",
            "integration_type": "AWS_PROXY",
            "integration_uri": "arn:aws:apigateway:eu-central-1:lambda:path/2015-03-31/functions/arn:aws:lambda:eu-central-1:791736277877:function:tamagotchi-health-avatar-generator-dev/invocations",
            "passthrough_behavior": "",
            "payload_format_version": "2.0",
            "region": "eu-central-1",
            "request_parameters": {},
            "request_templates": {},
            "response_parameters": [],
            "template_selection_expression": "",
            "timeout_milliseconds": 30000,
            "tls_config": []
          },
          "sensitive_attributes": [],
          "private": "bnVsbA==",
          "dependencies": [
            "aws_apigatewayv2_api.http_api",
            "aws_dynamodb_table.avatar_cache",
            "aws_dynamodb_table.health_data",
            "aws_dynamodb_table.user_state",
            "aws_dynamodb_table.users",
            "aws_iam_role.lambda_role",
            "aws_lambda_function.avatar_generator",
            "aws_lambda_layer_version.gcp_deps_layer",
            "aws_s3_bucket.avatars",
            "data.archive_file.avatar_zip",
            "data.archive_file.gcp_deps_layer_zip",
            "google_storage_bucket.video_assets"
          ]
        }
      ]
    },
    {
      "mode": "managed",
      "type": "aws_apigatewayv2_integration",
      "name": "demo_trigger",
      "provider": "provider[\"registry.terraform.io/hashicorp/aws\"]",
      "instances": [
        {
          "schema_version": 0,
          "attributes": {
            "api_id": "lnt6x6tek2",
            "connection_id": "",
            "connection_type": "INTERNET",
            "content_handling_strategy": "",
            "credentials_arn": "",
            "description": "",
            "id": "8xh1itg",
            "integration_method": "POST",
            "integration_response_selection_expression": "",
            "integration_subtype": "",
            "integration_type": "AWS_PROXY",
            "integration_uri": "arn:aws:apigateway:eu-central-1:lambda:path/2015-03-31/functions/arn:aws:lambda:eu-central-1:791736277877:function:tamagotchi-health-demo-trigger-dev/invocations",
            "passthrough_behavior": "",
            "payload_format_version": "2.0",
            "region": "eu-central-1",
            "request_parameters": {},
            "request_templates": {},
            "response_parameters": [],
            "template_selection_expression": "",
            "timeout_milliseconds": 30000,
            "tls_config": []
          },
          "sensitive_attributes": [],
          "private": "bnVsbA==",
          "dependencies": [
            "aws_apigatewayv2_api.http_api",
            "aws_dynamodb_table.user_state",
            "aws_iam_role.lambda_role",
            "aws_lambda_function.demo_trigger",
            "data.archive_file.demo_zip"
          ]
        }
      ]
    },
    {
      "mode": "managed",
      "type": "aws_apigatewayv2_integration",
      "name": "echo",
      "provider": "provider[\"registry.terraform.io/hashicorp/aws\"]",
      "instances": [
        {
          "schema_version": 0,
          "attributes": {
            "api_id": "lnt6x6tek2",
            "connection_id": "",
            "connection_type": "INTERNET",
            "content_handling_strategy": "",
            "credentials_arn": "",
            "description": "",
            "id": "rjdymt3",
            "integration_method": "POST",
            "integration_response_selection_expression": "",
            "integration_subtype": "",
            "integration_type": "AWS_PROXY",
            "integration_uri": "arn:aws:apigateway:eu-central-1:lambda:path/2015-03-31/functions/arn:aws:lambda:eu-central-1:791736277877:function:tamagotchi-health-echo-dev/invocations",
            "passthrough_behavior": "",
            "payload_format_version": "2.0",
            "region": "eu-central-1",
            "request_parameters": {},
            "request_templates": {},
            "response_parameters": [],
            "template_selection_expression": "",
            "timeout_milliseconds": 30000,
            "tls_config": []
          },
          "sensitive_attributes": [],
          "private": "bnVsbA==",
          "dependencies": [
            "aws_apigatewayv2_api.http_api",
            "aws_iam_role.lambda_role",
            "aws_lambda_function.echo",
            "data.archive_file.echo_zip"
          ]
        }
      ]
    },
    {
      "mode": "managed",
      "type": "aws_apigatewayv2_integration",
      "name": "sensor_ingest",
      "provider": "provider[\"registry.terraform.io/hashicorp/aws\"]",
      "instances": [
        {
          "schema_version": 0,
          "attributes": {
            "api_id": "lnt6x6tek2",
            "connection_id": "",
            "connection_type": "INTERNET",
            "content_handling_strategy": "",
            "credentials_arn": "",
            "description": "",
            "id": "zdrfesl",
            "integration_method": "POST",
            "integration_response_selection_expression": "",
            "integration_subtype": "",
            "integration_type": "AWS_PROXY",
            "integration_uri": "arn:aws:apigateway:eu-central-1:lambda:path/2015-03-31/functions/arn:aws:lambda:eu-central-1:791736277877:function:tamagotchi-health-sensor-ingest-dev/invocations",
            "passthrough_behavior": "",
            "payload_format_version": "2.0",
            "region": "eu-central-1",
            "request_parameters": {},
            "request_templates": {},
            "response_parameters": [],
            "template_selection_expression": "",
            "timeout_milliseconds": 30000,
            "tls_config": []
          },
          "sensitive_attributes": [],
          "private": "bnVsbA==",
          "dependencies": [
            "aws_apigatewayv2_api.http_api",
            "aws_dynamodb_table.avatar_cache",
            "aws_dynamodb_table.health_data",
            "aws_dynamodb_table.user_state",
            "aws_dynamodb_table.users",
            "aws_iam_role.lambda_role",
            "aws_lambda_function.avatar_generator",
            "aws_lambda_function.characterizer",
            "aws_lambda_function.context_retriever",
            "aws_lambda_function.expert_activity",
            "aws_lambda_function.expert_supervisor",
            "aws_lambda_function.expert_vitals",
            "aws_lambda_function.expert_wellbeing",
            "aws_lambda_function.sensor_ingest",
            "aws_lambda_function.state_reactor",
            "aws_lambda_layer_version.gcp_deps_layer",
            "aws_s3_bucket.avatars",
            "data.archive_file.avatar_zip",
            "data.archive_file.gcp_deps_layer_zip",
            "data.archive_file.ingest_zip",
            "data.archive_file.retriever_zip",
            "data.archive_file.state_reactor_zip",
            "google_storage_bucket.video_assets"
          ]
        }
      ]
    },
    {
      "mode": "managed",
      "type": "aws_apigatewayv2_integration",
      "name": "user_manager",
      "provider": "provider[\"registry.terraform.io/hashicorp/aws\"]",
      "instances": [
        {
          "schema_version": 0,
          "attributes": {
            "api_id": "lnt6x6tek2",
            "connection_id": "",
            "connection_type": "INTERNET",
            "content_handling_strategy": "",
            "credentials_arn": "",
            "description": "",
            "id": "mqymce2",
            "integration_method": "POST",
            "integration_response_selection_expression": "",
            "integration_subtype": "",
            "integration_type": "AWS_PROXY",
            "integration_uri": "arn:aws:apigateway:eu-central-1:lambda:path/2015-03-31/functions/arn:aws:lambda:eu-central-1:791736277877:function:tamagotchi-health-user-manager-dev/invocations",
            "passthrough_behavior": "",
            "payload_format_version": "2.0",
            "region": "eu-central-1",
            "request_parameters": {},
            "request_templates": {},
            "response_parameters": [],
            "template_selection_expression": "",
            "timeout_milliseconds": 30000,
            "tls_config": []
          },
          "sensitive_attributes": [],
          "private": "bnVsbA==",
          "dependencies": [
            "aws_apigatewayv2_api.http_api",
            "aws_dynamodb_table.user_state",
            "aws_dynamodb_table.users",
            "aws_iam_role.lambda_role",
            "aws_lambda_function.user_manager",
            "aws_s3_bucket.avatars",
            "data.archive_file.user_zip"
          ]
        }
      ]
    },
    {
      "mode": "managed",
      "type": "aws_apigatewayv2_route",
      "name": "create_user",
      "provider": "provider[\"registry.terraform.io/hashicorp/aws\"]",
      "instances": [
        {
          "schema_version": 0,
          "attributes": {
            "api_id": "lnt6x6tek2",
            "api_key_required": false,
            "authorization_scopes": [],
            "authorization_type": "NONE",
            "authorizer_id": "",
            "id": "n0qhnc3",
            "model_selection_expression": "",
            "operation_name": "",
            "region": "eu-central-1",
            "request_models": {},
            "request_parameter": [],
            "route_key": "POST /api/v1/users",
            "route_response_selection_expression": "",
            "target": "integrations/mqymce2"
          },
          "sensitive_attributes": [],
          "private": "bnVsbA==",
          "dependencies": [
            "aws_apigatewayv2_api.http_api",
            "aws_apigatewayv2_integration.user_manager",
            "aws_dynamodb_table.user_state",
            "aws_dynamodb_table.users",
            "aws_iam_role.lambda_role",
            "aws_lambda_function.user_manager",
            "aws_s3_bucket.avatars",
            "data.archive_file.user_zip"
          ]
        }
      ]
    },
    {
      "mode": "managed",
      "type": "aws_apigatewayv2_route",
      "name": "demo_trigger",
      "provider": "provider[\"registry.terraform.io/hashicorp/aws\"]",
      "instances": [
        {
          "schema_version": 0,
          "attributes": {
            "api_id": "lnt6x6tek2",
            "api_key_required": false,
            "authorization_scopes": [],
            "authorization_type": "NONE",
            "authorizer_id": "",
            "id": "zhk1gfp",
            "model_selection_expression": "",
            "operation_name": "",
            "region": "eu-central-1",
            "request_models": {},
            "request_parameter": [],
            "route_key": "POST /api/v1/demo/trigger",
            "route_response_selection_expression": "",
            "target": "integrations/8xh1itg"
          },
          "sensitive_attributes": [],
          "private": "bnVsbA==",
          "dependencies": [
            "aws_apigatewayv2_api.http_api",
            "aws_apigatewayv2_integration.demo_trigger",
            "aws_dynamodb_table.user_state",
            "aws_iam_role.lambda_role",
            "aws_lambda_function.demo_trigger",
            "data.archive_file.demo_zip"
          ]
        }
      ]
    },
    {
      "mode": "managed",
      "type": "aws_apigatewayv2_route",
      "name": "echo",
      "provider": "provider[\"registry.terraform.io/hashicorp/aws\"]",
      "instances": [
        {
          "schema_version": 0,
          "attributes": {
            "api_id": "lnt6x6tek2",
            "api_key_required": false,
            "authorization_scopes": [],
            "authorization_type": "NONE",
            "authorizer_id": "",
            "id": "qecg85h",
            "model_selection_expression": "",
            "operation_name": "",
            "region": "eu-central-1",
            "request_models": {},
            "request_parameter": [],
            "route_key": "POST /api/v1/echo",
            "route_response_selection_expression": "",
            "target": "integrations/rjdymt3"
          },
          "sensitive_attributes": [],
          "private": "bnVsbA==",
          "dependencies": [
            "aws_apigatewayv2_api.http_api",
            "aws_apigatewayv2_integration.echo",
            "aws_iam_role.lambda_role",
            "aws_lambda_function.echo",
            "data.archive_file.echo_zip"
          ]
        }
      ]
    },
    {
      "mode": "managed",
      "type": "aws_apigatewayv2_route",
      "name": "get_upload_url",
      "provider": "provider[\"registry.terraform.io/hashicorp/aws\"]",
      "instances": [
        {
          "schema_version": 0,
          "attributes": {
            "api_id": "lnt6x6tek2",
            "api_key_required": false,
            "authorization_scopes": [],
            "authorization_type": "NONE",
            "authorizer_id": "",
            "id": "x1syfvc",
            "model_selection_expression": "",
            "operation_name": "",
            "region": "eu-central-1",
            "request_models": {},
            "request_parameter": [],
            "route_key": "GET /api/v1/users/{user_id}/avatar/upload-url",
            "route_response_selection_expression": "",
            "target": "integrations/mqymce2"
          },
          "sensitive_attributes": [],
          "private": "bnVsbA==",
          "dependencies": [
            "aws_apigatewayv2_api.http_api",
            "aws_apigatewayv2_integration.user_manager",
            "aws_dynamodb_table.user_state",
            "aws_dynamodb_table.users",
            "aws_iam_role.lambda_role",
            "aws_lambda_function.user_manager",
            "aws_s3_bucket.avatars",
            "data.archive_file.user_zip"
          ]
        }
      ]
    },
    {
      "mode": "managed",
      "type": "aws_apigatewayv2_route",
      "name": "get_user",
      "provider": "provider[\"registry.terraform.io/hashicorp/aws\"]",
      "instances": [
        {
          "schema_version": 0,
          "attributes": {
            "api_id": "lnt6x6tek2",
            "api_key_required": false,
            "authorization_scopes": [],
            "authorization_type": "NONE",
            "authorizer_id": "",
            "id": "11xf60s",
            "model_selection_expression": "",
            "operation_name": "",
            "region": "eu-central-1",
            "request_models": {},
            "request_parameter": [],
            "route_key": "GET /api/v1/users/{user_id}",
            "route_response_selection_expression": "",
            "target": "integrations/mqymce2"
          },
          "sensitive_attributes": [],
          "private": "bnVsbA==",
          "dependencies": [
            "aws_apigatewayv2_api.http_api",
            "aws_apigatewayv2_integration.user_manager",
            "aws_dynamodb_table.user_state",
            "aws_dynamodb_table.users",
            "aws_iam_role.lambda_role",
            "aws_lambda_function.user_manager",
            "aws_s3_bucket.avatars",
            "data.archive_file.user_zip"
          ]
        }
      ]
    },
    {
      "mode": "managed",
      "type": "aws_apigatewayv2_route",
      "name": "sensor_ingest",
      "provider": "provider[\"registry.terraform.io/hashicorp/aws\"]",
      "instances": [
        {
          "schema_version": 0,
          "attributes": {
            "api_id": "lnt6x6tek2",
            "api_key_required": false,
            "authorization_scopes": [],
            "authorization_type": "NONE",
            "authorizer_id": "",
            "id": "1bhx6nm",
            "model_selection_expression": "",
            "operation_name": "",
            "region": "eu-central-1",
            "request_models": {},
            "request_parameter": [],
            "route_key": "POST /api/v1/user/{user_id}/data",
            "route_response_selection_expression": "",
            "target": "integrations/zdrfesl"
          },
          "sensitive_attributes": [],
          "private": "bnVsbA==",
          "dependencies": [
            "aws_apigatewayv2_api.http_api",
            "aws_apigatewayv2_integration.sensor_ingest",
            "aws_dynamodb_table.avatar_cache",
            "aws_dynamodb_table.health_data",
            "aws_dynamodb_table.user_state",
            "aws_dynamodb_table.users",
            "aws_iam_role.lambda_role",
            "aws_lambda_function.avatar_generator",
            "aws_lambda_function.characterizer",
            "aws_lambda_function.context_retriever",
            "aws_lambda_function.expert_activity",
            "aws_lambda_function.expert_supervisor",
            "aws_lambda_function.expert_vitals",
            "aws_lambda_function.expert_wellbeing",
            "aws_lambda_function.sensor_ingest",
            "aws_lambda_function.state_reactor",
            "aws_lambda_layer_version.gcp_deps_layer",
            "aws_s3_bucket.avatars",
            "data.archive_file.avatar_zip",
            "data.archive_file.gcp_deps_layer_zip",
            "data.archive_file.ingest_zip",
            "data.archive_file.retriever_zip",
            "data.archive_file.state_reactor_zip",
            "google_storage_bucket.video_assets"
          ]
        }
      ]
    },
    {
      "mode": "managed",
      "type": "aws_apigatewayv2_stage",
      "name": "default",
      "provider": "provider[\"registry.terraform.io/hashicorp/aws\"]",
      "instances": [
        {
          "schema_version": 0,
          "attributes": {
            "access_log_settings": [],
            "api_id": "lnt6x6tek2",
            "arn": "arn:aws:apigateway:eu-central-1::/apis/lnt6x6tek2/stages/$default",
            "auto_deploy": true,
            "client_certificate_id": "",
            "default_route_settings": [
              {
                "data_trace_enabled": false,
                "detailed_metrics_enabled": false,
                "logging_level": "",
                "throttling_burst_limit": 0,
                "throttling_rate_limit": 0
              }
            ],
            "deployment_id": "q0iyt0",
            "description": "",
            "execution_arn": "arn:aws:execute-api:eu-central-1:791736277877:lnt6x6tek2/$default",
            "id": "$default",
            "invoke_url": "https://lnt6x6tek2.execute-api.eu-central-1.amazonaws.com/",
            "name": "$default",
            "region": "eu-central-1",
            "route_settings": [],
            "stage_variables": {},
            "tags": {},
            "tags_all": {
              "Environment": "dev",
              "ManagedBy": "Terraform",
              "Project": "tamagotchi-health"
            }
          },
          "sensitive_attributes": [],
          "private": "bnVsbA==",
          "dependencies": [
            "aws_apigatewayv2_api.http_api"
          ]
        }
      ]
    },
    {
      "mode": "managed",
      "type": "aws_cloudwatch_event_rule",
      "name": "coach_schedule",
      "provider": "provider[\"registry.terraform.io/hashicorp/aws\"]",
      "instances": [
        {
          "schema_version": 1,
          "attributes": {
            "arn": "arn:aws:events:eu-central-1:791736277877:rule/tamagotchi-health-coach-schedule-dev",
            "description": "Triggers the Proactive Health Coach every hour",
            "event_bus_name": "default",
            "event_pattern": null,
            "force_destroy": false,
            "id": "tamagotchi-health-coach-schedule-dev",
            "is_enabled": true,
            "name": "tamagotchi-health-coach-schedule-dev",
            "name_prefix": "",
            "region": "eu-central-1",
            "role_arn": "",
            "schedule_expression": "rate(1 hour)",
            "state": "ENABLED",
            "tags": {},
            "tags_all": {
              "Environment": "dev",
              "ManagedBy": "Terraform",
              "Project": "tamagotchi-health"
            }
          },
          "sensitive_attributes": [],
          "private": "eyJzY2hlbWFfdmVyc2lvbiI6IjEifQ=="
        }
      ]
    },
    {
      "mode": "managed",
      "type": "aws_cloudwatch_event_target",
      "name": "trigger_orchestrator",
      "provider": "provider[\"registry.terraform.io/hashicorp/aws\"]",
      "instances": [
        {
          "schema_version": 1,
          "attributes": {
            "appsync_target": [],
            "arn": "arn:aws:lambda:eu-central-1:791736277877:function:tamagotchi-health-orchestrator-dev",
            "batch_target": [],
            "dead_letter_config": [],
            "ecs_target": [],
            "event_bus_name": "default",
            "force_destroy": false,
            "http_target": [],
            "id": "tamagotchi-health-coach-schedule-dev-OrchestratorLambda",
            "input": "",
            "input_path": "",
            "input_transformer": [],
            "kinesis_target": [],
            "redshift_target": [],
            "region": "eu-central-1",
            "retry_policy": [],
            "role_arn": "",
            "rule": "tamagotchi-health-coach-schedule-dev",
            "run_command_targets": [],
            "sagemaker_pipeline_target": [],
            "sqs_target": [],
            "target_id": "OrchestratorLambda"
          },
          "sensitive_attributes": [],
          "private": "eyJzY2hlbWFfdmVyc2lvbiI6IjEifQ==",
          "dependencies": [
            "aws_cloudwatch_event_rule.coach_schedule",
            "aws_dynamodb_table.avatar_cache",
            "aws_dynamodb_table.health_data",
            "aws_dynamodb_table.user_state",
            "aws_dynamodb_table.users",
            "aws_iam_role.lambda_role",
            "aws_lambda_function.avatar_generator",
            "aws_lambda_function.characterizer",
            "aws_lambda_function.context_retriever",
            "aws_lambda_function.expert_activity",
            "aws_lambda_function.expert_supervisor",
            "aws_lambda_function.expert_vitals",
            "aws_lambda_function.expert_wellbeing",
            "aws_lambda_function.orchestrator",
            "aws_lambda_function.proactive_coach",
            "aws_lambda_function.state_reactor",
            "aws_lambda_layer_version.gcp_deps_layer",
            "aws_s3_bucket.avatars",
            "data.archive_file.avatar_zip",
            "data.archive_file.gcp_deps_layer_zip",
            "data.archive_file.orchestrator_zip",
            "data.archive_file.proactive_coach_zip",
            "data.archive_file.retriever_zip",
            "data.archive_file.state_reactor_zip",
            "google_storage_bucket.video_assets"
          ]
        }
      ]
    },
    {
      "mode": "managed",
      "type": "aws_dynamodb_table",
      "name": "avatar_cache",
      "provider": "provider[\"registry.terraform.io/hashicorp/aws\"]",
      "instances": [
        {
          "schema_version": 1,
          "attributes": {
            "arn": "arn:aws:dynamodb:eu-central-1:791736277877:table/tamagotchi-health-avatar-cache-dev",
            "attribute": [
              {
                "name": "cache_hash",
                "type": "S"
              }
            ],
            "billing_mode": "PAY_PER_REQUEST",
            "deletion_protection_enabled": false,
            "global_secondary_index": [],
            "global_table_witness": [],
            "hash_key": "cache_hash",
            "id": "tamagotchi-health-avatar-cache-dev",
            "import_table": [],
            "local_secondary_index": [],
            "name": "tamagotchi-health-avatar-cache-dev",
            "on_demand_throughput": [],
            "point_in_time_recovery": [
              {
                "enabled": false,
                "recovery_period_in_days": 0
              }
            ],
            "range_key": null,
            "read_capacity": 0,
            "region": "eu-central-1",
            "replica": [],
            "restore_date_time": null,
            "restore_source_name": null,
            "restore_source_table_arn": null,
            "restore_to_latest_time": null,
            "server_side_encryption": [],
            "stream_arn": "",
            "stream_enabled": false,
            "stream_label": "",
            "stream_view_type": "",
            "table_class": "STANDARD",
            "tags": {
              "Name": "tamagotchi-health-avatar-cache"
            },
            "tags_all": {
              "Environment": "dev",
              "ManagedBy": "Terraform",
              "Name": "tamagotchi-health-avatar-cache",
              "Project": "tamagotchi-health"
            },
            "timeouts": null,
            "ttl": [
              {
                "attribute_name": "",
                "enabled": false
              }
            ],
            "warm_throughput": [],
            "write_capacity": 0
          },
          "sensitive_attributes": [],
          "private": "eyJlMmJmYjczMC1lY2FhLTExZTYtOGY4OC0zNDM2M2JjN2M0YzAiOnsiY3JlYXRlIjoxODAwMDAwMDAwMDAwLCJkZWxldGUiOjYwMDAwMDAwMDAwMCwidXBkYXRlIjozNjAwMDAwMDAwMDAwfSwic2NoZW1hX3ZlcnNpb24iOiIxIn0="
        }
      ]
    },
    {
      "mode": "managed",
      "type": "aws_dynamodb_table",
      "name": "health_data",
      "provider": "provider[\"registry.terraform.io/hashicorp/aws\"]",
      "instances": [
        {
          "schema_version": 1,
          "attributes": {
            "arn": "arn:aws:dynamodb:eu-central-1:791736277877:table/tamagotchi-health-health-data-dev",
            "attribute": [
              {
                "name": "timestamp",
                "type": "N"
              },
              {
                "name": "user_id",
                "type": "S"
              }
            ],
            "billing_mode": "PAY_PER_REQUEST",
            "deletion_protection_enabled": false,
            "global_secondary_index": [],
            "global_table_witness": [],
            "hash_key": "user_id",
            "id": "tamagotchi-health-health-data-dev",
            "import_table": [],
            "local_secondary_index": [],
            "name": "tamagotchi-health-health-data-dev",
            "on_demand_throughput": [],
            "point_in_time_recovery": [
              {
                "enabled": false,
                "recovery_period_in_days": 0
              }
            ],
            "range_key": "timestamp",
            "read_capacity": 0,
            "region": "eu-central-1",
            "replica": [],
            "restore_date_time": null,
            "restore_source_name": null,
            "restore_source_table_arn": null,
            "restore_to_latest_time": null,
            "server_side_encryption": [],
            "stream_arn": "",
            "stream_enabled": false,
            "stream_label": "",
            "stream_view_type": "",
            "table_class": "STANDARD",
            "tags": {
              "Name": "tamagotchi-health-health-data"
            },
            "tags_all": {
              "Environment": "dev",
              "ManagedBy": "Terraform",
              "Name": "tamagotchi-health-health-data",
              "Project": "tamagotchi-health"
            },
            "timeouts": null,
            "ttl": [
              {
                "attribute_name": "",
                "enabled": false
              }
            ],
            "warm_throughput": [],
            "write_capacity": 0
          },
          "sensitive_attributes": [],
          "private": "eyJlMmJmYjczMC1lY2FhLTExZTYtOGY4OC0zNDM2M2JjN2M0YzAiOnsiY3JlYXRlIjoxODAwMDAwMDAwMDAwLCJkZWxldGUiOjYwMDAwMDAwMDAwMCwidXBkYXRlIjozNjAwMDAwMDAwMDAwfSwic2NoZW1hX3ZlcnNpb24iOiIxIn0="
        }
      ]
    },
    {
      "mode": "managed",
      "type": "aws_dynamodb_table",
      "name": "user_state",
      "provider": "provider[\"registry.terraform.io/hashicorp/aws\"]",
      "instances": [
        {
          "schema_version": 1,
          "attributes": {
            "arn": "arn:aws:dynamodb:eu-central-1:791736277877:table/tamagotchi-health-user-state-dev",
            "attribute": [
              {
                "name": "user_id",
                "type": "S"
              }
            ],
            "billing_mode": "PAY_PER_REQUEST",
            "deletion_protection_enabled": false,
            "global_secondary_index": [],
            "global_table_witness": [],
            "hash_key": "user_id",
            "id": "tamagotchi-health-user-state-dev",
            "import_table": [],
            "local_secondary_index": [],
            "name": "tamagotchi-health-user-state-dev",
            "on_demand_throughput": [],
            "point_in_time_recovery": [
              {
                "enabled": false,
                "recovery_period_in_days": 0
              }
            ],
            "range_key": null,
            "read_capacity": 0,
            "region": "eu-central-1",
            "replica": [],
            "restore_date_time": null,
            "restore_source_name": null,
            "restore_source_table_arn": null,
            "restore_to_latest_time": null,
            "server_side_encryption": [],
            "stream_arn": "",
            "stream_enabled": false,
            "stream_label": "",
            "stream_view_type": "",
            "table_class": "STANDARD",
            "tags": {
              "Name": "tamagotchi-health-user-state"
            },
            "tags_all": {
              "Environment": "dev",
              "ManagedBy": "Terraform",
              "Name": "tamagotchi-health-user-state",
              "Project": "tamagotchi-health"
            },
            "timeouts": null,
            "ttl": [
              {
                "attribute_name": "",
                "enabled": false
              }
            ],
            "warm_throughput": [],
            "write_capacity": 0
          },
          "sensitive_attributes": [],
          "private": "eyJlMmJmYjczMC1lY2FhLTExZTYtOGY4OC0zNDM2M2JjN2M0YzAiOnsiY3JlYXRlIjoxODAwMDAwMDAwMDAwLCJkZWxldGUiOjYwMDAwMDAwMDAwMCwidXBkYXRlIjozNjAwMDAwMDAwMDAwfSwic2NoZW1hX3ZlcnNpb24iOiIxIn0="
        }
      ]
    },
    {
      "mode": "managed",
      "type": "aws_dynamodb_table",
      "name": "users",
      "provider": "provider[\"registry.terraform.io/hashicorp/aws\"]",
      "instances": [
        {
          "schema_version": 1,
          "attributes": {
            "arn": "arn:aws:dynamodb:eu-central-1:791736277877:table/tamagotchi-health-users-dev",
            "attribute": [
              {
                "name": "user_id",
                "type": "S"
              }
            ],
            "billing_mode": "PAY_PER_REQUEST",
            "deletion_protection_enabled": false,
            "global_secondary_index": [],
            "global_table_witness": [],
            "hash_key": "user_id",
            "id": "tamagotchi-health-users-dev",
            "import_table": [],
            "local_secondary_index": [],
            "name": "tamagotchi-health-users-dev",
            "on_demand_throughput": [],
            "point_in_time_recovery": [
              {
                "enabled": false,
                "recovery_period_in_days": 0
              }
            ],
            "range_key": null,
            "read_capacity": 0,
            "region": "eu-central-1",
            "replica": [],
            "restore_date_time": null,
            "restore_source_name": null,
            "restore_source_table_arn": null,
            "restore_to_latest_time": null,
            "server_side_encryption": [],
            "stream_arn": "",
            "stream_enabled": false,
            "stream_label": "",
            "stream_view_type": "",
            "table_class": "STANDARD",
            "tags": {
              "Name": "tamagotchi-health-users"
            },
            "tags_all": {
              "Environment": "dev",
              "ManagedBy": "Terraform",
              "Name": "tamagotchi-health-users",
              "Project": "tamagotchi-health"
            },
            "timeouts": null,
            "ttl": [
              {
                "attribute_name": "",
                "enabled": false
              }
            ],
            "warm_throughput": [],
            "write_capacity": 0
          },
          "sensitive_attributes": [],
          "private": "eyJlMmJmYjczMC1lY2FhLTExZTYtOGY4OC0zNDM2M2JjN2M0YzAiOnsiY3JlYXRlIjoxODAwMDAwMDAwMDAwLCJkZWxldGUiOjYwMDAwMDAwMDAwMCwidXBkYXRlIjozNjAwMDAwMDAwMDAwfSwic2NoZW1hX3ZlcnNpb24iOiIxIn0="
        }
      ]
    },
    {
      "mode": "managed",
      "type": "aws_iam_role",
      "name": "lambda_role",
      "provider": "provider[\"registry.terraform.io/hashicorp/aws\"]",
      "instances": [
        {
          "schema_version": 0,
          "attributes": {
            "arn": "arn:aws:iam::791736277877:role/tamagotchi-health-lambda-role-dev",
            "assume_role_policy": "{\"Statement\":[{\"Action\":\"sts:AssumeRole\",\"Effect\":\"Allow\",\"Principal\":{\"Service\":\"lambda.amazonaws.com\"}}],\"Version\":\"2012-10-17\"}",
            "create_date": "2025-11-22T11:33:58Z",
            "description": "",
            "force_detach_policies": false,
            "id": "tamagotchi-health-lambda-role-dev",
            "inline_policy": [
              {
                "name": "bedrock_access",
                "policy": "{\"Version\":\"2012-10-17\",\"Statement\":[{\"Action\":[\"bedrock:InvokeModel\"],\"Effect\":\"Allow\",\"Resource\":\"*\"}]}"
              },
              {
                "name": "dynamodb_access",
                "policy": "{\"Version\":\"2012-10-17\",\"Statement\":[{\"Action\":[\"dynamodb:GetItem\",\"dynamodb:PutItem\",\"dynamodb:UpdateItem\",\"dynamodb:Query\",\"dynamodb:Scan\",\"dynamodb:BatchWriteItem\",\"dynamodb:BatchGetItem\",\"dynamodb:DescribeTable\"],\"Effect\":\"Allow\",\"Resource\":\"*\"}]}"
              },
              {
                "name": "lambda_invoke_access",
                "policy": "{\"Version\":\"2012-10-17\",\"Statement\":[{\"Action\":[\"lambda:InvokeFunction\"],\"Effect\":\"Allow\",\"Resource\":[\"arn:aws:lambda:eu-central-1:791736277877:function:tamagotchi-health-avatar-generator-dev\",\"arn:aws:lambda:eu-central-1:791736277877:function:tamagotchi-health-orchestrator-dev\",\"arn:aws:lambda:eu-central-1:791736277877:function:tamagotchi-health-state-reactor-dev\",\"arn:aws:lambda:eu-central-1:791736277877:function:tamagotchi-health-proactive-coach-dev\",\"arn:aws:lambda:eu-central-1:791736277877:function:tamagotchi-health-expert-activity-dev\",\"arn:aws:lambda:eu-central-1:791736277877:function:tamagotchi-health-expert-vitals-dev\",\"arn:aws:lambda:eu-central-1:791736277877:function:tamagotchi-health-expert-wellbeing-dev\",\"arn:aws:lambda:eu-central-1:791736277877:function:tamagotchi-health-supervisor-dev\",\"arn:aws:lambda:eu-central-1:791736277877:function:tamagotchi-health-characterizer-dev\",\"arn:aws:lambda:eu-central-1:791736277877:function:tamagotchi-health-context-retriever-dev\"]}]}"
              },
              {
                "name": "s3_access",
                "policy": "{\"Version\":\"2012-10-17\",\"Statement\":[{\"Action\":[\"s3:PutObject\",\"s3:GetObject\"],\"Effect\":\"Allow\",\"Resource\":[\"arn:aws:s3:::tamagotchi-health-avatars-dev\",\"arn:aws:s3:::tamagotchi-health-avatars-dev/*\"]}]}"
              }
            ],
            "managed_policy_arns": [
              "arn:aws:iam::aws:policy/service-role/AWSLambdaBasicExecutionRole"
            ],
            "max_session_duration": 3600,
            "name": "tamagotchi-health-lambda-role-dev",
            "name_prefix": "",
            "path": "/",
            "permissions_boundary": "",
            "tags": {},
            "tags_all": {
              "Environment": "dev",
              "ManagedBy": "Terraform",
              "Project": "tamagotchi-health"
            },
            "unique_id": "AROA3QVZI3N2TTNG5OZOM"
          },
          "sensitive_attributes": [],
          "private": "bnVsbA=="
        }
      ]
    },
    {
      "mode": "managed",
      "type": "aws_iam_role_policy",
      "name": "bedrock_access",
      "provider": "provider[\"registry.terraform.io/hashicorp/aws\"]",
      "instances": [
        {
          "schema_version": 0,
          "attributes": {
            "id": "tamagotchi-health-lambda-role-dev:bedrock_access",
            "name": "bedrock_access",
            "name_prefix": "",
            "policy": "{\"Version\":\"2012-10-17\",\"Statement\":[{\"Action\":[\"bedrock:InvokeModel\"],\"Effect\":\"Allow\",\"Resource\":\"*\"}]}",
            "role": "tamagotchi-health-lambda-role-dev"
          },
          "sensitive_attributes": [],
          "private": "bnVsbA==",
          "dependencies": [
            "aws_iam_role.lambda_role"
          ]
        }
      ]
    },
    {
      "mode": "managed",
      "type": "aws_iam_role_policy",
      "name": "dynamodb_access",
      "provider": "provider[\"registry.terraform.io/hashicorp/aws\"]",
      "instances": [
        {
          "schema_version": 0,
          "attributes": {
            "id": "tamagotchi-health-lambda-role-dev:dynamodb_access",
            "name": "dynamodb_access",
            "name_prefix": "",
            "policy": "{\"Version\":\"2012-10-17\",\"Statement\":[{\"Action\":[\"dynamodb:GetItem\",\"dynamodb:PutItem\",\"dynamodb:UpdateItem\",\"dynamodb:Query\",\"dynamodb:Scan\",\"dynamodb:BatchWriteItem\",\"dynamodb:BatchGetItem\",\"dynamodb:DescribeTable\"],\"Effect\":\"Allow\",\"Resource\":\"*\"}]}",
            "role": "tamagotchi-health-lambda-role-dev"
          },
          "sensitive_attributes": [],
          "private": "bnVsbA==",
          "dependencies": [
            "aws_iam_role.lambda_role"
          ]
        }
      ]
    },
    {
      "mode": "managed",
      "type": "aws_iam_role_policy",
      "name": "lambda_invoke_access",
      "provider": "provider[\"registry.terraform.io/hashicorp/aws\"]",
      "instances": [
        {
          "schema_version": 0,
          "attributes": {
            "id": "tamagotchi-health-lambda-role-dev:lambda_invoke_access",
            "name": "lambda_invoke_access",
            "name_prefix": "",
            "policy": "{\"Version\":\"2012-10-17\",\"Statement\":[{\"Action\":[\"lambda:InvokeFunction\"],\"Effect\":\"Allow\",\"Resource\":[\"arn:aws:lambda:eu-central-1:791736277877:function:tamagotchi-health-avatar-generator-dev\",\"arn:aws:lambda:eu-central-1:791736277877:function:tamagotchi-health-orchestrator-dev\",\"arn:aws:lambda:eu-central-1:791736277877:function:tamagotchi-health-state-reactor-dev\",\"arn:aws:lambda:eu-central-1:791736277877:function:tamagotchi-health-proactive-coach-dev\",\"arn:aws:lambda:eu-central-1:791736277877:function:tamagotchi-health-expert-activity-dev\",\"arn:aws:lambda:eu-central-1:791736277877:function:tamagotchi-health-expert-vitals-dev\",\"arn:aws:lambda:eu-central-1:791736277877:function:tamagotchi-health-expert-wellbeing-dev\",\"arn:aws:lambda:eu-central-1:791736277877:function:tamagotchi-health-supervisor-dev\",\"arn:aws:lambda:eu-central-1:791736277877:function:tamagotchi-health-characterizer-dev\",\"arn:aws:lambda:eu-central-1:791736277877:function:tamagotchi-health-context-retriever-dev\"]}]}",
            "role": "tamagotchi-health-lambda-role-dev"
          },
          "sensitive_attributes": [],
          "private": "bnVsbA==",
          "dependencies": [
            "aws_dynamodb_table.avatar_cache",
            "aws_dynamodb_table.health_data",
            "aws_dynamodb_table.user_state",
            "aws_dynamodb_table.users",
            "aws_iam_role.lambda_role",
            "aws_lambda_function.avatar_generator",
            "aws_lambda_function.characterizer",
            "aws_lambda_function.context_retriever",
            "aws_lambda_function.expert_activity",
            "aws_lambda_function.expert_supervisor",
            "aws_lambda_function.expert_vitals",
            "aws_lambda_function.expert_wellbeing",
            "aws_lambda_function.orchestrator",
            "aws_lambda_function.proactive_coach",
            "aws_lambda_function.state_reactor",
            "aws_lambda_layer_version.gcp_deps_layer",
            "aws_s3_bucket.avatars",
            "data.archive_file.avatar_zip",
            "data.archive_file.gcp_deps_layer_zip",
            "data.archive_file.orchestrator_zip",
            "data.archive_file.proactive_coach_zip",
            "data.archive_file.retriever_zip",
            "data.archive_file.state_reactor_zip",
            "google_storage_bucket.video_assets"
          ]
        }
      ]
    },
    {
      "mode": "managed",
      "type": "aws_iam_role_policy",
      "name": "s3_access",
      "provider": "provider[\"registry.terraform.io/hashicorp/aws\"]",
      "instances": [
        {
          "schema_version": 0,
          "attributes": {
            "id": "tamagotchi-health-lambda-role-dev:s3_access",
            "name": "s3_access",
            "name_prefix": "",
            "policy": "{\"Version\":\"2012-10-17\",\"Statement\":[{\"Action\":[\"s3:PutObject\",\"s3:GetObject\"],\"Effect\":\"Allow\",\"Resource\":[\"arn:aws:s3:::tamagotchi-health-avatars-dev\",\"arn:aws:s3:::tamagotchi-health-avatars-dev/*\"]}]}",
            "role": "tamagotchi-health-lambda-role-dev"
          },
          "sensitive_attributes": [],
          "private": "bnVsbA==",
          "dependencies": [
            "aws_iam_role.lambda_role",
            "aws_s3_bucket.avatars"
          ]
        }
      ]
    },
    {
      "mode": "managed",
      "type": "aws_iam_role_policy_attachment",
      "name": "lambda_basic_execution",
      "provider": "provider[\"registry.terraform.io/hashicorp/aws\"]",
      "instances": [
        {
          "schema_version": 0,
          "attributes": {
            "id": "tamagotchi-health-lambda-role-dev-20251122113359072100000001",
            "policy_arn": "arn:aws:iam::aws:policy/service-role/AWSLambdaBasicExecutionRole",
            "role": "tamagotchi-health-lambda-role-dev"
          },
          "sensitive_attributes": [],
          "private": "bnVsbA==",
          "dependencies": [
            "aws_iam_role.lambda_role"
          ]
        }
      ]
    },
    {
      "mode": "managed",
      "type": "aws_lambda_function",
      "name": "avatar_generator",
      "provider": "provider[\"registry.terraform.io/hashicorp/aws\"]",
      "instances": [
        {
          "schema_version": 0,
          "attributes": {
            "architectures": [
              "x86_64"
            ],
            "arn": "arn:aws:lambda:eu-central-1:791736277877:function:tamagotchi-health-avatar-generator-dev",
            "code_sha256": "QjkO0yJb0O5dPZWr47NBgHMO5fs9y2oehtYs9NgmUfA=",
            "code_signing_config_arn": "",
            "dead_letter_config": [],
            "description": "",
            "environment": [
              {
                "variables": {
                  "AVATAR_BUCKET": "tamagotchi-health-avatars-dev",
                  "AVATAR_CACHE_TABLE": "tamagotchi-health-avatar-cache-dev",
                  "ENV": "dev",
                  "GCP_API_KEY": "",
                  "GCP_PROJECT_ID": "hackatum25mun-1040",
                  "GCP_REGION": "europe-west3",
                  "GCS_BUCKET_NAME": "tamagotchi-health-video-assets-dev",
                  "GOOGLE_CLOUD_LOCATION": "europe-west3",
                  "GOOGLE_CLOUD_PROJECT": "hackatum25mun-1040",
                  "GOOGLE_GENAI_USE_VERTEXAI": "True",
                  "HEALTH_TABLE": "tamagotchi-health-health-data-dev",
                  "USERS_TABLE": "tamagotchi-health-users-dev",
                  "USER_STATE_TABLE": "tamagotchi-health-user-state-dev"
                }
              }
            ],
            "ephemeral_storage": [
              {
                "size": 512
              }
            ],
            "file_system_config": [],
            "filename": "./.build/avatar.zip",
            "function_name": "tamagotchi-health-avatar-generator-dev",
            "handler": "generator.handler",
            "id": "tamagotchi-health-avatar-generator-dev",
            "image_config": [],
            "image_uri": "",
            "invoke_arn": "arn:aws:apigateway:eu-central-1:lambda:path/2015-03-31/functions/arn:aws:lambda:eu-central-1:791736277877:function:tamagotchi-health-avatar-generator-dev/invocations",
            "kms_key_arn": "",
            "last_modified": "2025-11-23T08:40:05.000+0000",
            "layers": [
              "arn:aws:lambda:eu-central-1:791736277877:layer:tamagotchi-health-gcp-deps-layer-dev:9"
            ],
            "logging_config": [
              {
                "application_log_level": "",
                "log_format": "Text",
                "log_group": "/aws/lambda/tamagotchi-health-avatar-generator-dev",
                "system_log_level": ""
              }
            ],
            "memory_size": 3008,
            "package_type": "Zip",
            "publish": true,
            "qualified_arn": "arn:aws:lambda:eu-central-1:791736277877:function:tamagotchi-health-avatar-generator-dev:8",
            "qualified_invoke_arn": "arn:aws:apigateway:eu-central-1:lambda:path/2015-03-31/functions/arn:aws:lambda:eu-central-1:791736277877:function:tamagotchi-health-avatar-generator-dev:8/invocations",
            "region": "eu-central-1",
            "replace_security_groups_on_destroy": null,
            "replacement_security_group_ids": null,
            "reserved_concurrent_executions": -1,
            "role": "arn:aws:iam::791736277877:role/tamagotchi-health-lambda-role-dev",
            "runtime": "python3.11",
            "s3_bucket": null,
            "s3_key": null,
            "s3_object_version": null,
            "signing_job_arn": "",
            "signing_profile_version_arn": "",
            "skip_destroy": false,
            "snap_start": [],
            "source_code_hash": "QjkO0yJb0O5dPZWr47NBgHMO5fs9y2oehtYs9NgmUfA=",
            "source_code_size": 6880,
            "source_kms_key_arn": "",
            "tags": {},
            "tags_all": {
              "Environment": "dev",
              "ManagedBy": "Terraform",
              "Project": "tamagotchi-health"
            },
            "timeout": 300,
            "timeouts": null,
            "tracing_config": [
              {
                "mode": "PassThrough"
              }
            ],
            "version": "8",
            "vpc_config": []
          },
          "sensitive_attributes": [],
          "private": "eyJlMmJmYjczMC1lY2FhLTExZTYtOGY4OC0zNDM2M2JjN2M0YzAiOnsiY3JlYXRlIjo2MDAwMDAwMDAwMDAsImRlbGV0ZSI6NjAwMDAwMDAwMDAwLCJ1cGRhdGUiOjYwMDAwMDAwMDAwMH19",
          "dependencies": [
            "aws_dynamodb_table.avatar_cache",
            "aws_dynamodb_table.health_data",
            "aws_dynamodb_table.user_state",
            "aws_dynamodb_table.users",
            "aws_iam_role.lambda_role",
            "aws_lambda_layer_version.gcp_deps_layer",
            "aws_s3_bucket.avatars",
            "data.archive_file.avatar_zip",
            "data.archive_file.gcp_deps_layer_zip",
            "google_storage_bucket.video_assets"
          ]
        }
      ]
    },
    {
      "mode": "managed",
      "type": "aws_lambda_function",
      "name": "characterizer",
      "provider": "provider[\"registry.terraform.io/hashicorp/aws\"]",
      "instances": [
        {
          "schema_version": 0,
          "attributes": {
            "architectures": [
              "x86_64"
            ],
            "arn": "arn:aws:lambda:eu-central-1:791736277877:function:tamagotchi-health-characterizer-dev",
            "code_sha256": "OYYCvcQ6OhZbTK0Af1M0F5JtfIl7ITHIjDWWCZuXK+s=",
            "code_signing_config_arn": "",
            "dead_letter_config": [],
            "description": "",
            "environment": [
              {
                "variables": {
                  "MODEL_ID": "eu.anthropic.claude-haiku-4-5-20251001-v1:0"
                }
              }
            ],
            "ephemeral_storage": [
              {
                "size": 512
              }
            ],
            "file_system_config": [],
            "filename": "./.build/state_reactor.zip",
            "function_name": "tamagotchi-health-characterizer-dev",
            "handler": "characterizer.handler",
            "id": "tamagotchi-health-characterizer-dev",
            "image_config": [],
            "image_uri": "",
            "invoke_arn": "arn:aws:apigateway:eu-central-1:lambda:path/2015-03-31/functions/arn:aws:lambda:eu-central-1:791736277877:function:tamagotchi-health-characterizer-dev/invocations",
            "kms_key_arn": "",
            "last_modified": "2025-11-23T08:40:44.000+0000",
            "layers": [],
            "logging_config": [
              {
                "application_log_level": "",
                "log_format": "Text",
                "log_group": "/aws/lambda/tamagotchi-health-characterizer-dev",
                "system_log_level": ""
              }
            ],
            "memory_size": 256,
            "package_type": "Zip",
            "publish": true,
            "qualified_arn": "arn:aws:lambda:eu-central-1:791736277877:function:tamagotchi-health-characterizer-dev:11",
            "qualified_invoke_arn": "arn:aws:apigateway:eu-central-1:lambda:path/2015-03-31/functions/arn:aws:lambda:eu-central-1:791736277877:function:tamagotchi-health-characterizer-dev:11/invocations",
            "region": "eu-central-1",
            "replace_security_groups_on_destroy": null,
            "replacement_security_group_ids": null,
            "reserved_concurrent_executions": -1,
            "role": "arn:aws:iam::791736277877:role/tamagotchi-health-lambda-role-dev",
            "runtime": "python3.11",
            "s3_bucket": null,
            "s3_key": null,
            "s3_object_version": null,
            "signing_job_arn": "",
            "signing_profile_version_arn": "",
            "skip_destroy": false,
            "snap_start": [],
            "source_code_hash": "OYYCvcQ6OhZbTK0Af1M0F5JtfIl7ITHIjDWWCZuXK+s=",
            "source_code_size": 31225,
            "source_kms_key_arn": "",
            "tags": {},
            "tags_all": {
              "Environment": "dev",
              "ManagedBy": "Terraform",
              "Project": "tamagotchi-health"
            },
            "timeout": 30,
            "timeouts": null,
            "tracing_config": [
              {
                "mode": "PassThrough"
              }
            ],
            "version": "11",
            "vpc_config": []
          },
          "sensitive_attributes": [],
          "private": "eyJlMmJmYjczMC1lY2FhLTExZTYtOGY4OC0zNDM2M2JjN2M0YzAiOnsiY3JlYXRlIjo2MDAwMDAwMDAwMDAsImRlbGV0ZSI6NjAwMDAwMDAwMDAwLCJ1cGRhdGUiOjYwMDAwMDAwMDAwMH19",
          "dependencies": [
            "aws_iam_role.lambda_role",
            "data.archive_file.state_reactor_zip"
          ]
        }
      ]
    },
    {
      "mode": "managed",
      "type": "aws_lambda_function",
      "name": "context_retriever",
      "provider": "provider[\"registry.terraform.io/hashicorp/aws\"]",
      "instances": [
        {
          "schema_version": 0,
          "attributes": {
            "architectures": [
              "x86_64"
            ],
            "arn": "arn:aws:lambda:eu-central-1:791736277877:function:tamagotchi-health-context-retriever-dev",
            "code_sha256": "caWyXJlHDCdnD3X2+4w2AiNpSfDZoIzdu/X6A9Ttti4=",
            "code_signing_config_arn": "",
            "dead_letter_config": [],
            "description": "",
            "environment": [
              {
                "variables": {
                  "ENV": "dev",
                  "HEALTH_TABLE": "tamagotchi-health-health-data-dev"
                }
              }
            ],
            "ephemeral_storage": [
              {
                "size": 512
              }
            ],
            "file_system_config": [],
            "filename": "./.build/retriever.zip",
            "function_name": "tamagotchi-health-context-retriever-dev",
            "handler": "context_retriever.handler",
            "id": "tamagotchi-health-context-retriever-dev",
            "image_config": [],
            "image_uri": "",
            "invoke_arn": "arn:aws:apigateway:eu-central-1:lambda:path/2015-03-31/functions/arn:aws:lambda:eu-central-1:791736277877:function:tamagotchi-health-context-retriever-dev/invocations",
            "kms_key_arn": "",
            "last_modified": "2025-11-23T06:34:10.000+0000",
            "layers": [],
            "logging_config": [
              {
                "application_log_level": "",
                "log_format": "Text",
                "log_group": "/aws/lambda/tamagotchi-health-context-retriever-dev",
                "system_log_level": ""
              }
            ],
            "memory_size": 128,
            "package_type": "Zip",
            "publish": true,
            "qualified_arn": "arn:aws:lambda:eu-central-1:791736277877:function:tamagotchi-health-context-retriever-dev:2",
            "qualified_invoke_arn": "arn:aws:apigateway:eu-central-1:lambda:path/2015-03-31/functions/arn:aws:lambda:eu-central-1:791736277877:function:tamagotchi-health-context-retriever-dev:2/invocations",
            "region": "eu-central-1",
            "replace_security_groups_on_destroy": null,
            "replacement_security_group_ids": null,
            "reserved_concurrent_executions": -1,
            "role": "arn:aws:iam::791736277877:role/tamagotchi-health-lambda-role-dev",
            "runtime": "python3.11",
            "s3_bucket": null,
            "s3_key": null,
            "s3_object_version": null,
            "signing_job_arn": "",
            "signing_profile_version_arn": "",
            "skip_destroy": false,
            "snap_start": [],
            "source_code_hash": "caWyXJlHDCdnD3X2+4w2AiNpSfDZoIzdu/X6A9Ttti4=",
            "source_code_size": 957,
            "source_kms_key_arn": "",
            "tags": {},
            "tags_all": {
              "Environment": "dev",
              "ManagedBy": "Terraform",
              "Project": "tamagotchi-health"
            },
            "timeout": 10,
            "timeouts": null,
            "tracing_config": [
              {
                "mode": "PassThrough"
              }
            ],
            "version": "2",
            "vpc_config": []
          },
          "sensitive_attributes": [],
          "private": "eyJlMmJmYjczMC1lY2FhLTExZTYtOGY4OC0zNDM2M2JjN2M0YzAiOnsiY3JlYXRlIjo2MDAwMDAwMDAwMDAsImRlbGV0ZSI6NjAwMDAwMDAwMDAwLCJ1cGRhdGUiOjYwMDAwMDAwMDAwMH19",
          "dependencies": [
            "aws_dynamodb_table.health_data",
            "aws_iam_role.lambda_role",
            "data.archive_file.retriever_zip"
          ]
        }
      ]
    },
    {
      "mode": "managed",
      "type": "aws_lambda_function",
      "name": "demo_trigger",
      "provider": "provider[\"registry.terraform.io/hashicorp/aws\"]",
      "instances": [
        {
          "schema_version": 0,
          "attributes": {
            "architectures": [
              "x86_64"
            ],
            "arn": "arn:aws:lambda:eu-central-1:791736277877:function:tamagotchi-health-demo-trigger-dev",
            "code_sha256": "AFxbCXQwevOBA3BU4thE+Jk7IoXpQAQ53g52p9XZlEA=",
            "code_signing_config_arn": "",
            "dead_letter_config": [],
            "description": "",
            "environment": [
              {
                "variables": {
                  "DYNAMODB_TABLE": "tamagotchi-health-user-state-dev",
                  "ENV": "dev",
                  "PROJECT_NAME": "tamagotchi-health"
                }
              }
            ],
            "ephemeral_storage": [
              {
                "size": 512
              }
            ],
            "file_system_config": [],
            "filename": "./.build/demo.zip",
            "function_name": "tamagotchi-health-demo-trigger-dev",
            "handler": "trigger.handler",
            "id": "tamagotchi-health-demo-trigger-dev",
            "image_config": [],
            "image_uri": "",
            "invoke_arn": "arn:aws:apigateway:eu-central-1:lambda:path/2015-03-31/functions/arn:aws:lambda:eu-central-1:791736277877:function:tamagotchi-health-demo-trigger-dev/invocations",
            "kms_key_arn": "",
            "last_modified": "2025-11-23T07:14:10.000+0000",
            "layers": [],
            "logging_config": [
              {
                "application_log_level": "",
                "log_format": "Text",
                "log_group": "/aws/lambda/tamagotchi-health-demo-trigger-dev",
                "system_log_level": ""
              }
            ],
            "memory_size": 128,
            "package_type": "Zip",
            "publish": true,
            "qualified_arn": "arn:aws:lambda:eu-central-1:791736277877:function:tamagotchi-health-demo-trigger-dev:3",
            "qualified_invoke_arn": "arn:aws:apigateway:eu-central-1:lambda:path/2015-03-31/functions/arn:aws:lambda:eu-central-1:791736277877:function:tamagotchi-health-demo-trigger-dev:3/invocations",
            "region": "eu-central-1",
            "replace_security_groups_on_destroy": null,
            "replacement_security_group_ids": null,
            "reserved_concurrent_executions": -1,
            "role": "arn:aws:iam::791736277877:role/tamagotchi-health-lambda-role-dev",
            "runtime": "python3.11",
            "s3_bucket": null,
            "s3_key": null,
            "s3_object_version": null,
            "signing_job_arn": "",
            "signing_profile_version_arn": "",
            "skip_destroy": false,
            "snap_start": [],
            "source_code_hash": "AFxbCXQwevOBA3BU4thE+Jk7IoXpQAQ53g52p9XZlEA=",
            "source_code_size": 9719,
            "source_kms_key_arn": "",
            "tags": {},
            "tags_all": {
              "Environment": "dev",
              "ManagedBy": "Terraform",
              "Project": "tamagotchi-health"
            },
            "timeout": 10,
            "timeouts": null,
            "tracing_config": [
              {
                "mode": "PassThrough"
              }
            ],
            "version": "3",
            "vpc_config": []
          },
          "sensitive_attributes": [],
          "private": "eyJlMmJmYjczMC1lY2FhLTExZTYtOGY4OC0zNDM2M2JjN2M0YzAiOnsiY3JlYXRlIjo2MDAwMDAwMDAwMDAsImRlbGV0ZSI6NjAwMDAwMDAwMDAwLCJ1cGRhdGUiOjYwMDAwMDAwMDAwMH19",
          "dependencies": [
            "aws_dynamodb_table.user_state",
            "aws_iam_role.lambda_role",
            "data.archive_file.demo_zip"
          ]
        }
      ]
    },
    {
      "mode": "managed",
      "type": "aws_lambda_function",
      "name": "echo",
      "provider": "provider[\"registry.terraform.io/hashicorp/aws\"]",
      "instances": [
        {
          "schema_version": 0,
          "attributes": {
            "architectures": [
              "x86_64"
            ],
            "arn": "arn:aws:lambda:eu-central-1:791736277877:function:tamagotchi-health-echo-dev",
            "code_sha256": "cFusWxEGEqkUAs2E1QyqbYQSWxqUNQn5YFwT6BuQY2w=",
            "code_signing_config_arn": "",
            "dead_letter_config": [],
            "description": "",
            "environment": [],
            "ephemeral_storage": [
              {
                "size": 512
              }
            ],
            "file_system_config": [],
            "filename": "./.build/echo.zip",
            "function_name": "tamagotchi-health-echo-dev",
            "handler": "echo.handler",
            "id": "tamagotchi-health-echo-dev",
            "image_config": [],
            "image_uri": "",
            "invoke_arn": "arn:aws:apigateway:eu-central-1:lambda:path/2015-03-31/functions/arn:aws:lambda:eu-central-1:791736277877:function:tamagotchi-health-echo-dev/invocations",
            "kms_key_arn": "",
            "last_modified": "2025-11-23T06:33:20.000+0000",
            "layers": [],
            "logging_config": [
              {
                "application_log_level": "",
                "log_format": "Text",
                "log_group": "/aws/lambda/tamagotchi-health-echo-dev",
                "system_log_level": ""
              }
            ],
            "memory_size": 128,
            "package_type": "Zip",
            "publish": true,
            "qualified_arn": "arn:aws:lambda:eu-central-1:791736277877:function:tamagotchi-health-echo-dev:1",
            "qualified_invoke_arn": "arn:aws:apigateway:eu-central-1:lambda:path/2015-03-31/functions/arn:aws:lambda:eu-central-1:791736277877:function:tamagotchi-health-echo-dev:1/invocations",
            "region": "eu-central-1",
            "replace_security_groups_on_destroy": null,
            "replacement_security_group_ids": null,
            "reserved_concurrent_executions": -1,
            "role": "arn:aws:iam::791736277877:role/tamagotchi-health-lambda-role-dev",
            "runtime": "python3.11",
            "s3_bucket": null,
            "s3_key": null,
            "s3_object_version": null,
            "signing_job_arn": "",
            "signing_profile_version_arn": "",
            "skip_destroy": false,
            "snap_start": [],
            "source_code_hash": "cFusWxEGEqkUAs2E1QyqbYQSWxqUNQn5YFwT6BuQY2w=",
            "source_code_size": 498,
            "source_kms_key_arn": "",
            "tags": {},
            "tags_all": {
              "Environment": "dev",
              "ManagedBy": "Terraform",
              "Project": "tamagotchi-health"
            },
            "timeout": 5,
            "timeouts": null,
            "tracing_config": [
              {
                "mode": "PassThrough"
              }
            ],
            "version": "1",
            "vpc_config": []
          },
          "sensitive_attributes": [],
          "private": "eyJlMmJmYjczMC1lY2FhLTExZTYtOGY4OC0zNDM2M2JjN2M0YzAiOnsiY3JlYXRlIjo2MDAwMDAwMDAwMDAsImRlbGV0ZSI6NjAwMDAwMDAwMDAwLCJ1cGRhdGUiOjYwMDAwMDAwMDAwMH19",
          "dependencies": [
            "aws_iam_role.lambda_role",
            "data.archive_file.echo_zip"
          ]
        }
      ]
    },
    {
      "mode": "managed",
      "type": "aws_lambda_function",
      "name": "expert_activity",
      "provider": "provider[\"registry.terraform.io/hashicorp/aws\"]",
      "instances": [
        {
          "schema_version": 0,
          "attributes": {
            "architectures": [
              "x86_64"
            ],
            "arn": "arn:aws:lambda:eu-central-1:791736277877:function:tamagotchi-health-expert-activity-dev",
            "code_sha256": "OYYCvcQ6OhZbTK0Af1M0F5JtfIl7ITHIjDWWCZuXK+s=",
            "code_signing_config_arn": "",
            "dead_letter_config": [],
            "description": "",
            "environment": [
              {
                "variables": {
                  "MODEL_ID": "eu.anthropic.claude-haiku-4-5-20251001-v1:0"
                }
              }
            ],
            "ephemeral_storage": [
              {
                "size": 512
              }
            ],
            "file_system_config": [],
            "filename": "./.build/state_reactor.zip",
            "function_name": "tamagotchi-health-expert-activity-dev",
            "handler": "experts.activity.handler",
            "id": "tamagotchi-health-expert-activity-dev",
            "image_config": [],
            "image_uri": "",
            "invoke_arn": "arn:aws:apigateway:eu-central-1:lambda:path/2015-03-31/functions/arn:aws:lambda:eu-central-1:791736277877:function:tamagotchi-health-expert-activity-dev/invocations",
            "kms_key_arn": "",
            "last_modified": "2025-11-23T08:40:33.000+0000",
            "layers": [],
            "logging_config": [
              {
                "application_log_level": "",
                "log_format": "Text",
                "log_group": "/aws/lambda/tamagotchi-health-expert-activity-dev",
                "system_log_level": ""
              }
            ],
            "memory_size": 256,
            "package_type": "Zip",
            "publish": true,
            "qualified_arn": "arn:aws:lambda:eu-central-1:791736277877:function:tamagotchi-health-expert-activity-dev:11",
            "qualified_invoke_arn": "arn:aws:apigateway:eu-central-1:lambda:path/2015-03-31/functions/arn:aws:lambda:eu-central-1:791736277877:function:tamagotchi-health-expert-activity-dev:11/invocations",
            "region": "eu-central-1",
            "replace_security_groups_on_destroy": null,
            "replacement_security_group_ids": null,
            "reserved_concurrent_executions": -1,
            "role": "arn:aws:iam::791736277877:role/tamagotchi-health-lambda-role-dev",
            "runtime": "python3.11",
            "s3_bucket": null,
            "s3_key": null,
            "s3_object_version": null,
            "signing_job_arn": "",
            "signing_profile_version_arn": "",
            "skip_destroy": false,
            "snap_start": [],
            "source_code_hash": "OYYCvcQ6OhZbTK0Af1M0F5JtfIl7ITHIjDWWCZuXK+s=",
            "source_code_size": 31225,
            "source_kms_key_arn": "",
            "tags": {},
            "tags_all": {
              "Environment": "dev",
              "ManagedBy": "Terraform",
              "Project": "tamagotchi-health"
            },
            "timeout": 30,
            "timeouts": null,
            "tracing_config": [
              {
                "mode": "PassThrough"
              }
            ],
            "version": "11",
            "vpc_config": []
          },
          "sensitive_attributes": [],
          "private": "eyJlMmJmYjczMC1lY2FhLTExZTYtOGY4OC0zNDM2M2JjN2M0YzAiOnsiY3JlYXRlIjo2MDAwMDAwMDAwMDAsImRlbGV0ZSI6NjAwMDAwMDAwMDAwLCJ1cGRhdGUiOjYwMDAwMDAwMDAwMH19",
          "dependencies": [
            "aws_iam_role.lambda_role",
            "data.archive_file.state_reactor_zip"
          ]
        }
      ]
    },
    {
      "mode": "managed",
      "type": "aws_lambda_function",
      "name": "expert_supervisor",
      "provider": "provider[\"registry.terraform.io/hashicorp/aws\"]",
      "instances": [
        {
          "schema_version": 0,
          "attributes": {
            "architectures": [
              "x86_64"
            ],
            "arn": "arn:aws:lambda:eu-central-1:791736277877:function:tamagotchi-health-supervisor-dev",
            "code_sha256": "OYYCvcQ6OhZbTK0Af1M0F5JtfIl7ITHIjDWWCZuXK+s=",
            "code_signing_config_arn": "",
            "dead_letter_config": [],
            "description": "",
            "environment": [
              {
                "variables": {
                  "MODEL_ID": "eu.anthropic.claude-haiku-4-5-20251001-v1:0"
                }
              }
            ],
            "ephemeral_storage": [
              {
                "size": 512
              }
            ],
            "file_system_config": [],
            "filename": "./.build/state_reactor.zip",
            "function_name": "tamagotchi-health-supervisor-dev",
            "handler": "supervisor.handler",
            "id": "tamagotchi-health-supervisor-dev",
            "image_config": [],
            "image_uri": "",
            "invoke_arn": "arn:aws:apigateway:eu-central-1:lambda:path/2015-03-31/functions/arn:aws:lambda:eu-central-1:791736277877:function:tamagotchi-health-supervisor-dev/invocations",
            "kms_key_arn": "",
            "last_modified": "2025-11-23T08:40:00.000+0000",
            "layers": [],
            "logging_config": [
              {
                "application_log_level": "",
                "log_format": "Text",
                "log_group": "/aws/lambda/tamagotchi-health-supervisor-dev",
                "system_log_level": ""
              }
            ],
            "memory_size": 256,
            "package_type": "Zip",
            "publish": true,
            "qualified_arn": "arn:aws:lambda:eu-central-1:791736277877:function:tamagotchi-health-supervisor-dev:11",
            "qualified_invoke_arn": "arn:aws:apigateway:eu-central-1:lambda:path/2015-03-31/functions/arn:aws:lambda:eu-central-1:791736277877:function:tamagotchi-health-supervisor-dev:11/invocations",
            "region": "eu-central-1",
            "replace_security_groups_on_destroy": null,
            "replacement_security_group_ids": null,
            "reserved_concurrent_executions": -1,
            "role": "arn:aws:iam::791736277877:role/tamagotchi-health-lambda-role-dev",
            "runtime": "python3.11",
            "s3_bucket": null,
            "s3_key": null,
            "s3_object_version": null,
            "signing_job_arn": "",
            "signing_profile_version_arn": "",
            "skip_destroy": false,
            "snap_start": [],
            "source_code_hash": "OYYCvcQ6OhZbTK0Af1M0F5JtfIl7ITHIjDWWCZuXK+s=",
            "source_code_size": 31225,
            "source_kms_key_arn": "",
            "tags": {},
            "tags_all": {
              "Environment": "dev",
              "ManagedBy": "Terraform",
              "Project": "tamagotchi-health"
            },
            "timeout": 30,
            "timeouts": null,
            "tracing_config": [
              {
                "mode": "PassThrough"
              }
            ],
            "version": "11",
            "vpc_config": []
          },
          "sensitive_attributes": [],
          "private": "eyJlMmJmYjczMC1lY2FhLTExZTYtOGY4OC0zNDM2M2JjN2M0YzAiOnsiY3JlYXRlIjo2MDAwMDAwMDAwMDAsImRlbGV0ZSI6NjAwMDAwMDAwMDAwLCJ1cGRhdGUiOjYwMDAwMDAwMDAwMH19",
          "dependencies": [
            "aws_iam_role.lambda_role",
            "data.archive_file.state_reactor_zip"
          ]
        }
      ]
    },
    {
      "mode": "managed",
      "type": "aws_lambda_function",
      "name": "expert_vitals",
      "provider": "provider[\"registry.terraform.io/hashicorp/aws\"]",
      "instances": [
        {
          "schema_version": 0,
          "attributes": {
            "architectures": [
              "x86_64"
            ],
            "arn": "arn:aws:lambda:eu-central-1:791736277877:function:tamagotchi-health-expert-vitals-dev",
            "code_sha256": "OYYCvcQ6OhZbTK0Af1M0F5JtfIl7ITHIjDWWCZuXK+s=",
            "code_signing_config_arn": "",
            "dead_letter_config": [],
            "description": "",
            "environment": [
              {
                "variables": {
                  "MODEL_ID": "eu.anthropic.claude-haiku-4-5-20251001-v1:0"
                }
              }
            ],
            "ephemeral_storage": [
              {
                "size": 512
              }
            ],
            "file_system_config": [],
            "filename": "./.build/state_reactor.zip",
            "function_name": "tamagotchi-health-expert-vitals-dev",
            "handler": "experts.vitals.handler",
            "id": "tamagotchi-health-expert-vitals-dev",
            "image_config": [],
            "image_uri": "",
            "invoke_arn": "arn:aws:apigateway:eu-central-1:lambda:path/2015-03-31/functions/arn:aws:lambda:eu-central-1:791736277877:function:tamagotchi-health-expert-vitals-dev/invocations",
            "kms_key_arn": "",
            "last_modified": "2025-11-23T08:40:11.000+0000",
            "layers": [],
            "logging_config": [
              {
                "application_log_level": "",
                "log_format": "Text",
                "log_group": "/aws/lambda/tamagotchi-health-expert-vitals-dev",
                "system_log_level": ""
              }
            ],
            "memory_size": 256,
            "package_type": "Zip",
            "publish": true,
            "qualified_arn": "arn:aws:lambda:eu-central-1:791736277877:function:tamagotchi-health-expert-vitals-dev:11",
            "qualified_invoke_arn": "arn:aws:apigateway:eu-central-1:lambda:path/2015-03-31/functions/arn:aws:lambda:eu-central-1:791736277877:function:tamagotchi-health-expert-vitals-dev:11/invocations",
            "region": "eu-central-1",
            "replace_security_groups_on_destroy": null,
            "replacement_security_group_ids": null,
            "reserved_concurrent_executions": -1,
            "role": "arn:aws:iam::791736277877:role/tamagotchi-health-lambda-role-dev",
            "runtime": "python3.11",
            "s3_bucket": null,
            "s3_key": null,
            "s3_object_version": null,
            "signing_job_arn": "",
            "signing_profile_version_arn": "",
            "skip_destroy": false,
            "snap_start": [],
            "source_code_hash": "OYYCvcQ6OhZbTK0Af1M0F5JtfIl7ITHIjDWWCZuXK+s=",
            "source_code_size": 31225,
            "source_kms_key_arn": "",
            "tags": {},
            "tags_all": {
              "Environment": "dev",
              "ManagedBy": "Terraform",
              "Project": "tamagotchi-health"
            },
            "timeout": 30,
            "timeouts": null,
            "tracing_config": [
              {
                "mode": "PassThrough"
              }
            ],
            "version": "11",
            "vpc_config": []
          },
          "sensitive_attributes": [],
          "private": "eyJlMmJmYjczMC1lY2FhLTExZTYtOGY4OC0zNDM2M2JjN2M0YzAiOnsiY3JlYXRlIjo2MDAwMDAwMDAwMDAsImRlbGV0ZSI6NjAwMDAwMDAwMDAwLCJ1cGRhdGUiOjYwMDAwMDAwMDAwMH19",
          "dependencies": [
            "aws_iam_role.lambda_role",
            "data.archive_file.state_reactor_zip"
          ]
        }
      ]
    },
    {
      "mode": "managed",
      "type": "aws_lambda_function",
      "name": "expert_wellbeing",
      "provider": "provider[\"registry.terraform.io/hashicorp/aws\"]",
      "instances": [
        {
          "schema_version": 0,
          "attributes": {
            "architectures": [
              "x86_64"
            ],
            "arn": "arn:aws:lambda:eu-central-1:791736277877:function:tamagotchi-health-expert-wellbeing-dev",
            "code_sha256": "OYYCvcQ6OhZbTK0Af1M0F5JtfIl7ITHIjDWWCZuXK+s=",
            "code_signing_config_arn": "",
            "dead_letter_config": [],
            "description": "",
            "environment": [
              {
                "variables": {
                  "MODEL_ID": "eu.anthropic.claude-haiku-4-5-20251001-v1:0"
                }
              }
            ],
            "ephemeral_storage": [
              {
                "size": 512
              }
            ],
            "file_system_config": [],
            "filename": "./.build/state_reactor.zip",
            "function_name": "tamagotchi-health-expert-wellbeing-dev",
            "handler": "experts.wellbeing.handler",
            "id": "tamagotchi-health-expert-wellbeing-dev",
            "image_config": [],
            "image_uri": "",
            "invoke_arn": "arn:aws:apigateway:eu-central-1:lambda:path/2015-03-31/functions/arn:aws:lambda:eu-central-1:791736277877:function:tamagotchi-health-expert-wellbeing-dev/invocations",
            "kms_key_arn": "",
            "last_modified": "2025-11-23T08:40:55.000+0000",
            "layers": [],
            "logging_config": [
              {
                "application_log_level": "",
                "log_format": "Text",
                "log_group": "/aws/lambda/tamagotchi-health-expert-wellbeing-dev",
                "system_log_level": ""
              }
            ],
            "memory_size": 256,
            "package_type": "Zip",
            "publish": true,
            "qualified_arn": "arn:aws:lambda:eu-central-1:791736277877:function:tamagotchi-health-expert-wellbeing-dev:11",
            "qualified_invoke_arn": "arn:aws:apigateway:eu-central-1:lambda:path/2015-03-31/functions/arn:aws:lambda:eu-central-1:791736277877:function:tamagotchi-health-expert-wellbeing-dev:11/invocations",
            "region": "eu-central-1",
            "replace_security_groups_on_destroy": null,
            "replacement_security_group_ids": null,
            "reserved_concurrent_executions": -1,
            "role": "arn:aws:iam::791736277877:role/tamagotchi-health-lambda-role-dev",
            "runtime": "python3.11",
            "s3_bucket": null,
            "s3_key": null,
            "s3_object_version": null,
            "signing_job_arn": "",
            "signing_profile_version_arn": "",
            "skip_destroy": false,
            "snap_start": [],
            "source_code_hash": "OYYCvcQ6OhZbTK0Af1M0F5JtfIl7ITHIjDWWCZuXK+s=",
            "source_code_size": 31225,
            "source_kms_key_arn": "",
            "tags": {},
            "tags_all": {
              "Environment": "dev",
              "ManagedBy": "Terraform",
              "Project": "tamagotchi-health"
            },
            "timeout": 30,
            "timeouts": null,
            "tracing_config": [
              {
                "mode": "PassThrough"
              }
            ],
            "version": "11",
            "vpc_config": []
          },
          "sensitive_attributes": [],
          "private": "eyJlMmJmYjczMC1lY2FhLTExZTYtOGY4OC0zNDM2M2JjN2M0YzAiOnsiY3JlYXRlIjo2MDAwMDAwMDAwMDAsImRlbGV0ZSI6NjAwMDAwMDAwMDAwLCJ1cGRhdGUiOjYwMDAwMDAwMDAwMH19",
          "dependencies": [
            "aws_iam_role.lambda_role",
            "data.archive_file.state_reactor_zip"
          ]
        }
      ]
    },
    {
      "mode": "managed",
      "type": "aws_lambda_function",
      "name": "orchestrator",
      "provider": "provider[\"registry.terraform.io/hashicorp/aws\"]",
      "instances": [
        {
          "schema_version": 0,
          "attributes": {
            "architectures": [
              "x86_64"
            ],
            "arn": "arn:aws:lambda:eu-central-1:791736277877:function:tamagotchi-health-orchestrator-dev",
            "code_sha256": "GxI4efcocIEXawjEmy7aDTHlZMmaS7Q2pGpj6qQtrSA=",
            "code_signing_config_arn": "",
            "dead_letter_config": [],
            "description": "",
            "environment": [
              {
                "variables": {
                  "DYNAMODB_TABLE": "tamagotchi-health-user-state-dev",
                  "ENV": "dev",
                  "HEALTH_TABLE": "tamagotchi-health-health-data-dev",
                  "PROACTIVE_COACH_FUNCTION": "tamagotchi-health-proactive-coach-dev",
                  "STATE_REACTOR_FUNCTION": "tamagotchi-health-state-reactor-dev",
                  "USERS_TABLE": "tamagotchi-health-users-dev"
                }
              }
            ],
            "ephemeral_storage": [
              {
                "size": 512
              }
            ],
            "file_system_config": [],
            "filename": "./.build/orchestrator.zip",
            "function_name": "tamagotchi-health-orchestrator-dev",
            "handler": "agentic_loop.handler",
            "id": "tamagotchi-health-orchestrator-dev",
            "image_config": [],
            "image_uri": "",
            "invoke_arn": "arn:aws:apigateway:eu-central-1:lambda:path/2015-03-31/functions/arn:aws:lambda:eu-central-1:791736277877:function:tamagotchi-health-orchestrator-dev/invocations",
            "kms_key_arn": "",
            "last_modified": "2025-11-23T08:41:22.000+0000",
            "layers": [],
            "logging_config": [
              {
                "application_log_level": "",
                "log_format": "Text",
                "log_group": "/aws/lambda/tamagotchi-health-orchestrator-dev",
                "system_log_level": ""
              }
            ],
            "memory_size": 256,
            "package_type": "Zip",
            "publish": true,
            "qualified_arn": "arn:aws:lambda:eu-central-1:791736277877:function:tamagotchi-health-orchestrator-dev:6",
            "qualified_invoke_arn": "arn:aws:apigateway:eu-central-1:lambda:path/2015-03-31/functions/arn:aws:lambda:eu-central-1:791736277877:function:tamagotchi-health-orchestrator-dev:6/invocations",
            "region": "eu-central-1",
            "replace_security_groups_on_destroy": null,
            "replacement_security_group_ids": null,
            "reserved_concurrent_executions": -1,
            "role": "arn:aws:iam::791736277877:role/tamagotchi-health-lambda-role-dev",
            "runtime": "python3.11",
            "s3_bucket": null,
            "s3_key": null,
            "s3_object_version": null,
            "signing_job_arn": "",
            "signing_profile_version_arn": "",
            "skip_destroy": false,
            "snap_start": [],
            "source_code_hash": "GxI4efcocIEXawjEmy7aDTHlZMmaS7Q2pGpj6qQtrSA=",
            "source_code_size": 11059,
            "source_kms_key_arn": "",
            "tags": {},
            "tags_all": {
              "Environment": "dev",
              "ManagedBy": "Terraform",
              "Project": "tamagotchi-health"
            },
            "timeout": 60,
            "timeouts": null,
            "tracing_config": [
              {
                "mode": "PassThrough"
              }
            ],
            "version": "6",
            "vpc_config": []
          },
          "sensitive_attributes": [],
          "private": "eyJlMmJmYjczMC1lY2FhLTExZTYtOGY4OC0zNDM2M2JjN2M0YzAiOnsiY3JlYXRlIjo2MDAwMDAwMDAwMDAsImRlbGV0ZSI6NjAwMDAwMDAwMDAwLCJ1cGRhdGUiOjYwMDAwMDAwMDAwMH19",
          "dependencies": [
            "aws_dynamodb_table.avatar_cache",
            "aws_dynamodb_table.health_data",
            "aws_dynamodb_table.user_state",
            "aws_dynamodb_table.users",
            "aws_iam_role.lambda_role",
            "aws_lambda_function.avatar_generator",
            "aws_lambda_function.characterizer",
            "aws_lambda_function.context_retriever",
            "aws_lambda_function.expert_activity",
            "aws_lambda_function.expert_supervisor",
            "aws_lambda_function.expert_vitals",
            "aws_lambda_function.expert_wellbeing",
            "aws_lambda_function.proactive_coach",
            "aws_lambda_function.state_reactor",
            "aws_lambda_layer_version.gcp_deps_layer",
            "aws_s3_bucket.avatars",
            "data.archive_file.avatar_zip",
            "data.archive_file.gcp_deps_layer_zip",
            "data.archive_file.orchestrator_zip",
            "data.archive_file.proactive_coach_zip",
            "data.archive_file.retriever_zip",
            "data.archive_file.state_reactor_zip",
            "google_storage_bucket.video_assets"
          ]
        }
      ]
    },
    {
      "mode": "managed",
      "type": "aws_lambda_function",
      "name": "proactive_coach",
      "provider": "provider[\"registry.terraform.io/hashicorp/aws\"]",
      "instances": [
        {
          "schema_version": 0,
          "attributes": {
            "architectures": [
              "x86_64"
            ],
            "arn": "arn:aws:lambda:eu-central-1:791736277877:function:tamagotchi-health-proactive-coach-dev",
            "code_sha256": "IBZ9IJHYSCmf22uwfdk3YJO/5S5Ch7bw8o6GAAGu74Y=",
            "code_signing_config_arn": "",
            "dead_letter_config": [],
            "description": "",
            "environment": [
              {
                "variables": {
                  "DYNAMODB_TABLE": "tamagotchi-health-user-state-dev",
                  "ENV": "dev",
                  "HEALTH_TABLE": "tamagotchi-health-health-data-dev",
                  "MODEL_ID": "eu.anthropic.claude-haiku-4-5-20251001-v1:0",
                  "USERS_TABLE": "tamagotchi-health-users-dev"
                }
              }
            ],
            "ephemeral_storage": [
              {
                "size": 512
              }
            ],
            "file_system_config": [],
            "filename": "./.build/proactive_coach.zip",
            "function_name": "tamagotchi-health-proactive-coach-dev",
            "handler": "handler.handler",
            "id": "tamagotchi-health-proactive-coach-dev",
            "image_config": [],
            "image_uri": "",
            "invoke_arn": "arn:aws:apigateway:eu-central-1:lambda:path/2015-03-31/functions/arn:aws:lambda:eu-central-1:791736277877:function:tamagotchi-health-proactive-coach-dev/invocations",
            "kms_key_arn": "",
            "last_modified": "2025-11-23T08:40:22.000+0000",
            "layers": [],
            "logging_config": [
              {
                "application_log_level": "",
                "log_format": "Text",
                "log_group": "/aws/lambda/tamagotchi-health-proactive-coach-dev",
                "system_log_level": ""
              }
            ],
            "memory_size": 256,
            "package_type": "Zip",
            "publish": true,
            "qualified_arn": "arn:aws:lambda:eu-central-1:791736277877:function:tamagotchi-health-proactive-coach-dev:10",
            "qualified_invoke_arn": "arn:aws:apigateway:eu-central-1:lambda:path/2015-03-31/functions/arn:aws:lambda:eu-central-1:791736277877:function:tamagotchi-health-proactive-coach-dev:10/invocations",
            "region": "eu-central-1",
            "replace_security_groups_on_destroy": null,
            "replacement_security_group_ids": null,
            "reserved_concurrent_executions": -1,
            "role": "arn:aws:iam::791736277877:role/tamagotchi-health-lambda-role-dev",
            "runtime": "python3.11",
            "s3_bucket": null,
            "s3_key": null,
            "s3_object_version": null,
            "signing_job_arn": "",
            "signing_profile_version_arn": "",
            "skip_destroy": false,
            "snap_start": [],
            "source_code_hash": "IBZ9IJHYSCmf22uwfdk3YJO/5S5Ch7bw8o6GAAGu74Y=",
            "source_code_size": 19867,
            "source_kms_key_arn": "",
            "tags": {},
            "tags_all": {
              "Environment": "dev",
              "ManagedBy": "Terraform",
              "Project": "tamagotchi-health"
            },
            "timeout": 60,
            "timeouts": null,
            "tracing_config": [
              {
                "mode": "PassThrough"
              }
            ],
            "version": "10",
            "vpc_config": []
          },
          "sensitive_attributes": [],
          "private": "eyJlMmJmYjczMC1lY2FhLTExZTYtOGY4OC0zNDM2M2JjN2M0YzAiOnsiY3JlYXRlIjo2MDAwMDAwMDAwMDAsImRlbGV0ZSI6NjAwMDAwMDAwMDAwLCJ1cGRhdGUiOjYwMDAwMDAwMDAwMH19",
          "dependencies": [
            "aws_dynamodb_table.health_data",
            "aws_dynamodb_table.user_state",
            "aws_dynamodb_table.users",
            "aws_iam_role.lambda_role",
            "data.archive_file.proactive_coach_zip"
          ]
        }
      ]
    },
    {
      "mode": "managed",
      "type": "aws_lambda_function",
      "name": "sensor_ingest",
      "provider": "provider[\"registry.terraform.io/hashicorp/aws\"]",
      "instances": [
        {
          "schema_version": 0,
          "attributes": {
            "architectures": [
              "x86_64"
            ],
            "arn": "arn:aws:lambda:eu-central-1:791736277877:function:tamagotchi-health-sensor-ingest-dev",
            "code_sha256": "vXTSHM+tINtKITzpMfJTvtoP2lbw/ZXj3S+UOxJBgGQ=",
            "code_signing_config_arn": "",
            "dead_letter_config": [],
            "description": "",
            "environment": [
              {
                "variables": {
                  "DYNAMODB_TABLE": "tamagotchi-health-user-state-dev",
                  "ENV": "dev",
                  "HEALTH_TABLE": "tamagotchi-health-health-data-dev",
                  "PROJECT_NAME": "tamagotchi-health",
                  "STATE_REACTOR_FUNCTION_NAME": "tamagotchi-health-state-reactor-dev"
                }
              }
            ],
            "ephemeral_storage": [
              {
                "size": 512
              }
            ],
            "file_system_config": [],
            "filename": "./.build/ingest.zip",
            "function_name": "tamagotchi-health-sensor-ingest-dev",
            "handler": "sensor_ingest.handler",
            "id": "tamagotchi-health-sensor-ingest-dev",
            "image_config": [],
            "image_uri": "",
            "invoke_arn": "arn:aws:apigateway:eu-central-1:lambda:path/2015-03-31/functions/arn:aws:lambda:eu-central-1:791736277877:function:tamagotchi-health-sensor-ingest-dev/invocations",
            "kms_key_arn": "",
            "last_modified": "2025-11-23T07:15:50.000+0000",
            "layers": [],
            "logging_config": [
              {
                "application_log_level": "",
                "log_format": "Text",
                "log_group": "/aws/lambda/tamagotchi-health-sensor-ingest-dev",
                "system_log_level": ""
              }
            ],
            "memory_size": 128,
            "package_type": "Zip",
            "publish": true,
            "qualified_arn": "arn:aws:lambda:eu-central-1:791736277877:function:tamagotchi-health-sensor-ingest-dev:4",
            "qualified_invoke_arn": "arn:aws:apigateway:eu-central-1:lambda:path/2015-03-31/functions/arn:aws:lambda:eu-central-1:791736277877:function:tamagotchi-health-sensor-ingest-dev:4/invocations",
            "region": "eu-central-1",
            "replace_security_groups_on_destroy": null,
            "replacement_security_group_ids": null,
            "reserved_concurrent_executions": -1,
            "role": "arn:aws:iam::791736277877:role/tamagotchi-health-lambda-role-dev",
            "runtime": "python3.11",
            "s3_bucket": null,
            "s3_key": null,
            "s3_object_version": null,
            "signing_job_arn": "",
            "signing_profile_version_arn": "",
            "skip_destroy": false,
            "snap_start": [],
            "source_code_hash": "e+6/0GU4eI8jtwEZnWRCMXjPPOt7/ieLEb7Y3khiTOc=",
            "source_code_size": 1431,
            "source_kms_key_arn": "",
            "tags": {},
            "tags_all": {
              "Environment": "dev",
              "ManagedBy": "Terraform",
              "Project": "tamagotchi-health"
            },
            "timeout": 10,
            "timeouts": null,
            "tracing_config": [
              {
                "mode": "PassThrough"
              }
            ],
            "version": "4",
            "vpc_config": []
          },
          "sensitive_attributes": [],
          "private": "eyJlMmJmYjczMC1lY2FhLTExZTYtOGY4OC0zNDM2M2JjN2M0YzAiOnsiY3JlYXRlIjo2MDAwMDAwMDAwMDAsImRlbGV0ZSI6NjAwMDAwMDAwMDAwLCJ1cGRhdGUiOjYwMDAwMDAwMDAwMH19",
          "dependencies": [
            "aws_dynamodb_table.avatar_cache",
            "aws_dynamodb_table.health_data",
            "aws_dynamodb_table.user_state",
            "aws_dynamodb_table.users",
            "aws_iam_role.lambda_role",
            "aws_lambda_function.avatar_generator",
            "aws_lambda_function.characterizer",
            "aws_lambda_function.context_retriever",
            "aws_lambda_function.expert_activity",
            "aws_lambda_function.expert_supervisor",
            "aws_lambda_function.expert_vitals",
            "aws_lambda_function.expert_wellbeing",
            "aws_lambda_function.state_reactor",
            "aws_lambda_layer_version.gcp_deps_layer",
            "aws_s3_bucket.avatars",
            "data.archive_file.avatar_zip",
            "data.archive_file.gcp_deps_layer_zip",
            "data.archive_file.ingest_zip",
            "data.archive_file.retriever_zip",
            "data.archive_file.state_reactor_zip",
            "google_storage_bucket.video_assets"
          ]
        }
      ]
    },
    {
      "mode": "managed",
      "type": "aws_lambda_function",
      "name": "state_reactor",
      "provider": "provider[\"registry.terraform.io/hashicorp/aws\"]",
      "instances": [
        {
          "schema_version": 0,
          "attributes": {
            "architectures": [
              "x86_64"
            ],
            "arn": "arn:aws:lambda:eu-central-1:791736277877:function:tamagotchi-health-state-reactor-dev",
            "code_sha256": "OYYCvcQ6OhZbTK0Af1M0F5JtfIl7ITHIjDWWCZuXK+s=",
            "code_signing_config_arn": "",
            "dead_letter_config": [],
            "description": "",
            "environment": [
              {
                "variables": {
                  "ACTIVITY_FUNCTION": "tamagotchi-health-expert-activity-dev",
                  "AVATAR_GENERATOR_FUNCTION_NAME": "tamagotchi-health-avatar-generator-dev",
                  "CHARACTERIZER_FUNCTION": "tamagotchi-health-characterizer-dev",
                  "CONTEXT_RETRIEVER_LAMBDA_ARN": "arn:aws:lambda:eu-central-1:791736277877:function:tamagotchi-health-context-retriever-dev",
                  "DYNAMODB_TABLE": "tamagotchi-health-user-state-dev",
                  "ENV": "dev",
                  "HEALTH_TABLE": "tamagotchi-health-health-data-dev",
                  "SUPERVISOR_FUNCTION": "tamagotchi-health-supervisor-dev",
                  "USERS_TABLE": "tamagotchi-health-users-dev",
                  "VITALS_FUNCTION": "tamagotchi-health-expert-vitals-dev",
                  "WELLBEING_FUNCTION": "tamagotchi-health-expert-wellbeing-dev"
                }
              }
            ],
            "ephemeral_storage": [
              {
                "size": 512
              }
            ],
            "file_system_config": [],
            "filename": "./.build/state_reactor.zip",
            "function_name": "tamagotchi-health-state-reactor-dev",
            "handler": "handler.handler",
            "id": "tamagotchi-health-state-reactor-dev",
            "image_config": [],
            "image_uri": "",
            "invoke_arn": "arn:aws:apigateway:eu-central-1:lambda:path/2015-03-31/functions/arn:aws:lambda:eu-central-1:791736277877:function:tamagotchi-health-state-reactor-dev/invocations",
            "kms_key_arn": "",
            "last_modified": "2025-11-23T08:41:11.000+0000",
            "layers": [],
            "logging_config": [
              {
                "application_log_level": "",
                "log_format": "Text",
                "log_group": "/aws/lambda/tamagotchi-health-state-reactor-dev",
                "system_log_level": ""
              }
            ],
            "memory_size": 256,
            "package_type": "Zip",
            "publish": true,
            "qualified_arn": "arn:aws:lambda:eu-central-1:791736277877:function:tamagotchi-health-state-reactor-dev:12",
            "qualified_invoke_arn": "arn:aws:apigateway:eu-central-1:lambda:path/2015-03-31/functions/arn:aws:lambda:eu-central-1:791736277877:function:tamagotchi-health-state-reactor-dev:12/invocations",
            "region": "eu-central-1",
            "replace_security_groups_on_destroy": null,
            "replacement_security_group_ids": null,
            "reserved_concurrent_executions": -1,
            "role": "arn:aws:iam::791736277877:role/tamagotchi-health-lambda-role-dev",
            "runtime": "python3.11",
            "s3_bucket": null,
            "s3_key": null,
            "s3_object_version": null,
            "signing_job_arn": "",
            "signing_profile_version_arn": "",
            "skip_destroy": false,
            "snap_start": [],
            "source_code_hash": "OYYCvcQ6OhZbTK0Af1M0F5JtfIl7ITHIjDWWCZuXK+s=",
            "source_code_size": 31225,
            "source_kms_key_arn": "",
            "tags": {},
            "tags_all": {
              "Environment": "dev",
              "ManagedBy": "Terraform",
              "Project": "tamagotchi-health"
            },
            "timeout": 60,
            "timeouts": null,
            "tracing_config": [
              {
                "mode": "PassThrough"
              }
            ],
            "version": "12",
            "vpc_config": []
          },
          "sensitive_attributes": [],
          "private": "eyJlMmJmYjczMC1lY2FhLTExZTYtOGY4OC0zNDM2M2JjN2M0YzAiOnsiY3JlYXRlIjo2MDAwMDAwMDAwMDAsImRlbGV0ZSI6NjAwMDAwMDAwMDAwLCJ1cGRhdGUiOjYwMDAwMDAwMDAwMH19",
          "dependencies": [
            "aws_dynamodb_table.avatar_cache",
            "aws_dynamodb_table.health_data",
            "aws_dynamodb_table.user_state",
            "aws_dynamodb_table.users",
            "aws_iam_role.lambda_role",
            "aws_lambda_function.avatar_generator",
            "aws_lambda_function.characterizer",
            "aws_lambda_function.context_retriever",
            "aws_lambda_function.expert_activity",
            "aws_lambda_function.expert_supervisor",
            "aws_lambda_function.expert_vitals",
            "aws_lambda_function.expert_wellbeing",
            "aws_lambda_layer_version.gcp_deps_layer",
            "aws_s3_bucket.avatars",
            "data.archive_file.avatar_zip",
            "data.archive_file.gcp_deps_layer_zip",
            "data.archive_file.retriever_zip",
            "data.archive_file.state_reactor_zip",
            "google_storage_bucket.video_assets"
          ]
        }
      ]
    },
    {
      "mode": "managed",
      "type": "aws_lambda_function",
      "name": "user_manager",
      "provider": "provider[\"registry.terraform.io/hashicorp/aws\"]",
      "instances": [
        {
          "schema_version": 0,
          "attributes": {
            "architectures": [
              "x86_64"
            ],
            "arn": "arn:aws:lambda:eu-central-1:791736277877:function:tamagotchi-health-user-manager-dev",
            "code_sha256": "WPXRK2cJmZu3kPdiaG0nSE1JH9jDzv2O7P0R1D9qivg=",
            "code_signing_config_arn": "",
            "dead_letter_config": [],
            "description": "",
            "environment": [
              {
                "variables": {
                  "AVATAR_BUCKET": "tamagotchi-health-avatars-dev",
                  "ENV": "dev",
                  "USERS_TABLE": "tamagotchi-health-users-dev",
                  "USER_STATE_TABLE": "tamagotchi-health-user-state-dev"
                }
              }
            ],
            "ephemeral_storage": [
              {
                "size": 512
              }
            ],
            "file_system_config": [],
            "filename": "./.build/user.zip",
            "function_name": "tamagotchi-health-user-manager-dev",
            "handler": "manager.handler",
            "id": "tamagotchi-health-user-manager-dev",
            "image_config": [],
            "image_uri": "",
            "invoke_arn": "arn:aws:apigateway:eu-central-1:lambda:path/2015-03-31/functions/arn:aws:lambda:eu-central-1:791736277877:function:tamagotchi-health-user-manager-dev/invocations",
            "kms_key_arn": "",
            "last_modified": "2025-11-23T08:40:00.000+0000",
            "layers": [],
            "logging_config": [
              {
                "application_log_level": "",
                "log_format": "Text",
                "log_group": "/aws/lambda/tamagotchi-health-user-manager-dev",
                "system_log_level": ""
              }
            ],
            "memory_size": 128,
            "package_type": "Zip",
            "publish": true,
            "qualified_arn": "arn:aws:lambda:eu-central-1:791736277877:function:tamagotchi-health-user-manager-dev:8",
            "qualified_invoke_arn": "arn:aws:apigateway:eu-central-1:lambda:path/2015-03-31/functions/arn:aws:lambda:eu-central-1:791736277877:function:tamagotchi-health-user-manager-dev:8/invocations",
            "region": "eu-central-1",
            "replace_security_groups_on_destroy": null,
            "replacement_security_group_ids": null,
            "reserved_concurrent_executions": -1,
            "role": "arn:aws:iam::791736277877:role/tamagotchi-health-lambda-role-dev",
            "runtime": "python3.11",
            "s3_bucket": null,
            "s3_key": null,
            "s3_object_version": null,
            "signing_job_arn": "",
            "signing_profile_version_arn": "",
            "skip_destroy": false,
            "snap_start": [],
            "source_code_hash": "VZRj0ZI1IUecGdCPt6Ux7IOBUmFyFQHjBiZND7S8Inw=",
            "source_code_size": 2738,
            "source_kms_key_arn": "",
            "tags": {},
            "tags_all": {
              "Environment": "dev",
              "ManagedBy": "Terraform",
              "Project": "tamagotchi-health"
            },
            "timeout": 10,
            "timeouts": null,
            "tracing_config": [
              {
                "mode": "PassThrough"
              }
            ],
            "version": "8",
            "vpc_config": []
          },
          "sensitive_attributes": [],
          "private": "eyJlMmJmYjczMC1lY2FhLTExZTYtOGY4OC0zNDM2M2JjN2M0YzAiOnsiY3JlYXRlIjo2MDAwMDAwMDAwMDAsImRlbGV0ZSI6NjAwMDAwMDAwMDAwLCJ1cGRhdGUiOjYwMDAwMDAwMDAwMH19",
          "dependencies": [
            "aws_dynamodb_table.user_state",
            "aws_dynamodb_table.users",
            "aws_iam_role.lambda_role",
            "aws_s3_bucket.avatars",
            "data.archive_file.user_zip"
          ]
        }
      ]
    },
    {
      "mode": "managed",
      "type": "aws_lambda_layer_version",
      "name": "gcp_deps_layer",
      "provider": "provider[\"registry.terraform.io/hashicorp/aws\"]",
      "instances": [
        {
          "schema_version": 0,
          "attributes": {
            "arn": "arn:aws:lambda:eu-central-1:791736277877:layer:tamagotchi-health-gcp-deps-layer-dev:9",
            "code_sha256": "p4JdiS8i/BVVC7sKPhxosdH9AX4L5v6W1zrOAYnQrmo=",
            "compatible_architectures": [],
            "compatible_runtimes": [
              "python3.11"
            ],
            "created_date": "2025-11-23T08:40:05.519+0000",
            "description": "",
            "filename": "./.build/gcp_deps_layer.zip",
            "id": "arn:aws:lambda:eu-central-1:791736277877:layer:tamagotchi-health-gcp-deps-layer-dev:9",
            "layer_arn": "arn:aws:lambda:eu-central-1:791736277877:layer:tamagotchi-health-gcp-deps-layer-dev",
            "layer_name": "tamagotchi-health-gcp-deps-layer-dev",
            "license_info": "",
            "region": "eu-central-1",
            "s3_bucket": null,
            "s3_key": null,
            "s3_object_version": null,
            "signing_job_arn": "",
            "signing_profile_version_arn": "",
            "skip_destroy": false,
            "source_code_hash": "p4JdiS8i/BVVC7sKPhxosdH9AX4L5v6W1zrOAYnQrmo=",
            "source_code_size": 19769100,
            "version": "9"
          },
          "sensitive_attributes": [],
          "private": "bnVsbA==",
          "dependencies": [
            "data.archive_file.gcp_deps_layer_zip"
          ]
        }
      ]
    },
    {
      "mode": "managed",
      "type": "aws_lambda_permission",
      "name": "allow_cloudwatch",
      "provider": "provider[\"registry.terraform.io/hashicorp/aws\"]",
      "instances": [
        {
          "schema_version": 0,
          "attributes": {
            "action": "lambda:InvokeFunction",
            "event_source_token": null,
            "function_name": "tamagotchi-health-orchestrator-dev",
            "function_url_auth_type": null,
            "id": "AllowExecutionFromCloudWatch",
            "principal": "events.amazonaws.com",
            "principal_org_id": null,
            "qualifier": "",
            "region": "eu-central-1",
            "source_account": null,
            "source_arn": "arn:aws:events:eu-central-1:791736277877:rule/tamagotchi-health-coach-schedule-dev",
            "statement_id": "AllowExecutionFromCloudWatch",
            "statement_id_prefix": ""
          },
          "sensitive_attributes": [],
          "private": "bnVsbA==",
          "dependencies": [
            "aws_cloudwatch_event_rule.coach_schedule",
            "aws_dynamodb_table.avatar_cache",
            "aws_dynamodb_table.health_data",
            "aws_dynamodb_table.user_state",
            "aws_dynamodb_table.users",
            "aws_iam_role.lambda_role",
            "aws_lambda_function.avatar_generator",
            "aws_lambda_function.characterizer",
            "aws_lambda_function.context_retriever",
            "aws_lambda_function.expert_activity",
            "aws_lambda_function.expert_supervisor",
            "aws_lambda_function.expert_vitals",
            "aws_lambda_function.expert_wellbeing",
            "aws_lambda_function.orchestrator",
            "aws_lambda_function.proactive_coach",
            "aws_lambda_function.state_reactor",
            "aws_lambda_layer_version.gcp_deps_layer",
            "aws_s3_bucket.avatars",
            "data.archive_file.avatar_zip",
            "data.archive_file.gcp_deps_layer_zip",
            "data.archive_file.orchestrator_zip",
            "data.archive_file.proactive_coach_zip",
            "data.archive_file.retriever_zip",
            "data.archive_file.state_reactor_zip",
            "google_storage_bucket.video_assets"
          ]
        }
      ]
    },
    {
      "mode": "managed",
      "type": "aws_lambda_permission",
      "name": "api_gw_avatar",
      "provider": "provider[\"registry.terraform.io/hashicorp/aws\"]",
      "instances": [
        {
          "schema_version": 0,
          "attributes": {
            "action": "lambda:InvokeFunction",
            "event_source_token": null,
            "function_name": "tamagotchi-health-avatar-generator-dev",
            "function_url_auth_type": null,
            "id": "AllowExecutionFromAPIGatewayAvatar",
            "principal": "apigateway.amazonaws.com",
            "principal_org_id": null,
            "qualifier": "",
            "region": "eu-central-1",
            "source_account": null,
            "source_arn": "arn:aws:execute-api:eu-central-1:791736277877:lnt6x6tek2/*/*/avatar/*",
            "statement_id": "AllowExecutionFromAPIGatewayAvatar",
            "statement_id_prefix": ""
          },
          "sensitive_attributes": [],
          "private": "bnVsbA==",
          "dependencies": [
            "aws_apigatewayv2_api.http_api",
            "aws_dynamodb_table.avatar_cache",
            "aws_dynamodb_table.health_data",
            "aws_dynamodb_table.user_state",
            "aws_dynamodb_table.users",
            "aws_iam_role.lambda_role",
            "aws_lambda_function.avatar_generator",
            "aws_lambda_layer_version.gcp_deps_layer",
            "aws_s3_bucket.avatars",
            "data.archive_file.avatar_zip",
            "data.archive_file.gcp_deps_layer_zip",
            "google_storage_bucket.video_assets"
          ]
        }
      ]
    },
    {
      "mode": "managed",
      "type": "aws_lambda_permission",
      "name": "api_gw_demo",
      "provider": "provider[\"registry.terraform.io/hashicorp/aws\"]",
      "instances": [
        {
          "schema_version": 0,
          "attributes": {
            "action": "lambda:InvokeFunction",
            "event_source_token": null,
            "function_name": "tamagotchi-health-demo-trigger-dev",
            "function_url_auth_type": null,
            "id": "AllowExecutionFromAPIGatewayDemo",
            "principal": "apigateway.amazonaws.com",
            "principal_org_id": null,
            "qualifier": "",
            "region": "eu-central-1",
            "source_account": null,
            "source_arn": "arn:aws:execute-api:eu-central-1:791736277877:lnt6x6tek2/*/*/api/v1/demo/trigger",
            "statement_id": "AllowExecutionFromAPIGatewayDemo",
            "statement_id_prefix": ""
          },
          "sensitive_attributes": [],
          "private": "bnVsbA==",
          "dependencies": [
            "aws_apigatewayv2_api.http_api",
            "aws_dynamodb_table.user_state",
            "aws_iam_role.lambda_role",
            "aws_lambda_function.demo_trigger",
            "data.archive_file.demo_zip"
          ]
        }
      ]
    },
    {
      "mode": "managed",
      "type": "aws_lambda_permission",
      "name": "api_gw_echo",
      "provider": "provider[\"registry.terraform.io/hashicorp/aws\"]",
      "instances": [
        {
          "schema_version": 0,
          "attributes": {
            "action": "lambda:InvokeFunction",
            "event_source_token": null,
            "function_name": "tamagotchi-health-echo-dev",
            "function_url_auth_type": null,
            "id": "AllowExecutionFromAPIGatewayEcho",
            "principal": "apigateway.amazonaws.com",
            "principal_org_id": null,
            "qualifier": "",
            "region": "eu-central-1",
            "source_account": null,
            "source_arn": "arn:aws:execute-api:eu-central-1:791736277877:lnt6x6tek2/*/*/api/v1/echo",
            "statement_id": "AllowExecutionFromAPIGatewayEcho",
            "statement_id_prefix": ""
          },
          "sensitive_attributes": [],
          "private": "bnVsbA==",
          "dependencies": [
            "aws_apigatewayv2_api.http_api",
            "aws_iam_role.lambda_role",
            "aws_lambda_function.echo",
            "data.archive_file.echo_zip"
          ]
        }
      ]
    },
    {
      "mode": "managed",
      "type": "aws_lambda_permission",
      "name": "api_gw_ingest",
      "provider": "provider[\"registry.terraform.io/hashicorp/aws\"]",
      "instances": [
        {
          "schema_version": 0,
          "attributes": {
            "action": "lambda:InvokeFunction",
            "event_source_token": null,
            "function_name": "tamagotchi-health-sensor-ingest-dev",
            "function_url_auth_type": null,
            "id": "AllowExecutionFromAPIGateway",
            "principal": "apigateway.amazonaws.com",
            "principal_org_id": null,
            "qualifier": "",
            "region": "eu-central-1",
            "source_account": null,
            "source_arn": "arn:aws:execute-api:eu-central-1:791736277877:lnt6x6tek2/*/*/api/v1/user/*/data",
            "statement_id": "AllowExecutionFromAPIGateway",
            "statement_id_prefix": ""
          },
          "sensitive_attributes": [],
          "private": "bnVsbA==",
          "dependencies": [
            "aws_apigatewayv2_api.http_api",
            "aws_dynamodb_table.avatar_cache",
            "aws_dynamodb_table.health_data",
            "aws_dynamodb_table.user_state",
            "aws_dynamodb_table.users",
            "aws_iam_role.lambda_role",
            "aws_lambda_function.avatar_generator",
            "aws_lambda_function.characterizer",
            "aws_lambda_function.context_retriever",
            "aws_lambda_function.expert_activity",
            "aws_lambda_function.expert_supervisor",
            "aws_lambda_function.expert_vitals",
            "aws_lambda_function.expert_wellbeing",
            "aws_lambda_function.sensor_ingest",
            "aws_lambda_function.state_reactor",
            "aws_lambda_layer_version.gcp_deps_layer",
            "aws_s3_bucket.avatars",
            "data.archive_file.avatar_zip",
            "data.archive_file.gcp_deps_layer_zip",
            "data.archive_file.ingest_zip",
            "data.archive_file.retriever_zip",
            "data.archive_file.state_reactor_zip",
            "google_storage_bucket.video_assets"
          ]
        }
      ]
    },
    {
      "mode": "managed",
      "type": "aws_lambda_permission",
      "name": "api_gw_user",
      "provider": "provider[\"registry.terraform.io/hashicorp/aws\"]",
      "instances": [
        {
          "schema_version": 0,
          "attributes": {
            "action": "lambda:InvokeFunction",
            "event_source_token": null,
            "function_name": "tamagotchi-health-user-manager-dev",
            "function_url_auth_type": null,
            "id": "AllowExecutionFromAPIGatewayUser",
            "principal": "apigateway.amazonaws.com",
            "principal_org_id": null,
            "qualifier": "",
            "region": "eu-central-1",
            "source_account": null,
            "source_arn": "arn:aws:execute-api:eu-central-1:791736277877:lnt6x6tek2/*/*/api/v1/users*",
            "statement_id": "AllowExecutionFromAPIGatewayUser",
            "statement_id_prefix": ""
          },
          "sensitive_attributes": [],
          "private": "bnVsbA==",
          "dependencies": [
            "aws_apigatewayv2_api.http_api",
            "aws_dynamodb_table.user_state",
            "aws_dynamodb_table.users",
            "aws_iam_role.lambda_role",
            "aws_lambda_function.user_manager",
            "aws_s3_bucket.avatars",
            "data.archive_file.user_zip"
          ]
        }
      ]
    },
    {
      "mode": "managed",
      "type": "aws_s3_bucket",
      "name": "avatars",
      "provider": "provider[\"registry.terraform.io/hashicorp/aws\"]",
      "instances": [
        {
          "schema_version": 0,
          "attributes": {
            "acceleration_status": "",
            "acl": null,
            "arn": "arn:aws:s3:::tamagotchi-health-avatars-dev",
            "bucket": "tamagotchi-health-avatars-dev",
            "bucket_domain_name": "tamagotchi-health-avatars-dev.s3.amazonaws.com",
            "bucket_prefix": "",
            "bucket_region": "eu-central-1",
            "bucket_regional_domain_name": "tamagotchi-health-avatars-dev.s3.eu-central-1.amazonaws.com",
            "cors_rule": [
              {
                "allowed_headers": [
                  "*"
                ],
                "allowed_methods": [
                  "POST",
                  "GET",
                  "HEAD",
                  "DELETE",
                  "PUT"
                ],
                "allowed_origins": [
                  "*"
                ],
                "expose_headers": [
                  "ETag"
                ],
                "max_age_seconds": 3000
              }
            ],
            "force_destroy": false,
            "grant": [
              {
                "id": "f57f128c8c7a70d4e6774fca8509ddb47654ed19030d8cb73361b1b069b02e2a",
                "permissions": [
                  "FULL_CONTROL"
                ],
                "type": "CanonicalUser",
                "uri": ""
              }
            ],
            "hosted_zone_id": "Z21DNDUVLTQW6Q",
            "id": "tamagotchi-health-avatars-dev",
            "lifecycle_rule": [],
            "logging": [],
            "object_lock_configuration": [],
            "object_lock_enabled": false,
            "policy": "",
            "region": "eu-central-1",
            "replication_configuration": [],
            "request_payer": "BucketOwner",
            "server_side_encryption_configuration": [
              {
                "rule": [
                  {
                    "apply_server_side_encryption_by_default": [
                      {
                        "kms_master_key_id": "",
                        "sse_algorithm": "AES256"
                      }
                    ],
                    "bucket_key_enabled": false
                  }
                ]
              }
            ],
            "tags": {},
            "tags_all": {
              "Environment": "dev",
              "ManagedBy": "Terraform",
              "Project": "tamagotchi-health"
            },
            "timeouts": null,
            "versioning": [
              {
                "enabled": false,
                "mfa_delete": false
              }
            ],
            "website": [],
            "website_domain": null,
            "website_endpoint": null
          },
          "sensitive_attributes": [],
          "private": "eyJlMmJmYjczMC1lY2FhLTExZTYtOGY4OC0zNDM2M2JjN2M0YzAiOnsiY3JlYXRlIjoxMjAwMDAwMDAwMDAwLCJkZWxldGUiOjM2MDAwMDAwMDAwMDAsInJlYWQiOjEyMDAwMDAwMDAwMDAsInVwZGF0ZSI6MTIwMDAwMDAwMDAwMH19"
        }
      ]
    },
    {
      "mode": "managed",
      "type": "aws_s3_bucket_cors_configuration",
      "name": "avatars",
      "provider": "provider[\"registry.terraform.io/hashicorp/aws\"]",
      "instances": [
        {
          "schema_version": 0,
          "attributes": {
            "bucket": "tamagotchi-health-avatars-dev",
            "cors_rule": [
              {
                "allowed_headers": [
                  "*"
                ],
                "allowed_methods": [
                  "DELETE",
                  "GET",
                  "HEAD",
                  "POST",
                  "PUT"
                ],
                "allowed_origins": [
                  "*"
                ],
                "expose_headers": [
                  "ETag"
                ],
                "id": "",
                "max_age_seconds": 3000
              }
            ],
            "expected_bucket_owner": "",
            "id": "tamagotchi-health-avatars-dev",
            "region": "eu-central-1"
          },
          "sensitive_attributes": [],
          "private": "bnVsbA==",
          "dependencies": [
            "aws_s3_bucket.avatars"
          ]
        }
      ]
    },
    {
      "mode": "managed",
      "type": "aws_s3_bucket_public_access_block",
      "name": "avatars",
      "provider": "provider[\"registry.terraform.io/hashicorp/aws\"]",
      "instances": [
        {
          "schema_version": 0,
          "attributes": {
            "block_public_acls": false,
            "block_public_policy": false,
            "bucket": "tamagotchi-health-avatars-dev",
            "id": "tamagotchi-health-avatars-dev",
            "ignore_public_acls": false,
            "region": "eu-central-1",
            "restrict_public_buckets": false,
            "skip_destroy": null
          },
          "sensitive_attributes": [],
          "private": "bnVsbA==",
          "dependencies": [
            "aws_s3_bucket.avatars"
          ]
        }
      ]
    },
    {
      "mode": "managed",
      "type": "google_project_service",
      "name": "aiplatform",
      "provider": "provider[\"registry.terraform.io/hashicorp/google\"]",
      "instances": [
        {
          "schema_version": 0,
          "attributes": {
            "disable_dependent_services": null,
            "disable_on_destroy": false,
            "id": "hackatum25mun-1040/aiplatform.googleapis.com",
            "project": "hackatum25mun-1040",
            "service": "aiplatform.googleapis.com",
            "timeouts": null
          },
          "sensitive_attributes": [],
          "private": "eyJlMmJmYjczMC1lY2FhLTExZTYtOGY4OC0zNDM2M2JjN2M0YzAiOnsiY3JlYXRlIjoxMjAwMDAwMDAwMDAwLCJkZWxldGUiOjEyMDAwMDAwMDAwMDAsInJlYWQiOjYwMDAwMDAwMDAwMCwidXBkYXRlIjoxMjAwMDAwMDAwMDAwfX0="
        }
      ]
    },
    {
      "mode": "managed",
      "type": "google_storage_bucket",
      "name": "video_assets",
      "provider": "provider[\"registry.terraform.io/hashicorp/google\"]",
      "instances": [
        {
          "schema_version": 2,
          "attributes": {
            "autoclass": [],
            "cors": [],
            "custom_placement_config": [],
            "default_event_based_hold": false,
            "effective_labels": {},
            "enable_object_retention": false,
            "encryption": [],
            "force_destroy": false,
            "id": "tamagotchi-health-video-assets-dev",
            "labels": {},
            "lifecycle_rule": [
              {
                "action": [
                  {
                    "storage_class": "",
                    "type": "Delete"
                  }
                ],
                "condition": [
                  {
                    "age": 7,
                    "created_before": "",
                    "custom_time_before": "",
                    "days_since_custom_time": 0,
                    "days_since_noncurrent_time": 0,
                    "matches_prefix": [],
                    "matches_storage_class": [],
                    "matches_suffix": [],
                    "no_age": false,
                    "noncurrent_time_before": "",
                    "num_newer_versions": 0,
                    "send_age_if_zero": true,
                    "send_days_since_custom_time_if_zero": false,
                    "send_days_since_noncurrent_time_if_zero": false,
                    "send_num_newer_versions_if_zero": false,
                    "with_state": "ANY"
                  }
                ]
              }
            ],
            "location": "EU",
            "logging": [],
            "name": "tamagotchi-health-video-assets-dev",
            "project": "hackatum25mun-1040",
            "project_number": 18479647447,
            "public_access_prevention": "inherited",
            "requester_pays": false,
            "retention_policy": [],
            "rpo": "DEFAULT",
            "self_link": "https://www.googleapis.com/storage/v1/b/tamagotchi-health-video-assets-dev",
            "soft_delete_policy": [
              {
                "effective_time": "2025-11-23T02:27:04.931Z",
                "retention_duration_seconds": 604800
              }
            ],
            "storage_class": "STANDARD",
            "terraform_labels": {},
            "timeouts": null,
            "uniform_bucket_level_access": true,
            "url": "gs://tamagotchi-health-video-assets-dev",
            "versioning": [],
            "website": []
          },
          "sensitive_attributes": [],
          "private": "eyJlMmJmYjczMC1lY2FhLTExZTYtOGY4OC0zNDM2M2JjN2M0YzAiOnsiY3JlYXRlIjo2MDAwMDAwMDAwMDAsInJlYWQiOjI0MDAwMDAwMDAwMCwidXBkYXRlIjoyNDAwMDAwMDAwMDB9LCJzY2hlbWFfdmVyc2lvbiI6IjIifQ=="
        }
      ]
    },
    {
      "mode": "managed",
      "type": "google_storage_bucket_iam_member",
      "name": "video_assets_public_read",
      "provider": "provider[\"registry.terraform.io/hashicorp/google\"]",
      "instances": [
        {
          "schema_version": 0,
          "attributes": {
            "bucket": "b/tamagotchi-health-video-assets-dev",
            "condition": [],
            "etag": "CAI=",
            "id": "b/tamagotchi-health-video-assets-dev/roles/storage.objectViewer/allUsers",
            "member": "allUsers",
            "role": "roles/storage.objectViewer"
          },
          "sensitive_attributes": [],
          "private": "bnVsbA==",
          "dependencies": [
            "google_storage_bucket.video_assets"
          ]
        }
      ]
    }
  ],
  "check_results": null
}
