{
  "version": 4,
  "terraform_version": "1.5.7",
  "serial": 130,
  "lineage": "ec05f9f3-302c-9564-2543-bf7052e1cdde",
  "outputs": {
    "api_endpoint": {
      "value": "https://lnt6x6tek2.execute-api.eu-central-1.amazonaws.com",
      "type": "string"
    },
    "dynamodb_table_name": {
      "value": "tamagotchi-health-user-state-dev",
      "type": "string"
    }
  },
  "resources": [
    {
      "mode": "data",
      "type": "archive_file",
      "name": "avatar_zip",
      "provider": "provider[\"registry.terraform.io/hashicorp/archive\"]",
      "instances": [
        {
          "schema_version": 0,
          "attributes": {
            "exclude_symlink_directories": null,
            "excludes": [
              "__pycache__"
            ],
            "id": "4173552592d3353d954dbbd36176e1e0bbc6b04b",
            "output_base64sha256": "MSVSQaJdRBeeh2SPGHdV36DHPxMFI9hFkiXeiG4zHFw=",
            "output_base64sha512": "AH00VICDLNdfCKSfmkI5Oki6+vtgNrebqhpd6tKS2Z6O/H/kRcoPHVAAbHMgBvvk1dC47VUp4qqUmDF+ojlGxw==",
            "output_file_mode": null,
            "output_md5": "fd31eebfaaa43e78c0dee2242cb853a0",
            "output_path": "./.build/avatar.zip",
            "output_sha": "4173552592d3353d954dbbd36176e1e0bbc6b04b",
            "output_sha256": "31255241a25d44179e87648f187755dfa0c73f130523d8459225de886e331c5c",
            "output_sha512": "007d345480832cd75f08a49f9a42393a48bafafb6036b79baa1a5dead292d99e8efc7fe445ca0f1d50006c732006fbe4d5d0b8ed5529e2aa9498317ea23946c7",
            "output_size": 2906,
            "source": [],
            "source_content": null,
            "source_content_filename": null,
            "source_dir": "./../../lambda/avatar",
            "source_file": null,
            "type": "zip"
          },
          "sensitive_attributes": []
        }
      ]
    },
    {
      "mode": "data",
      "type": "archive_file",
      "name": "demo_zip",
      "provider": "provider[\"registry.terraform.io/hashicorp/archive\"]",
      "instances": [
        {
          "schema_version": 0,
          "attributes": {
            "exclude_symlink_directories": null,
            "excludes": [
              "__pycache__"
            ],
            "id": "87c110426c5db51835cfcbd72e4aba4f7ecaf183",
            "output_base64sha256": "hm9bITDxYoJrCHxC4B4vXoRMq7G2w34E7Vi5BphwUn0=",
            "output_base64sha512": "I83RIzz/QgNtZYtMVMlP6dcKMnJWC8lLpU40jfF2CSMrC5U8AGtrBy7hx3EbYEleElkOk+XLwK5YIOy6DqfkNQ==",
            "output_file_mode": null,
            "output_md5": "1d9a44d8b6e3b0c6dc6ec15320819f0d",
            "output_path": "./.build/demo.zip",
            "output_sha": "87c110426c5db51835cfcbd72e4aba4f7ecaf183",
            "output_sha256": "866f5b2130f162826b087c42e01e2f5e844cabb1b6c37e04ed58b9069870527d",
            "output_sha512": "23cdd1233cff42036d658b4c54c94fe9d70a3272560bc94ba54e348df17609232b0b953c006b6b072ee1c7711b60495e12590e93e5cbc0ae5820ecba0ea7e435",
            "output_size": 751,
            "source": [],
            "source_content": null,
            "source_content_filename": null,
            "source_dir": "./../../lambda/demo",
            "source_file": null,
            "type": "zip"
          },
          "sensitive_attributes": []
        }
      ]
    },
    {
      "mode": "data",
      "type": "archive_file",
      "name": "echo_zip",
      "provider": "provider[\"registry.terraform.io/hashicorp/archive\"]",
      "instances": [
        {
          "schema_version": 0,
          "attributes": {
            "exclude_symlink_directories": null,
            "excludes": [
              "__pycache__"
            ],
            "id": "da2a8bca1ec12ffeac2d264cc2a3a47c283d53fe",
            "output_base64sha256": "cFusWxEGEqkUAs2E1QyqbYQSWxqUNQn5YFwT6BuQY2w=",
            "output_base64sha512": "w2FqUO0Axo6lRvC/nH65yZ80b528T4o0IDN4fSUFyqLLKm+Zy5jKeiPwTiyNMXsgcg1cNEvETBxmKaCjkNcPgg==",
            "output_file_mode": null,
            "output_md5": "cbc121ae08584153e234da589346fa82",
            "output_path": "./.build/echo.zip",
            "output_sha": "da2a8bca1ec12ffeac2d264cc2a3a47c283d53fe",
            "output_sha256": "705bac5b110612a91402cd84d50caa6d84125b1a943509f9605c13e81b90636c",
            "output_sha512": "c3616a50ed00c68ea546f0bf9c7eb9c99f346f9dbc4f8a342033787d2505caa2cb2a6f99cb98ca7a23f04e2c8d317b20720d5c344bc44c1c6629a0a390d70f82",
            "output_size": 498,
            "source": [],
            "source_content": null,
            "source_content_filename": null,
            "source_dir": "./../../lambda/echo",
            "source_file": null,
            "type": "zip"
          },
          "sensitive_attributes": []
        }
      ]
    },
    {
      "mode": "data",
      "type": "archive_file",
      "name": "gcp_deps_layer_zip",
      "provider": "provider[\"registry.terraform.io/hashicorp/archive\"]",
      "instances": [
        {
          "schema_version": 0,
          "attributes": {
            "exclude_symlink_directories": null,
            "excludes": null,
            "id": "81e064c30753d204c4121e45b8f322d7deb1c32a",
            "output_base64sha256": "w1eFJ4U/ILbyKlthXKM7a/GNp1DXBKvvzKLoZW7un4U=",
            "output_base64sha512": "RBeg+6W1w34pwBdn6hG7Z5mfMs9K0BVYZ5rokxSR9SU1QNGKmANlN5z8XWbcmOnmhI4Foo9WOs7I8eq0ozrBdg==",
            "output_file_mode": null,
            "output_md5": "b5042dab8a941767be80c912680bff6b",
            "output_path": "./.build/gcp_deps_layer.zip",
            "output_sha": "81e064c30753d204c4121e45b8f322d7deb1c32a",
            "output_sha256": "c3578527853f20b6f22a5b615ca33b6bf18da750d704abefcca2e8656eee9f85",
            "output_sha512": "4417a0fba5b5c37e29c01767ea11bb67999f32cf4ad01558679ae8931491f5253540d18a980365379cfc5d66dc98e9e6848e05a28f563acec8f1eab4a33ac176",
            "output_size": 24497684,
            "source": [],
            "source_content": null,
            "source_content_filename": null,
            "source_dir": "../../../lambda_layers/gcp_deps",
            "source_file": null,
            "type": "zip"
          },
          "sensitive_attributes": []
        }
      ]
    },
    {
      "mode": "data",
      "type": "archive_file",
      "name": "ingest_zip",
      "provider": "provider[\"registry.terraform.io/hashicorp/archive\"]",
      "instances": [
        {
          "schema_version": 0,
          "attributes": {
            "exclude_symlink_directories": null,
            "excludes": [
              "__pycache__",
              "requirements.txt"
            ],
            "id": "57a9c74c827dcdeeea1984ee11b2c5addd606c29",
            "output_base64sha256": "K/eaIavCBQVS9dAJGkqe3/KrBNiqSLaT9h/aV+Ksm0I=",
            "output_base64sha512": "+xYZglZJK/NPHtwBuXXSBb0foP5QOUBk8tcxXfGw2QyjzSPgsiUnHcYxP2gh+WdGozFISZQDZZyFGbpwkokfkw==",
            "output_file_mode": null,
            "output_md5": "7fe36c947d43b952092ffe73fba1ba3a",
            "output_path": "./.build/ingest.zip",
            "output_sha": "57a9c74c827dcdeeea1984ee11b2c5addd606c29",
            "output_sha256": "2bf79a21abc2050552f5d0091a4a9edff2ab04d8aa48b693f61fda57e2ac9b42",
            "output_sha512": "fb16198256492bf34f1edc01b975d205bd1fa0fe50394064f2d7315df1b0d90ca3cd23e0b225271dc6313f6821f96746a33148499403659c8519ba7092891f93",
            "output_size": 1345,
            "source": [],
            "source_content": null,
            "source_content_filename": null,
            "source_dir": "./../../lambda/ingest",
            "source_file": null,
            "type": "zip"
          },
          "sensitive_attributes": []
        }
      ]
    },
    {
      "mode": "data",
      "type": "archive_file",
      "name": "orchestrator_zip",
      "provider": "provider[\"registry.terraform.io/hashicorp/archive\"]",
      "instances": [
        {
          "schema_version": 0,
          "attributes": {
            "exclude_symlink_directories": null,
            "excludes": [
              "__pycache__",
              "requirements.txt"
            ],
            "id": "be199a95493524fcca072fb29a0508c23095bc5e",
            "output_base64sha256": "ABX/WgFIJVkw5krqXXVHsy/koGk0dM4kk4fRCzs5YLM=",
            "output_base64sha512": "5OIdyRHukFfjVR7TjJcF9yFwZ9d3paDtPlBH9ipQa2FbMQTiCXviee/wCo1CrUCuk5PEe+Q8MJBujKN/01zMVA==",
            "output_file_mode": null,
            "output_md5": "6ed7c5dc31ca4554b299979f467294d2",
            "output_path": "./.build/orchestrator.zip",
            "output_sha": "be199a95493524fcca072fb29a0508c23095bc5e",
            "output_sha256": "0015ff5a0148255930e64aea5d7547b32fe4a0693474ce249387d10b3b3960b3",
            "output_sha512": "e4e21dc911ee9057e3551ed38c9705f7217067d777a5a0ed3e5047f62a506b615b3104e2097be279eff00a8d42ad40ae9393c47be43c30906e8ca37fd35ccc54",
            "output_size": 3236,
            "source": [],
            "source_content": null,
            "source_content_filename": null,
            "source_dir": "./../../lambda/orchestrator",
            "source_file": null,
            "type": "zip"
          },
          "sensitive_attributes": []
        }
      ]
    },
    {
      "mode": "data",
      "type": "archive_file",
      "name": "user_zip",
      "provider": "provider[\"registry.terraform.io/hashicorp/archive\"]",
      "instances": [
        {
          "schema_version": 0,
          "attributes": {
            "exclude_symlink_directories": null,
            "excludes": [
              "__pycache__"
            ],
            "id": "8e79f6a7921481f7ba47a887518baa18810410e1",
            "output_base64sha256": "1W7k9pnpulYwZ1AjQFk9w6XxxkQMyDVKmbKFXau2irk=",
            "output_base64sha512": "SziUhfJwme/0cp27HkNtHCpIfU74U7X/7Pr6AFpliVOds0eGfsKeZAMF6oA6caIz2wJuJbZGELpSqyzpa3i7ag==",
            "output_file_mode": null,
            "output_md5": "6d463bb8b563026d720f18d0cdaeedc3",
            "output_path": "./.build/user.zip",
            "output_sha": "8e79f6a7921481f7ba47a887518baa18810410e1",
            "output_sha256": "d56ee4f699e9ba563067502340593dc3a5f1c6440cc8354a99b2855dabb68ab9",
            "output_sha512": "4b389485f27099eff4729dbb1e436d1c2a487d4ef853b5ffecfafa005a6589539db347867ec29e640305ea803a71a233db026e25b64610ba52ab2ce96b78bb6a",
            "output_size": 1394,
            "source": [],
            "source_content": null,
            "source_content_filename": null,
            "source_dir": "./../../lambda/user",
            "source_file": null,
            "type": "zip"
          },
          "sensitive_attributes": []
        }
      ]
    },
    {
      "mode": "data",
      "type": "aws_caller_identity",
      "name": "current",
      "provider": "provider[\"registry.terraform.io/hashicorp/aws\"]",
      "instances": [
        {
          "schema_version": 0,
          "attributes": {
            "account_id": "791736277877",
            "arn": "arn:aws:iam::791736277877:user/team7.user1",
            "id": "791736277877",
            "user_id": "AIDA3QVZI3N2QJPSII3K3"
          },
          "sensitive_attributes": []
        }
      ]
    },
    {
      "mode": "managed",
      "type": "aws_apigatewayv2_api",
      "name": "http_api",
      "provider": "provider[\"registry.terraform.io/hashicorp/aws\"]",
      "instances": [
        {
          "schema_version": 0,
          "attributes": {
            "api_endpoint": "https://lnt6x6tek2.execute-api.eu-central-1.amazonaws.com",
            "api_key_selection_expression": "$request.header.x-api-key",
            "arn": "arn:aws:apigateway:eu-central-1::/apis/lnt6x6tek2",
            "body": null,
            "cors_configuration": [],
            "credentials_arn": null,
            "description": "",
            "disable_execute_api_endpoint": false,
            "execution_arn": "arn:aws:execute-api:eu-central-1:791736277877:lnt6x6tek2",
            "fail_on_warnings": null,
            "id": "lnt6x6tek2",
            "ip_address_type": "ipv4",
            "name": "tamagotchi-health-api-dev",
            "protocol_type": "HTTP",
            "route_key": null,
            "route_selection_expression": "$request.method $request.path",
            "tags": {},
            "tags_all": {
              "Environment": "dev",
              "ManagedBy": "Terraform",
              "Project": "tamagotchi-health"
            },
            "target": null,
            "version": ""
          },
          "sensitive_attributes": [],
          "private": "bnVsbA=="
        }
      ]
    },
    {
      "mode": "managed",
      "type": "aws_apigatewayv2_integration",
      "name": "avatar_generator",
      "provider": "provider[\"registry.terraform.io/hashicorp/aws\"]",
      "instances": [
        {
          "schema_version": 0,
          "attributes": {
            "api_id": "lnt6x6tek2",
            "connection_id": "",
            "connection_type": "INTERNET",
            "content_handling_strategy": "",
            "credentials_arn": "",
            "description": "",
            "id": "u8x5ue7",
            "integration_method": "POST",
            "integration_response_selection_expression": "",
            "integration_subtype": "",
            "integration_type": "AWS_PROXY",
            "integration_uri": "arn:aws:apigateway:eu-central-1:lambda:path/2015-03-31/functions/arn:aws:lambda:eu-central-1:791736277877:function:tamagotchi-health-avatar-generator-dev/invocations",
            "passthrough_behavior": "",
            "payload_format_version": "2.0",
            "request_parameters": {},
            "request_templates": {},
            "response_parameters": [],
            "template_selection_expression": "",
            "timeout_milliseconds": 30000,
            "tls_config": []
          },
          "sensitive_attributes": [],
          "private": "bnVsbA==",
          "dependencies": [
            "aws_apigatewayv2_api.http_api",
            "aws_dynamodb_table.health_data",
            "aws_dynamodb_table.user_state",
            "aws_dynamodb_table.users",
            "aws_iam_role.lambda_role",
            "aws_lambda_function.avatar_generator",
            "aws_lambda_layer_version.gcp_deps_layer",
            "aws_s3_bucket.avatars",
            "data.archive_file.avatar_zip",
            "data.archive_file.gcp_deps_layer_zip"
          ]
        }
      ]
    },
    {
      "mode": "managed",
      "type": "aws_apigatewayv2_integration",
      "name": "demo_trigger",
      "provider": "provider[\"registry.terraform.io/hashicorp/aws\"]",
      "instances": [
        {
          "schema_version": 0,
          "attributes": {
            "api_id": "lnt6x6tek2",
            "connection_id": "",
            "connection_type": "INTERNET",
            "content_handling_strategy": "",
            "credentials_arn": "",
            "description": "",
            "id": "8xh1itg",
            "integration_method": "POST",
            "integration_response_selection_expression": "",
            "integration_subtype": "",
            "integration_type": "AWS_PROXY",
            "integration_uri": "arn:aws:apigateway:eu-central-1:lambda:path/2015-03-31/functions/arn:aws:lambda:eu-central-1:791736277877:function:tamagotchi-health-demo-trigger-dev/invocations",
            "passthrough_behavior": "",
            "payload_format_version": "2.0",
            "request_parameters": {},
            "request_templates": {},
            "response_parameters": [],
            "template_selection_expression": "",
            "timeout_milliseconds": 30000,
            "tls_config": []
          },
          "sensitive_attributes": [],
          "private": "bnVsbA==",
          "dependencies": [
            "aws_apigatewayv2_api.http_api",
            "aws_dynamodb_table.user_state",
            "aws_iam_role.lambda_role",
            "aws_lambda_function.demo_trigger",
            "data.archive_file.demo_zip"
          ]
        }
      ]
    },
    {
      "mode": "managed",
      "type": "aws_apigatewayv2_integration",
      "name": "echo",
      "provider": "provider[\"registry.terraform.io/hashicorp/aws\"]",
      "instances": [
        {
          "schema_version": 0,
          "attributes": {
            "api_id": "lnt6x6tek2",
            "connection_id": "",
            "connection_type": "INTERNET",
            "content_handling_strategy": "",
            "credentials_arn": "",
            "description": "",
            "id": "rjdymt3",
            "integration_method": "POST",
            "integration_response_selection_expression": "",
            "integration_subtype": "",
            "integration_type": "AWS_PROXY",
            "integration_uri": "arn:aws:apigateway:eu-central-1:lambda:path/2015-03-31/functions/arn:aws:lambda:eu-central-1:791736277877:function:tamagotchi-health-echo-dev/invocations",
            "passthrough_behavior": "",
            "payload_format_version": "2.0",
            "request_parameters": {},
            "request_templates": {},
            "response_parameters": [],
            "template_selection_expression": "",
            "timeout_milliseconds": 30000,
            "tls_config": []
          },
          "sensitive_attributes": [],
          "private": "bnVsbA==",
          "dependencies": [
            "aws_apigatewayv2_api.http_api",
            "aws_iam_role.lambda_role",
            "aws_lambda_function.echo",
            "data.archive_file.echo_zip"
          ]
        }
      ]
    },
    {
      "mode": "managed",
      "type": "aws_apigatewayv2_integration",
      "name": "sensor_ingest",
      "provider": "provider[\"registry.terraform.io/hashicorp/aws\"]",
      "instances": [
        {
          "schema_version": 0,
          "attributes": {
            "api_id": "lnt6x6tek2",
            "connection_id": "",
            "connection_type": "INTERNET",
            "content_handling_strategy": "",
            "credentials_arn": "",
            "description": "",
            "id": "zdrfesl",
            "integration_method": "POST",
            "integration_response_selection_expression": "",
            "integration_subtype": "",
            "integration_type": "AWS_PROXY",
            "integration_uri": "arn:aws:apigateway:eu-central-1:lambda:path/2015-03-31/functions/arn:aws:lambda:eu-central-1:791736277877:function:tamagotchi-health-sensor-ingest-dev/invocations",
            "passthrough_behavior": "",
            "payload_format_version": "2.0",
            "request_parameters": {},
            "request_templates": {},
            "response_parameters": [],
            "template_selection_expression": "",
            "timeout_milliseconds": 30000,
            "tls_config": []
          },
          "sensitive_attributes": [],
          "private": "bnVsbA==",
          "dependencies": [
            "aws_apigatewayv2_api.http_api",
            "aws_dynamodb_table.health_data",
            "aws_dynamodb_table.user_state",
            "aws_iam_role.lambda_role",
            "aws_lambda_function.sensor_ingest",
            "data.archive_file.ingest_zip"
          ]
        }
      ]
    },
    {
      "mode": "managed",
      "type": "aws_apigatewayv2_integration",
      "name": "user_manager",
      "provider": "provider[\"registry.terraform.io/hashicorp/aws\"]",
      "instances": [
        {
          "schema_version": 0,
          "attributes": {
            "api_id": "lnt6x6tek2",
            "connection_id": "",
            "connection_type": "INTERNET",
            "content_handling_strategy": "",
            "credentials_arn": "",
            "description": "",
            "id": "mqymce2",
            "integration_method": "POST",
            "integration_response_selection_expression": "",
            "integration_subtype": "",
            "integration_type": "AWS_PROXY",
            "integration_uri": "arn:aws:apigateway:eu-central-1:lambda:path/2015-03-31/functions/arn:aws:lambda:eu-central-1:791736277877:function:tamagotchi-health-user-manager-dev/invocations",
            "passthrough_behavior": "",
            "payload_format_version": "2.0",
            "request_parameters": {},
            "request_templates": {},
            "response_parameters": [],
            "template_selection_expression": "",
            "timeout_milliseconds": 30000,
            "tls_config": []
          },
          "sensitive_attributes": [],
          "private": "bnVsbA==",
          "dependencies": [
            "aws_apigatewayv2_api.http_api",
            "aws_dynamodb_table.user_state",
            "aws_dynamodb_table.users",
            "aws_iam_role.lambda_role",
            "aws_lambda_function.user_manager",
            "aws_s3_bucket.avatars",
            "data.archive_file.user_zip"
          ]
        }
      ]
    },
    {
      "mode": "managed",
      "type": "aws_apigatewayv2_route",
      "name": "create_user",
      "provider": "provider[\"registry.terraform.io/hashicorp/aws\"]",
      "instances": [
        {
          "schema_version": 0,
          "attributes": {
            "api_id": "lnt6x6tek2",
            "api_key_required": false,
            "authorization_scopes": [],
            "authorization_type": "NONE",
            "authorizer_id": "",
            "id": "n0qhnc3",
            "model_selection_expression": "",
            "operation_name": "",
            "request_models": {},
            "request_parameter": [],
            "route_key": "POST /users",
            "route_response_selection_expression": "",
            "target": "integrations/mqymce2"
          },
          "sensitive_attributes": [],
          "private": "bnVsbA==",
          "dependencies": [
            "aws_apigatewayv2_api.http_api",
            "aws_apigatewayv2_integration.user_manager",
            "aws_dynamodb_table.user_state",
            "aws_dynamodb_table.users",
            "aws_iam_role.lambda_role",
            "aws_lambda_function.user_manager",
            "aws_s3_bucket.avatars",
            "data.archive_file.user_zip"
          ]
        }
      ]
    },
    {
      "mode": "managed",
      "type": "aws_apigatewayv2_route",
      "name": "demo_trigger",
      "provider": "provider[\"registry.terraform.io/hashicorp/aws\"]",
      "instances": [
        {
          "schema_version": 0,
          "attributes": {
            "api_id": "lnt6x6tek2",
            "api_key_required": false,
            "authorization_scopes": [],
            "authorization_type": "NONE",
            "authorizer_id": "",
            "id": "zhk1gfp",
            "model_selection_expression": "",
            "operation_name": "",
            "request_models": {},
            "request_parameter": [],
            "route_key": "POST /demo/trigger",
            "route_response_selection_expression": "",
            "target": "integrations/8xh1itg"
          },
          "sensitive_attributes": [],
          "private": "bnVsbA==",
          "dependencies": [
            "aws_apigatewayv2_api.http_api",
            "aws_apigatewayv2_integration.demo_trigger",
            "aws_dynamodb_table.user_state",
            "aws_iam_role.lambda_role",
            "aws_lambda_function.demo_trigger",
            "data.archive_file.demo_zip"
          ]
        }
      ]
    },
    {
      "mode": "managed",
      "type": "aws_apigatewayv2_route",
      "name": "echo",
      "provider": "provider[\"registry.terraform.io/hashicorp/aws\"]",
      "instances": [
        {
          "schema_version": 0,
          "attributes": {
            "api_id": "lnt6x6tek2",
            "api_key_required": false,
            "authorization_scopes": [],
            "authorization_type": "NONE",
            "authorizer_id": "",
            "id": "qecg85h",
            "model_selection_expression": "",
            "operation_name": "",
            "request_models": {},
            "request_parameter": [],
            "route_key": "POST /echo",
            "route_response_selection_expression": "",
            "target": "integrations/rjdymt3"
          },
          "sensitive_attributes": [],
          "private": "bnVsbA==",
          "dependencies": [
            "aws_apigatewayv2_api.http_api",
            "aws_apigatewayv2_integration.echo",
            "aws_iam_role.lambda_role",
            "aws_lambda_function.echo",
            "data.archive_file.echo_zip"
          ]
        }
      ]
    },
    {
      "mode": "managed",
      "type": "aws_apigatewayv2_route",
      "name": "get_avatar_state",
      "provider": "provider[\"registry.terraform.io/hashicorp/aws\"]",
      "instances": [
        {
          "schema_version": 0,
          "attributes": {
            "api_id": "lnt6x6tek2",
            "api_key_required": false,
            "authorization_scopes": [],
            "authorization_type": "NONE",
            "authorizer_id": "",
            "id": "a8oje3d",
            "model_selection_expression": "",
            "operation_name": "",
            "request_models": {},
            "request_parameter": [],
            "route_key": "GET /avatar/current-state/{user_id}",
            "route_response_selection_expression": "",
            "target": "integrations/mqymce2"
          },
          "sensitive_attributes": [],
          "private": "bnVsbA==",
          "dependencies": [
            "aws_apigatewayv2_api.http_api",
            "aws_apigatewayv2_integration.user_manager",
            "aws_dynamodb_table.user_state",
            "aws_dynamodb_table.users",
            "aws_iam_role.lambda_role",
            "aws_lambda_function.user_manager",
            "aws_s3_bucket.avatars",
            "data.archive_file.user_zip"
          ]
        }
      ]
    },
    {
      "mode": "managed",
      "type": "aws_apigatewayv2_route",
      "name": "get_upload_url",
      "provider": "provider[\"registry.terraform.io/hashicorp/aws\"]",
      "instances": [
        {
          "schema_version": 0,
          "attributes": {
            "api_id": "lnt6x6tek2",
            "api_key_required": false,
            "authorization_scopes": [],
            "authorization_type": "NONE",
            "authorizer_id": "",
            "id": "x1syfvc",
            "model_selection_expression": "",
            "operation_name": "",
            "request_models": {},
            "request_parameter": [],
            "route_key": "GET /users/{user_id}/avatar/upload-url",
            "route_response_selection_expression": "",
            "target": "integrations/mqymce2"
          },
          "sensitive_attributes": [],
          "private": "bnVsbA==",
          "dependencies": [
            "aws_apigatewayv2_api.http_api",
            "aws_apigatewayv2_integration.user_manager",
            "aws_dynamodb_table.user_state",
            "aws_dynamodb_table.users",
            "aws_iam_role.lambda_role",
            "aws_lambda_function.user_manager",
            "aws_s3_bucket.avatars",
            "data.archive_file.user_zip"
          ]
        }
      ]
    },
    {
      "mode": "managed",
      "type": "aws_apigatewayv2_route",
      "name": "get_user",
      "provider": "provider[\"registry.terraform.io/hashicorp/aws\"]",
      "instances": [
        {
          "schema_version": 0,
          "attributes": {
            "api_id": "lnt6x6tek2",
            "api_key_required": false,
            "authorization_scopes": [],
            "authorization_type": "NONE",
            "authorizer_id": "",
            "id": "11xf60s",
            "model_selection_expression": "",
            "operation_name": "",
            "request_models": {},
            "request_parameter": [],
            "route_key": "GET /users/{user_id}",
            "route_response_selection_expression": "",
            "target": "integrations/mqymce2"
          },
          "sensitive_attributes": [],
          "private": "bnVsbA==",
          "dependencies": [
            "aws_apigatewayv2_api.http_api",
            "aws_apigatewayv2_integration.user_manager",
            "aws_dynamodb_table.user_state",
            "aws_dynamodb_table.users",
            "aws_iam_role.lambda_role",
            "aws_lambda_function.user_manager",
            "aws_s3_bucket.avatars",
            "data.archive_file.user_zip"
          ]
        }
      ]
    },
    {
      "mode": "managed",
      "type": "aws_apigatewayv2_route",
      "name": "sensor_ingest",
      "provider": "provider[\"registry.terraform.io/hashicorp/aws\"]",
      "instances": [
        {
          "schema_version": 0,
          "attributes": {
            "api_id": "lnt6x6tek2",
            "api_key_required": false,
            "authorization_scopes": [],
            "authorization_type": "NONE",
            "authorizer_id": "",
            "id": "1bhx6nm",
            "model_selection_expression": "",
            "operation_name": "",
            "request_models": {},
            "request_parameter": [],
            "route_key": "POST /sensor-data",
            "route_response_selection_expression": "",
            "target": "integrations/zdrfesl"
          },
          "sensitive_attributes": [],
          "private": "bnVsbA==",
          "dependencies": [
            "aws_apigatewayv2_api.http_api",
            "aws_apigatewayv2_integration.sensor_ingest",
            "aws_dynamodb_table.health_data",
            "aws_dynamodb_table.user_state",
            "aws_iam_role.lambda_role",
            "aws_lambda_function.sensor_ingest",
            "data.archive_file.ingest_zip"
          ]
        }
      ]
    },
    {
      "mode": "managed",
      "type": "aws_apigatewayv2_stage",
      "name": "default",
      "provider": "provider[\"registry.terraform.io/hashicorp/aws\"]",
      "instances": [
        {
          "schema_version": 0,
          "attributes": {
            "access_log_settings": [],
            "api_id": "lnt6x6tek2",
            "arn": "arn:aws:apigateway:eu-central-1::/apis/lnt6x6tek2/stages/$default",
            "auto_deploy": true,
            "client_certificate_id": "",
            "default_route_settings": [
              {
                "data_trace_enabled": false,
                "detailed_metrics_enabled": false,
                "logging_level": "",
                "throttling_burst_limit": 0,
                "throttling_rate_limit": 0
              }
            ],
            "deployment_id": "6v4rzp",
            "description": "",
            "execution_arn": "arn:aws:execute-api:eu-central-1:791736277877:lnt6x6tek2/$default",
            "id": "$default",
            "invoke_url": "https://lnt6x6tek2.execute-api.eu-central-1.amazonaws.com/",
            "name": "$default",
            "route_settings": [],
            "stage_variables": {},
            "tags": {},
            "tags_all": {
              "Environment": "dev",
              "ManagedBy": "Terraform",
              "Project": "tamagotchi-health"
            }
          },
          "sensitive_attributes": [],
          "private": "bnVsbA==",
          "dependencies": [
            "aws_apigatewayv2_api.http_api"
          ]
        }
      ]
    },
    {
      "mode": "managed",
      "type": "aws_dynamodb_table",
      "name": "health_data",
      "provider": "provider[\"registry.terraform.io/hashicorp/aws\"]",
      "instances": [
        {
          "schema_version": 1,
          "attributes": {
            "arn": "arn:aws:dynamodb:eu-central-1:791736277877:table/tamagotchi-health-health-data-dev",
            "attribute": [
              {
                "name": "timestamp",
                "type": "N"
              },
              {
                "name": "user_id",
                "type": "S"
              }
            ],
            "billing_mode": "PAY_PER_REQUEST",
            "deletion_protection_enabled": false,
            "global_secondary_index": [],
            "hash_key": "user_id",
            "id": "tamagotchi-health-health-data-dev",
            "import_table": [],
            "local_secondary_index": [],
            "name": "tamagotchi-health-health-data-dev",
            "on_demand_throughput": [],
            "point_in_time_recovery": [
              {
                "enabled": false,
                "recovery_period_in_days": 0
              }
            ],
            "range_key": "timestamp",
            "read_capacity": 0,
            "replica": [],
            "restore_date_time": null,
            "restore_source_name": null,
            "restore_source_table_arn": null,
            "restore_to_latest_time": null,
            "server_side_encryption": [],
            "stream_arn": "",
            "stream_enabled": false,
            "stream_label": "",
            "stream_view_type": "",
            "table_class": "STANDARD",
            "tags": {
              "Name": "tamagotchi-health-health-data"
            },
            "tags_all": {
              "Environment": "dev",
              "ManagedBy": "Terraform",
              "Name": "tamagotchi-health-health-data",
              "Project": "tamagotchi-health"
            },
            "timeouts": null,
            "ttl": [
              {
                "attribute_name": "",
                "enabled": false
              }
            ],
            "write_capacity": 0
          },
          "sensitive_attributes": [],
          "private": "eyJlMmJmYjczMC1lY2FhLTExZTYtOGY4OC0zNDM2M2JjN2M0YzAiOnsiY3JlYXRlIjoxODAwMDAwMDAwMDAwLCJkZWxldGUiOjYwMDAwMDAwMDAwMCwidXBkYXRlIjozNjAwMDAwMDAwMDAwfSwic2NoZW1hX3ZlcnNpb24iOiIxIn0="
        }
      ]
    },
    {
      "mode": "managed",
      "type": "aws_dynamodb_table",
      "name": "user_state",
      "provider": "provider[\"registry.terraform.io/hashicorp/aws\"]",
      "instances": [
        {
          "schema_version": 1,
          "attributes": {
            "arn": "arn:aws:dynamodb:eu-central-1:791736277877:table/tamagotchi-health-user-state-dev",
            "attribute": [
              {
                "name": "user_id",
                "type": "S"
              }
            ],
            "billing_mode": "PAY_PER_REQUEST",
            "deletion_protection_enabled": false,
            "global_secondary_index": [],
            "hash_key": "user_id",
            "id": "tamagotchi-health-user-state-dev",
            "import_table": [],
            "local_secondary_index": [],
            "name": "tamagotchi-health-user-state-dev",
            "on_demand_throughput": [],
            "point_in_time_recovery": [
              {
                "enabled": false,
                "recovery_period_in_days": 0
              }
            ],
            "range_key": null,
            "read_capacity": 0,
            "replica": [],
            "restore_date_time": null,
            "restore_source_name": null,
            "restore_source_table_arn": null,
            "restore_to_latest_time": null,
            "server_side_encryption": [],
            "stream_arn": "",
            "stream_enabled": false,
            "stream_label": "",
            "stream_view_type": "",
            "table_class": "STANDARD",
            "tags": {
              "Name": "tamagotchi-health-user-state"
            },
            "tags_all": {
              "Environment": "dev",
              "ManagedBy": "Terraform",
              "Name": "tamagotchi-health-user-state",
              "Project": "tamagotchi-health"
            },
            "timeouts": null,
            "ttl": [
              {
                "attribute_name": "",
                "enabled": false
              }
            ],
            "write_capacity": 0
          },
          "sensitive_attributes": [],
          "private": "eyJlMmJmYjczMC1lY2FhLTExZTYtOGY4OC0zNDM2M2JjN2M0YzAiOnsiY3JlYXRlIjoxODAwMDAwMDAwMDAwLCJkZWxldGUiOjYwMDAwMDAwMDAwMCwidXBkYXRlIjozNjAwMDAwMDAwMDAwfSwic2NoZW1hX3ZlcnNpb24iOiIxIn0="
        }
      ]
    },
    {
      "mode": "managed",
      "type": "aws_dynamodb_table",
      "name": "users",
      "provider": "provider[\"registry.terraform.io/hashicorp/aws\"]",
      "instances": [
        {
          "schema_version": 1,
          "attributes": {
            "arn": "arn:aws:dynamodb:eu-central-1:791736277877:table/tamagotchi-health-users-dev",
            "attribute": [
              {
                "name": "user_id",
                "type": "S"
              }
            ],
            "billing_mode": "PAY_PER_REQUEST",
            "deletion_protection_enabled": false,
            "global_secondary_index": [],
            "hash_key": "user_id",
            "id": "tamagotchi-health-users-dev",
            "import_table": [],
            "local_secondary_index": [],
            "name": "tamagotchi-health-users-dev",
            "on_demand_throughput": [],
            "point_in_time_recovery": [
              {
                "enabled": false,
                "recovery_period_in_days": 0
              }
            ],
            "range_key": null,
            "read_capacity": 0,
            "replica": [],
            "restore_date_time": null,
            "restore_source_name": null,
            "restore_source_table_arn": null,
            "restore_to_latest_time": null,
            "server_side_encryption": [],
            "stream_arn": "",
            "stream_enabled": false,
            "stream_label": "",
            "stream_view_type": "",
            "table_class": "STANDARD",
            "tags": {
              "Name": "tamagotchi-health-users"
            },
            "tags_all": {
              "Environment": "dev",
              "ManagedBy": "Terraform",
              "Name": "tamagotchi-health-users",
              "Project": "tamagotchi-health"
            },
            "timeouts": null,
            "ttl": [
              {
                "attribute_name": "",
                "enabled": false
              }
            ],
            "write_capacity": 0
          },
          "sensitive_attributes": [],
          "private": "eyJlMmJmYjczMC1lY2FhLTExZTYtOGY4OC0zNDM2M2JjN2M0YzAiOnsiY3JlYXRlIjoxODAwMDAwMDAwMDAwLCJkZWxldGUiOjYwMDAwMDAwMDAwMCwidXBkYXRlIjozNjAwMDAwMDAwMDAwfSwic2NoZW1hX3ZlcnNpb24iOiIxIn0="
        }
      ]
    },
    {
      "mode": "managed",
      "type": "aws_iam_role",
      "name": "lambda_role",
      "provider": "provider[\"registry.terraform.io/hashicorp/aws\"]",
      "instances": [
        {
          "schema_version": 0,
          "attributes": {
            "arn": "arn:aws:iam::791736277877:role/tamagotchi-health-lambda-role-dev",
            "assume_role_policy": "{\"Statement\":[{\"Action\":\"sts:AssumeRole\",\"Effect\":\"Allow\",\"Principal\":{\"Service\":\"lambda.amazonaws.com\"}}],\"Version\":\"2012-10-17\"}",
            "create_date": "2025-11-22T11:33:58Z",
            "description": "",
            "force_detach_policies": false,
            "id": "tamagotchi-health-lambda-role-dev",
            "inline_policy": [
              {
                "name": "bedrock_access",
                "policy": "{\"Version\":\"2012-10-17\",\"Statement\":[{\"Action\":[\"bedrock:InvokeAgent\",\"bedrock:InvokeModel\"],\"Effect\":\"Allow\",\"Resource\":\"*\"}]}"
              },
              {
                "name": "dynamodb_access",
                "policy": "{\"Version\":\"2012-10-17\",\"Statement\":[{\"Action\":[\"dynamodb:GetItem\",\"dynamodb:PutItem\",\"dynamodb:UpdateItem\",\"dynamodb:Query\",\"dynamodb:Scan\",\"dynamodb:BatchWriteItem\",\"dynamodb:BatchGetItem\",\"dynamodb:DescribeTable\"],\"Effect\":\"Allow\",\"Resource\":\"*\"}]}"
              },
              {
                "name": "lambda_invoke_access",
                "policy": "{\"Version\":\"2012-10-17\",\"Statement\":[{\"Action\":[\"lambda:InvokeFunction\"],\"Effect\":\"Allow\",\"Resource\":\"arn:aws:lambda:eu-central-1:791736277877:function:tamagotchi-health-avatar-generator-dev\"}]}"
              },
              {
                "name": "s3_access",
                "policy": "{\"Version\":\"2012-10-17\",\"Statement\":[{\"Action\":[\"s3:PutObject\",\"s3:GetObject\"],\"Effect\":\"Allow\",\"Resource\":[\"arn:aws:s3:::tamagotchi-health-avatars-dev\",\"arn:aws:s3:::tamagotchi-health-avatars-dev/*\"]}]}"
              }
            ],
            "managed_policy_arns": [
              "arn:aws:iam::aws:policy/service-role/AWSLambdaBasicExecutionRole"
            ],
            "max_session_duration": 3600,
            "name": "tamagotchi-health-lambda-role-dev",
            "name_prefix": "",
            "path": "/",
            "permissions_boundary": "",
            "tags": {},
            "tags_all": {
              "Environment": "dev",
              "ManagedBy": "Terraform",
              "Project": "tamagotchi-health"
            },
            "unique_id": "AROA3QVZI3N2TTNG5OZOM"
          },
          "sensitive_attributes": [],
          "private": "bnVsbA=="
        }
      ]
    },
    {
      "mode": "managed",
      "type": "aws_iam_role_policy",
      "name": "bedrock_access",
      "provider": "provider[\"registry.terraform.io/hashicorp/aws\"]",
      "instances": [
        {
          "schema_version": 0,
          "attributes": {
            "id": "tamagotchi-health-lambda-role-dev:bedrock_access",
            "name": "bedrock_access",
            "name_prefix": "",
            "policy": "{\"Version\":\"2012-10-17\",\"Statement\":[{\"Action\":[\"bedrock:InvokeAgent\",\"bedrock:InvokeModel\"],\"Effect\":\"Allow\",\"Resource\":\"*\"}]}",
            "role": "tamagotchi-health-lambda-role-dev"
          },
          "sensitive_attributes": [],
          "private": "bnVsbA==",
          "dependencies": [
            "aws_iam_role.lambda_role"
          ]
        }
      ]
    },
    {
      "mode": "managed",
      "type": "aws_iam_role_policy",
      "name": "dynamodb_access",
      "provider": "provider[\"registry.terraform.io/hashicorp/aws\"]",
      "instances": [
        {
          "schema_version": 0,
          "attributes": {
            "id": "tamagotchi-health-lambda-role-dev:dynamodb_access",
            "name": "dynamodb_access",
            "name_prefix": "",
            "policy": "{\"Version\":\"2012-10-17\",\"Statement\":[{\"Action\":[\"dynamodb:GetItem\",\"dynamodb:PutItem\",\"dynamodb:UpdateItem\",\"dynamodb:Query\",\"dynamodb:Scan\",\"dynamodb:BatchWriteItem\",\"dynamodb:BatchGetItem\",\"dynamodb:DescribeTable\"],\"Effect\":\"Allow\",\"Resource\":\"*\"}]}",
            "role": "tamagotchi-health-lambda-role-dev"
          },
          "sensitive_attributes": [],
          "private": "bnVsbA==",
          "dependencies": [
            "aws_iam_role.lambda_role"
          ]
        }
      ]
    },
    {
      "mode": "managed",
      "type": "aws_iam_role_policy",
      "name": "lambda_invoke_access",
      "provider": "provider[\"registry.terraform.io/hashicorp/aws\"]",
      "instances": [
        {
          "schema_version": 0,
          "attributes": {
            "id": "tamagotchi-health-lambda-role-dev:lambda_invoke_access",
            "name": "lambda_invoke_access",
            "name_prefix": "",
            "policy": "{\"Version\":\"2012-10-17\",\"Statement\":[{\"Action\":[\"lambda:InvokeFunction\"],\"Effect\":\"Allow\",\"Resource\":[\"arn:aws:lambda:eu-central-1:791736277877:function:tamagotchi-health-avatar-generator-dev\",\"arn:aws:lambda:eu-central-1:791736277877:function:tamagotchi-health-orchestrator-dev\"]}]}",
            "role": "tamagotchi-health-lambda-role-dev"
          },
          "sensitive_attributes": [],
          "private": "bnVsbA==",
          "dependencies": [
            "aws_iam_role.lambda_role",
            "aws_lambda_function.avatar_generator",
            "aws_lambda_function.orchestrator"
          ]
        }
      ]
    },
    {
      "mode": "managed",
      "type": "aws_iam_role_policy",
      "name": "s3_access",
      "provider": "provider[\"registry.terraform.io/hashicorp/aws\"]",
      "instances": [
        {
          "schema_version": 0,
          "attributes": {
            "id": "tamagotchi-health-lambda-role-dev:s3_access",
            "name": "s3_access",
            "name_prefix": "",
            "policy": "{\"Version\":\"2012-10-17\",\"Statement\":[{\"Action\":[\"s3:PutObject\",\"s3:GetObject\"],\"Effect\":\"Allow\",\"Resource\":[\"arn:aws:s3:::tamagotchi-health-avatars-dev\",\"arn:aws:s3:::tamagotchi-health-avatars-dev/*\"]}]}",
            "role": "tamagotchi-health-lambda-role-dev"
          },
          "sensitive_attributes": [],
          "private": "bnVsbA==",
          "dependencies": [
            "aws_iam_role.lambda_role",
            "aws_s3_bucket.avatars"
          ]
        }
      ]
    },
    {
      "mode": "managed",
      "type": "aws_iam_role_policy_attachment",
      "name": "lambda_basic_execution",
      "provider": "provider[\"registry.terraform.io/hashicorp/aws\"]",
      "instances": [
        {
          "schema_version": 0,
          "attributes": {
            "id": "tamagotchi-health-lambda-role-dev-20251122113359072100000001",
            "policy_arn": "arn:aws:iam::aws:policy/service-role/AWSLambdaBasicExecutionRole",
            "role": "tamagotchi-health-lambda-role-dev"
          },
          "sensitive_attributes": [],
          "private": "bnVsbA==",
          "dependencies": [
            "aws_iam_role.lambda_role"
          ]
        }
      ]
    },
    {
      "mode": "managed",
      "type": "aws_lambda_function",
      "name": "avatar_generator",
      "provider": "provider[\"registry.terraform.io/hashicorp/aws\"]",
      "instances": [
        {
          "schema_version": 0,
          "attributes": {
            "architectures": [
              "x86_64"
            ],
            "arn": "arn:aws:lambda:eu-central-1:791736277877:function:tamagotchi-health-avatar-generator-dev",
            "code_sha256": "MSVSQaJdRBeeh2SPGHdV36DHPxMFI9hFkiXeiG4zHFw=",
            "code_signing_config_arn": "",
            "dead_letter_config": [],
            "description": "",
            "environment": [
              {
                "variables": {
                  "AVATAR_BUCKET": "tamagotchi-health-avatars-dev",
                  "ENV": "dev",
                  "GCP_API_KEY": "",
                  "GCP_PROJECT_ID": "hackatum25mun-1040",
                  "GCP_REGION": "europe-west3",
                  "GOOGLE_CLOUD_LOCATION": "europe-west3",
                  "GOOGLE_CLOUD_PROJECT": "hackatum25mun-1040",
                  "GOOGLE_GENAI_USE_VERTEXAI": "True",
                  "HEALTH_TABLE": "tamagotchi-health-health-data-dev",
                  "USERS_TABLE": "tamagotchi-health-users-dev",
                  "USER_STATE_TABLE": "tamagotchi-health-user-state-dev"
                }
              }
            ],
            "ephemeral_storage": [
              {
                "size": 512
              }
            ],
            "file_system_config": [],
            "filename": "./.build/avatar.zip",
            "function_name": "tamagotchi-health-avatar-generator-dev",
            "handler": "generator.handler",
            "id": "tamagotchi-health-avatar-generator-dev",
            "image_config": [],
            "image_uri": "",
            "invoke_arn": "arn:aws:apigateway:eu-central-1:lambda:path/2015-03-31/functions/arn:aws:lambda:eu-central-1:791736277877:function:tamagotchi-health-avatar-generator-dev/invocations",
            "kms_key_arn": "",
            "last_modified": "2025-11-22T15:50:17.000+0000",
            "layers": [
              "arn:aws:lambda:eu-central-1:791736277877:layer:tamagotchi-health-gcp-deps-layer-dev:2"
            ],
            "logging_config": [
              {
                "application_log_level": "",
                "log_format": "Text",
                "log_group": "/aws/lambda/tamagotchi-health-avatar-generator-dev",
                "system_log_level": ""
              }
            ],
            "memory_size": 3008,
            "package_type": "Zip",
            "publish": false,
            "qualified_arn": "arn:aws:lambda:eu-central-1:791736277877:function:tamagotchi-health-avatar-generator-dev:$LATEST",
            "qualified_invoke_arn": "arn:aws:apigateway:eu-central-1:lambda:path/2015-03-31/functions/arn:aws:lambda:eu-central-1:791736277877:function:tamagotchi-health-avatar-generator-dev:$LATEST/invocations",
            "replace_security_groups_on_destroy": null,
            "replacement_security_group_ids": null,
            "reserved_concurrent_executions": -1,
            "role": "arn:aws:iam::791736277877:role/tamagotchi-health-lambda-role-dev",
            "runtime": "python3.11",
            "s3_bucket": null,
            "s3_key": null,
            "s3_object_version": null,
            "signing_job_arn": "",
            "signing_profile_version_arn": "",
            "skip_destroy": false,
            "snap_start": [],
            "source_code_hash": "MSVSQaJdRBeeh2SPGHdV36DHPxMFI9hFkiXeiG4zHFw=",
            "source_code_size": 2906,
            "tags": {},
            "tags_all": {
              "Environment": "dev",
              "ManagedBy": "Terraform",
              "Project": "tamagotchi-health"
            },
            "timeout": 30,
            "timeouts": null,
            "tracing_config": [
              {
                "mode": "PassThrough"
              }
            ],
            "version": "$LATEST",
            "vpc_config": []
          },
          "sensitive_attributes": [
            [
              {
                "type": "get_attr",
                "value": "environment"
              },
              {
                "type": "index",
                "value": {
                  "value": 0,
                  "type": "number"
                }
              },
              {
                "type": "get_attr",
                "value": "variables"
              },
              {
                "type": "index",
                "value": {
                  "value": "GCP_API_KEY",
                  "type": "string"
                }
              }
            ]
          ],
          "private": "eyJlMmJmYjczMC1lY2FhLTExZTYtOGY4OC0zNDM2M2JjN2M0YzAiOnsiY3JlYXRlIjo2MDAwMDAwMDAwMDAsImRlbGV0ZSI6NjAwMDAwMDAwMDAwLCJ1cGRhdGUiOjYwMDAwMDAwMDAwMH19",
          "dependencies": [
            "aws_dynamodb_table.health_data",
            "aws_dynamodb_table.user_state",
            "aws_dynamodb_table.users",
            "aws_iam_role.lambda_role",
            "aws_lambda_layer_version.gcp_deps_layer",
            "aws_s3_bucket.avatars",
            "data.archive_file.avatar_zip",
            "data.archive_file.gcp_deps_layer_zip"
          ]
        }
      ]
    },
    {
      "mode": "managed",
      "type": "aws_lambda_function",
      "name": "demo_trigger",
      "provider": "provider[\"registry.terraform.io/hashicorp/aws\"]",
      "instances": [
        {
          "schema_version": 0,
          "attributes": {
            "architectures": [
              "x86_64"
            ],
            "arn": "arn:aws:lambda:eu-central-1:791736277877:function:tamagotchi-health-demo-trigger-dev",
            "code_sha256": "hm9bITDxYoJrCHxC4B4vXoRMq7G2w34E7Vi5BphwUn0=",
            "code_signing_config_arn": "",
            "dead_letter_config": [],
            "description": "",
            "environment": [
              {
                "variables": {
                  "DYNAMODB_TABLE": "tamagotchi-health-user-state-dev",
                  "ENV": "dev",
                  "PROJECT_NAME": "tamagotchi-health"
                }
              }
            ],
            "ephemeral_storage": [
              {
                "size": 512
              }
            ],
            "file_system_config": [],
            "filename": "./.build/demo.zip",
            "function_name": "tamagotchi-health-demo-trigger-dev",
            "handler": "trigger.handler",
            "id": "tamagotchi-health-demo-trigger-dev",
            "image_config": [],
            "image_uri": "",
            "invoke_arn": "arn:aws:apigateway:eu-central-1:lambda:path/2015-03-31/functions/arn:aws:lambda:eu-central-1:791736277877:function:tamagotchi-health-demo-trigger-dev/invocations",
            "kms_key_arn": "",
            "last_modified": "2025-11-22T11:51:58.471+0000",
            "layers": [],
            "logging_config": [
              {
                "application_log_level": "",
                "log_format": "Text",
                "log_group": "/aws/lambda/tamagotchi-health-demo-trigger-dev",
                "system_log_level": ""
              }
            ],
            "memory_size": 128,
            "package_type": "Zip",
            "publish": false,
            "qualified_arn": "arn:aws:lambda:eu-central-1:791736277877:function:tamagotchi-health-demo-trigger-dev:$LATEST",
            "qualified_invoke_arn": "arn:aws:apigateway:eu-central-1:lambda:path/2015-03-31/functions/arn:aws:lambda:eu-central-1:791736277877:function:tamagotchi-health-demo-trigger-dev:$LATEST/invocations",
            "replace_security_groups_on_destroy": null,
            "replacement_security_group_ids": null,
            "reserved_concurrent_executions": -1,
            "role": "arn:aws:iam::791736277877:role/tamagotchi-health-lambda-role-dev",
            "runtime": "python3.11",
            "s3_bucket": null,
            "s3_key": null,
            "s3_object_version": null,
            "signing_job_arn": "",
            "signing_profile_version_arn": "",
            "skip_destroy": false,
            "snap_start": [],
            "source_code_hash": "hm9bITDxYoJrCHxC4B4vXoRMq7G2w34E7Vi5BphwUn0=",
            "source_code_size": 751,
            "tags": {},
            "tags_all": {
              "Environment": "dev",
              "ManagedBy": "Terraform",
              "Project": "tamagotchi-health"
            },
            "timeout": 10,
            "timeouts": null,
            "tracing_config": [
              {
                "mode": "PassThrough"
              }
            ],
            "version": "$LATEST",
            "vpc_config": []
          },
          "sensitive_attributes": [],
          "private": "eyJlMmJmYjczMC1lY2FhLTExZTYtOGY4OC0zNDM2M2JjN2M0YzAiOnsiY3JlYXRlIjo2MDAwMDAwMDAwMDAsImRlbGV0ZSI6NjAwMDAwMDAwMDAwLCJ1cGRhdGUiOjYwMDAwMDAwMDAwMH19",
          "dependencies": [
            "aws_dynamodb_table.user_state",
            "aws_iam_role.lambda_role",
            "data.archive_file.demo_zip"
          ]
        }
      ]
    },
    {
      "mode": "managed",
      "type": "aws_lambda_function",
      "name": "echo",
      "provider": "provider[\"registry.terraform.io/hashicorp/aws\"]",
      "instances": [
        {
          "schema_version": 0,
          "attributes": {
            "architectures": [
              "x86_64"
            ],
            "arn": "arn:aws:lambda:eu-central-1:791736277877:function:tamagotchi-health-echo-dev",
            "code_sha256": "cFusWxEGEqkUAs2E1QyqbYQSWxqUNQn5YFwT6BuQY2w=",
            "code_signing_config_arn": "",
            "dead_letter_config": [],
            "description": "",
            "environment": [],
            "ephemeral_storage": [
              {
                "size": 512
              }
            ],
            "file_system_config": [],
            "filename": "./.build/echo.zip",
            "function_name": "tamagotchi-health-echo-dev",
            "handler": "echo.handler",
            "id": "tamagotchi-health-echo-dev",
            "image_config": [],
            "image_uri": "",
            "invoke_arn": "arn:aws:apigateway:eu-central-1:lambda:path/2015-03-31/functions/arn:aws:lambda:eu-central-1:791736277877:function:tamagotchi-health-echo-dev/invocations",
            "kms_key_arn": "",
            "last_modified": "2025-11-22T15:31:23.000+0000",
            "layers": [],
            "logging_config": [
              {
                "application_log_level": "",
                "log_format": "Text",
                "log_group": "/aws/lambda/tamagotchi-health-echo-dev",
                "system_log_level": ""
              }
            ],
            "memory_size": 128,
            "package_type": "Zip",
            "publish": false,
            "qualified_arn": "arn:aws:lambda:eu-central-1:791736277877:function:tamagotchi-health-echo-dev:$LATEST",
            "qualified_invoke_arn": "arn:aws:apigateway:eu-central-1:lambda:path/2015-03-31/functions/arn:aws:lambda:eu-central-1:791736277877:function:tamagotchi-health-echo-dev:$LATEST/invocations",
            "replace_security_groups_on_destroy": null,
            "replacement_security_group_ids": null,
            "reserved_concurrent_executions": -1,
            "role": "arn:aws:iam::791736277877:role/tamagotchi-health-lambda-role-dev",
            "runtime": "python3.11",
            "s3_bucket": null,
            "s3_key": null,
            "s3_object_version": null,
            "signing_job_arn": "",
            "signing_profile_version_arn": "",
            "skip_destroy": false,
            "snap_start": [],
            "source_code_hash": "cFusWxEGEqkUAs2E1QyqbYQSWxqUNQn5YFwT6BuQY2w=",
            "source_code_size": 498,
            "tags": {},
            "tags_all": {
              "Environment": "dev",
              "ManagedBy": "Terraform",
              "Project": "tamagotchi-health"
            },
            "timeout": 5,
            "timeouts": null,
            "tracing_config": [
              {
                "mode": "PassThrough"
              }
            ],
            "version": "$LATEST",
            "vpc_config": []
          },
          "sensitive_attributes": [],
          "private": "eyJlMmJmYjczMC1lY2FhLTExZTYtOGY4OC0zNDM2M2JjN2M0YzAiOnsiY3JlYXRlIjo2MDAwMDAwMDAwMDAsImRlbGV0ZSI6NjAwMDAwMDAwMDAwLCJ1cGRhdGUiOjYwMDAwMDAwMDAwMH19",
          "dependencies": [
            "aws_iam_role.lambda_role",
            "data.archive_file.echo_zip"
          ]
        }
      ]
    },
    {
      "mode": "managed",
      "type": "aws_lambda_function",
      "name": "orchestrator",
      "provider": "provider[\"registry.terraform.io/hashicorp/aws\"]",
      "instances": [
        {
          "schema_version": 0,
          "attributes": {
            "architectures": [
              "x86_64"
            ],
            "arn": "arn:aws:lambda:eu-central-1:791736277877:function:tamagotchi-health-orchestrator-dev",
            "code_sha256": "ABX/WgFIJVkw5krqXXVHsy/koGk0dM4kk4fRCzs5YLM=",
            "code_signing_config_arn": "",
            "dead_letter_config": [],
            "description": "",
            "environment": [
              {
                "variables": {
                  "DYNAMODB_TABLE": "tamagotchi-health-user-state-dev",
                  "ENV": "dev",
                  "HEALTH_TABLE": "tamagotchi-health-health-data-dev",
                  "USERS_TABLE": "tamagotchi-health-users-dev"
                }
              }
            ],
            "ephemeral_storage": [
              {
                "size": 512
              }
            ],
            "file_system_config": [],
            "filename": "./.build/orchestrator.zip",
            "function_name": "tamagotchi-health-orchestrator-dev",
            "handler": "agentic_loop.handler",
            "id": "tamagotchi-health-orchestrator-dev",
            "image_config": [],
            "image_uri": "",
            "invoke_arn": "arn:aws:apigateway:eu-central-1:lambda:path/2015-03-31/functions/arn:aws:lambda:eu-central-1:791736277877:function:tamagotchi-health-orchestrator-dev/invocations",
            "kms_key_arn": "",
            "last_modified": "2025-11-22T15:50:05.000+0000",
            "layers": [],
            "logging_config": [
              {
                "application_log_level": "",
                "log_format": "Text",
                "log_group": "/aws/lambda/tamagotchi-health-orchestrator-dev",
                "system_log_level": ""
              }
            ],
            "memory_size": 256,
            "package_type": "Zip",
            "publish": false,
            "qualified_arn": "arn:aws:lambda:eu-central-1:791736277877:function:tamagotchi-health-orchestrator-dev:$LATEST",
            "qualified_invoke_arn": "arn:aws:apigateway:eu-central-1:lambda:path/2015-03-31/functions/arn:aws:lambda:eu-central-1:791736277877:function:tamagotchi-health-orchestrator-dev:$LATEST/invocations",
            "replace_security_groups_on_destroy": null,
            "replacement_security_group_ids": null,
            "reserved_concurrent_executions": -1,
            "role": "arn:aws:iam::791736277877:role/tamagotchi-health-lambda-role-dev",
            "runtime": "python3.11",
            "s3_bucket": null,
            "s3_key": null,
            "s3_object_version": null,
            "signing_job_arn": "",
            "signing_profile_version_arn": "",
            "skip_destroy": false,
            "snap_start": [],
            "source_code_hash": "ABX/WgFIJVkw5krqXXVHsy/koGk0dM4kk4fRCzs5YLM=",
            "source_code_size": 3236,
            "tags": {},
            "tags_all": {
              "Environment": "dev",
              "ManagedBy": "Terraform",
              "Project": "tamagotchi-health"
            },
            "timeout": 60,
            "timeouts": null,
            "tracing_config": [
              {
                "mode": "PassThrough"
              }
            ],
            "version": "$LATEST",
            "vpc_config": []
          },
          "sensitive_attributes": [],
          "private": "eyJlMmJmYjczMC1lY2FhLTExZTYtOGY4OC0zNDM2M2JjN2M0YzAiOnsiY3JlYXRlIjo2MDAwMDAwMDAwMDAsImRlbGV0ZSI6NjAwMDAwMDAwMDAwLCJ1cGRhdGUiOjYwMDAwMDAwMDAwMH19",
          "dependencies": [
            "aws_dynamodb_table.health_data",
            "aws_dynamodb_table.user_state",
            "aws_dynamodb_table.users",
            "aws_iam_role.lambda_role",
            "data.archive_file.orchestrator_zip"
          ]
        }
      ]
    },
    {
      "mode": "managed",
      "type": "aws_lambda_function",
      "name": "sensor_ingest",
      "provider": "provider[\"registry.terraform.io/hashicorp/aws\"]",
      "instances": [
        {
          "schema_version": 0,
          "attributes": {
            "architectures": [
              "x86_64"
            ],
            "arn": "arn:aws:lambda:eu-central-1:791736277877:function:tamagotchi-health-sensor-ingest-dev",
            "code_sha256": "K/eaIavCBQVS9dAJGkqe3/KrBNiqSLaT9h/aV+Ksm0I=",
            "code_signing_config_arn": "",
            "dead_letter_config": [],
            "description": "",
            "environment": [
              {
                "variables": {
                  "DYNAMODB_TABLE": "tamagotchi-health-user-state-dev",
                  "ENV": "dev",
                  "HEALTH_TABLE": "tamagotchi-health-health-data-dev",
                  "PROJECT_NAME": "tamagotchi-health"
                }
              }
            ],
            "ephemeral_storage": [
              {
                "size": 512
              }
            ],
            "file_system_config": [],
            "filename": "./.build/ingest.zip",
            "function_name": "tamagotchi-health-sensor-ingest-dev",
            "handler": "sensor_ingest.handler",
            "id": "tamagotchi-health-sensor-ingest-dev",
            "image_config": [],
            "image_uri": "",
            "invoke_arn": "arn:aws:apigateway:eu-central-1:lambda:path/2015-03-31/functions/arn:aws:lambda:eu-central-1:791736277877:function:tamagotchi-health-sensor-ingest-dev/invocations",
            "kms_key_arn": "",
            "last_modified": "2025-11-22T15:50:11.000+0000",
            "layers": [],
            "logging_config": [
              {
                "application_log_level": "",
                "log_format": "Text",
                "log_group": "/aws/lambda/tamagotchi-health-sensor-ingest-dev",
                "system_log_level": ""
              }
            ],
            "memory_size": 128,
            "package_type": "Zip",
            "publish": false,
            "qualified_arn": "arn:aws:lambda:eu-central-1:791736277877:function:tamagotchi-health-sensor-ingest-dev:$LATEST",
            "qualified_invoke_arn": "arn:aws:apigateway:eu-central-1:lambda:path/2015-03-31/functions/arn:aws:lambda:eu-central-1:791736277877:function:tamagotchi-health-sensor-ingest-dev:$LATEST/invocations",
            "replace_security_groups_on_destroy": null,
            "replacement_security_group_ids": null,
            "reserved_concurrent_executions": -1,
            "role": "arn:aws:iam::791736277877:role/tamagotchi-health-lambda-role-dev",
            "runtime": "python3.11",
            "s3_bucket": null,
            "s3_key": null,
            "s3_object_version": null,
            "signing_job_arn": "",
            "signing_profile_version_arn": "",
            "skip_destroy": false,
            "snap_start": [],
            "source_code_hash": "K/eaIavCBQVS9dAJGkqe3/KrBNiqSLaT9h/aV+Ksm0I=",
            "source_code_size": 1345,
            "tags": {},
            "tags_all": {
              "Environment": "dev",
              "ManagedBy": "Terraform",
              "Project": "tamagotchi-health"
            },
            "timeout": 10,
            "timeouts": null,
            "tracing_config": [
              {
                "mode": "PassThrough"
              }
            ],
            "version": "$LATEST",
            "vpc_config": []
          },
          "sensitive_attributes": [],
          "private": "eyJlMmJmYjczMC1lY2FhLTExZTYtOGY4OC0zNDM2M2JjN2M0YzAiOnsiY3JlYXRlIjo2MDAwMDAwMDAwMDAsImRlbGV0ZSI6NjAwMDAwMDAwMDAwLCJ1cGRhdGUiOjYwMDAwMDAwMDAwMH19",
          "dependencies": [
            "aws_dynamodb_table.health_data",
            "aws_dynamodb_table.user_state",
            "aws_iam_role.lambda_role",
            "data.archive_file.ingest_zip"
          ]
        }
      ]
    },
    {
      "mode": "managed",
      "type": "aws_lambda_function",
      "name": "user_manager",
      "provider": "provider[\"registry.terraform.io/hashicorp/aws\"]",
      "instances": [
        {
          "schema_version": 0,
          "attributes": {
            "architectures": [
              "x86_64"
            ],
            "arn": "arn:aws:lambda:eu-central-1:791736277877:function:tamagotchi-health-user-manager-dev",
            "code_sha256": "1W7k9pnpulYwZ1AjQFk9w6XxxkQMyDVKmbKFXau2irk=",
            "code_signing_config_arn": "",
            "dead_letter_config": [],
            "description": "",
            "environment": [
              {
                "variables": {
                  "AVATAR_BUCKET": "tamagotchi-health-avatars-dev",
                  "ENV": "dev",
                  "USERS_TABLE": "tamagotchi-health-users-dev",
                  "USER_STATE_TABLE": "tamagotchi-health-user-state-dev"
                }
              }
            ],
            "ephemeral_storage": [
              {
                "size": 512
              }
            ],
            "file_system_config": [],
            "filename": "./.build/user.zip",
            "function_name": "tamagotchi-health-user-manager-dev",
            "handler": "manager.handler",
            "id": "tamagotchi-health-user-manager-dev",
            "image_config": [],
            "image_uri": "",
            "invoke_arn": "arn:aws:apigateway:eu-central-1:lambda:path/2015-03-31/functions/arn:aws:lambda:eu-central-1:791736277877:function:tamagotchi-health-user-manager-dev/invocations",
            "kms_key_arn": "",
            "last_modified": "2025-11-22T15:50:23.000+0000",
            "layers": [],
            "logging_config": [
              {
                "application_log_level": "",
                "log_format": "Text",
                "log_group": "/aws/lambda/tamagotchi-health-user-manager-dev",
                "system_log_level": ""
              }
            ],
            "memory_size": 128,
            "package_type": "Zip",
            "publish": false,
            "qualified_arn": "arn:aws:lambda:eu-central-1:791736277877:function:tamagotchi-health-user-manager-dev:$LATEST",
            "qualified_invoke_arn": "arn:aws:apigateway:eu-central-1:lambda:path/2015-03-31/functions/arn:aws:lambda:eu-central-1:791736277877:function:tamagotchi-health-user-manager-dev:$LATEST/invocations",
            "replace_security_groups_on_destroy": null,
            "replacement_security_group_ids": null,
            "reserved_concurrent_executions": -1,
            "role": "arn:aws:iam::791736277877:role/tamagotchi-health-lambda-role-dev",
            "runtime": "python3.11",
            "s3_bucket": null,
            "s3_key": null,
            "s3_object_version": null,
            "signing_job_arn": "",
            "signing_profile_version_arn": "",
            "skip_destroy": false,
            "snap_start": [],
            "source_code_hash": "1W7k9pnpulYwZ1AjQFk9w6XxxkQMyDVKmbKFXau2irk=",
            "source_code_size": 1394,
            "tags": {},
            "tags_all": {
              "Environment": "dev",
              "ManagedBy": "Terraform",
              "Project": "tamagotchi-health"
            },
            "timeout": 10,
            "timeouts": null,
            "tracing_config": [
              {
                "mode": "PassThrough"
              }
            ],
            "version": "$LATEST",
            "vpc_config": []
          },
          "sensitive_attributes": [],
          "private": "eyJlMmJmYjczMC1lY2FhLTExZTYtOGY4OC0zNDM2M2JjN2M0YzAiOnsiY3JlYXRlIjo2MDAwMDAwMDAwMDAsImRlbGV0ZSI6NjAwMDAwMDAwMDAwLCJ1cGRhdGUiOjYwMDAwMDAwMDAwMH19",
          "dependencies": [
            "aws_dynamodb_table.user_state",
            "aws_dynamodb_table.users",
            "aws_iam_role.lambda_role",
            "aws_s3_bucket.avatars",
            "data.archive_file.user_zip"
          ]
        }
      ]
    },
    {
      "mode": "managed",
      "type": "aws_lambda_layer_version",
      "name": "gcp_deps_layer",
      "provider": "provider[\"registry.terraform.io/hashicorp/aws\"]",
      "instances": [
        {
          "schema_version": 0,
          "attributes": {
            "arn": "arn:aws:lambda:eu-central-1:791736277877:layer:tamagotchi-health-gcp-deps-layer-dev:2",
            "code_sha256": "w1eFJ4U/ILbyKlthXKM7a/GNp1DXBKvvzKLoZW7un4U=",
            "compatible_architectures": [],
            "compatible_runtimes": [
              "python3.11"
            ],
            "created_date": "2025-11-22T14:27:47.037+0000",
            "description": "",
            "filename": "./.build/gcp_deps_layer.zip",
            "id": "arn:aws:lambda:eu-central-1:791736277877:layer:tamagotchi-health-gcp-deps-layer-dev:2",
            "layer_arn": "arn:aws:lambda:eu-central-1:791736277877:layer:tamagotchi-health-gcp-deps-layer-dev",
            "layer_name": "tamagotchi-health-gcp-deps-layer-dev",
            "license_info": "",
            "s3_bucket": null,
            "s3_key": null,
            "s3_object_version": null,
            "signing_job_arn": "",
            "signing_profile_version_arn": "",
            "skip_destroy": false,
            "source_code_hash": "w1eFJ4U/ILbyKlthXKM7a/GNp1DXBKvvzKLoZW7un4U=",
            "source_code_size": 24497684,
            "version": "2"
          },
          "sensitive_attributes": [],
          "private": "bnVsbA==",
          "dependencies": [
            "data.archive_file.gcp_deps_layer_zip"
          ]
        }
      ]
    },
    {
      "mode": "managed",
      "type": "aws_lambda_permission",
      "name": "api_gw_avatar",
      "provider": "provider[\"registry.terraform.io/hashicorp/aws\"]",
      "instances": [
        {
          "schema_version": 0,
          "attributes": {
            "action": "lambda:InvokeFunction",
            "event_source_token": null,
            "function_name": "tamagotchi-health-avatar-generator-dev",
            "function_url_auth_type": null,
            "id": "AllowExecutionFromAPIGatewayAvatar",
            "principal": "apigateway.amazonaws.com",
            "principal_org_id": null,
            "qualifier": "",
            "source_account": null,
            "source_arn": "arn:aws:execute-api:eu-central-1:791736277877:lnt6x6tek2/*/*/avatar/*",
            "statement_id": "AllowExecutionFromAPIGatewayAvatar",
            "statement_id_prefix": ""
          },
          "sensitive_attributes": [],
          "private": "bnVsbA==",
          "dependencies": [
            "aws_apigatewayv2_api.http_api",
            "aws_dynamodb_table.health_data",
            "aws_dynamodb_table.user_state",
            "aws_dynamodb_table.users",
            "aws_iam_role.lambda_role",
            "aws_lambda_function.avatar_generator",
            "aws_lambda_layer_version.gcp_deps_layer",
            "aws_s3_bucket.avatars",
            "data.archive_file.avatar_zip",
            "data.archive_file.gcp_deps_layer_zip"
          ]
        }
      ]
    },
    {
      "mode": "managed",
      "type": "aws_lambda_permission",
      "name": "api_gw_demo",
      "provider": "provider[\"registry.terraform.io/hashicorp/aws\"]",
      "instances": [
        {
          "schema_version": 0,
          "attributes": {
            "action": "lambda:InvokeFunction",
            "event_source_token": null,
            "function_name": "tamagotchi-health-demo-trigger-dev",
            "function_url_auth_type": null,
            "id": "AllowExecutionFromAPIGatewayDemo",
            "principal": "apigateway.amazonaws.com",
            "principal_org_id": null,
            "qualifier": "",
            "source_account": null,
            "source_arn": "arn:aws:execute-api:eu-central-1:791736277877:lnt6x6tek2/*/*/demo/trigger",
            "statement_id": "AllowExecutionFromAPIGatewayDemo",
            "statement_id_prefix": ""
          },
          "sensitive_attributes": [],
          "private": "bnVsbA==",
          "dependencies": [
            "aws_apigatewayv2_api.http_api",
            "aws_dynamodb_table.user_state",
            "aws_iam_role.lambda_role",
            "aws_lambda_function.demo_trigger",
            "data.archive_file.demo_zip"
          ]
        }
      ]
    },
    {
      "mode": "managed",
      "type": "aws_lambda_permission",
      "name": "api_gw_echo",
      "provider": "provider[\"registry.terraform.io/hashicorp/aws\"]",
      "instances": [
        {
          "schema_version": 0,
          "attributes": {
            "action": "lambda:InvokeFunction",
            "event_source_token": null,
            "function_name": "tamagotchi-health-echo-dev",
            "function_url_auth_type": null,
            "id": "AllowExecutionFromAPIGatewayEcho",
            "principal": "apigateway.amazonaws.com",
            "principal_org_id": null,
            "qualifier": "",
            "source_account": null,
            "source_arn": "arn:aws:execute-api:eu-central-1:791736277877:lnt6x6tek2/*/*/echo",
            "statement_id": "AllowExecutionFromAPIGatewayEcho",
            "statement_id_prefix": ""
          },
          "sensitive_attributes": [],
          "private": "bnVsbA==",
          "dependencies": [
            "aws_apigatewayv2_api.http_api",
            "aws_iam_role.lambda_role",
            "aws_lambda_function.echo",
            "data.archive_file.echo_zip"
          ]
        }
      ]
    },
    {
      "mode": "managed",
      "type": "aws_lambda_permission",
      "name": "api_gw_ingest",
      "provider": "provider[\"registry.terraform.io/hashicorp/aws\"]",
      "instances": [
        {
          "schema_version": 0,
          "attributes": {
            "action": "lambda:InvokeFunction",
            "event_source_token": null,
            "function_name": "tamagotchi-health-sensor-ingest-dev",
            "function_url_auth_type": null,
            "id": "AllowExecutionFromAPIGateway",
            "principal": "apigateway.amazonaws.com",
            "principal_org_id": null,
            "qualifier": "",
            "source_account": null,
            "source_arn": "arn:aws:execute-api:eu-central-1:791736277877:lnt6x6tek2/*/*/sensor-data",
            "statement_id": "AllowExecutionFromAPIGateway",
            "statement_id_prefix": ""
          },
          "sensitive_attributes": [],
          "private": "bnVsbA==",
          "dependencies": [
            "aws_apigatewayv2_api.http_api",
            "aws_dynamodb_table.health_data",
            "aws_dynamodb_table.user_state",
            "aws_iam_role.lambda_role",
            "aws_lambda_function.sensor_ingest",
            "data.archive_file.ingest_zip"
          ]
        }
      ]
    },
    {
      "mode": "managed",
      "type": "aws_lambda_permission",
      "name": "api_gw_user",
      "provider": "provider[\"registry.terraform.io/hashicorp/aws\"]",
      "instances": [
        {
          "schema_version": 0,
          "attributes": {
            "action": "lambda:InvokeFunction",
            "event_source_token": null,
            "function_name": "tamagotchi-health-user-manager-dev",
            "function_url_auth_type": null,
            "id": "AllowExecutionFromAPIGatewayUser",
            "principal": "apigateway.amazonaws.com",
            "principal_org_id": null,
            "qualifier": "",
            "source_account": null,
            "source_arn": "arn:aws:execute-api:eu-central-1:791736277877:lnt6x6tek2/*/*/users*",
            "statement_id": "AllowExecutionFromAPIGatewayUser",
            "statement_id_prefix": ""
          },
          "sensitive_attributes": [],
          "private": "bnVsbA==",
          "dependencies": [
            "aws_apigatewayv2_api.http_api",
            "aws_dynamodb_table.user_state",
            "aws_dynamodb_table.users",
            "aws_iam_role.lambda_role",
            "aws_lambda_function.user_manager",
            "aws_s3_bucket.avatars",
            "data.archive_file.user_zip"
          ]
        }
      ]
    },
    {
      "mode": "managed",
      "type": "aws_lambda_permission",
      "name": "api_gw_user_avatar_state",
      "provider": "provider[\"registry.terraform.io/hashicorp/aws\"]",
      "instances": [
        {
          "schema_version": 0,
          "attributes": {
            "action": "lambda:InvokeFunction",
            "event_source_token": null,
            "function_name": "tamagotchi-health-user-manager-dev",
            "function_url_auth_type": null,
            "id": "AllowExecutionFromAPIGatewayUserAvatarState",
            "principal": "apigateway.amazonaws.com",
            "principal_org_id": null,
            "qualifier": "",
            "source_account": null,
            "source_arn": "arn:aws:execute-api:eu-central-1:791736277877:lnt6x6tek2/*/*/avatar/current-state/*",
            "statement_id": "AllowExecutionFromAPIGatewayUserAvatarState",
            "statement_id_prefix": ""
          },
          "sensitive_attributes": [],
          "private": "bnVsbA==",
          "dependencies": [
            "aws_apigatewayv2_api.http_api",
            "aws_dynamodb_table.user_state",
            "aws_dynamodb_table.users",
            "aws_iam_role.lambda_role",
            "aws_lambda_function.user_manager",
            "aws_s3_bucket.avatars",
            "data.archive_file.user_zip"
          ]
        }
      ]
    },
    {
      "mode": "managed",
      "type": "aws_s3_bucket",
      "name": "avatars",
      "provider": "provider[\"registry.terraform.io/hashicorp/aws\"]",
      "instances": [
        {
          "schema_version": 0,
          "attributes": {
            "acceleration_status": "",
            "acl": null,
            "arn": "arn:aws:s3:::tamagotchi-health-avatars-dev",
            "bucket": "tamagotchi-health-avatars-dev",
            "bucket_domain_name": "tamagotchi-health-avatars-dev.s3.amazonaws.com",
            "bucket_prefix": "",
            "bucket_regional_domain_name": "tamagotchi-health-avatars-dev.s3.eu-central-1.amazonaws.com",
            "cors_rule": [
              {
                "allowed_headers": [
                  "*"
                ],
                "allowed_methods": [
                  "POST",
                  "GET",
                  "HEAD",
                  "PUT"
                ],
                "allowed_origins": [
                  "*"
                ],
                "expose_headers": [
                  "ETag"
                ],
                "max_age_seconds": 3000
              }
            ],
            "force_destroy": false,
            "grant": [
              {
                "id": "f57f128c8c7a70d4e6774fca8509ddb47654ed19030d8cb73361b1b069b02e2a",
                "permissions": [
                  "FULL_CONTROL"
                ],
                "type": "CanonicalUser",
                "uri": ""
              }
            ],
            "hosted_zone_id": "Z21DNDUVLTQW6Q",
            "id": "tamagotchi-health-avatars-dev",
            "lifecycle_rule": [],
            "logging": [],
            "object_lock_configuration": [],
            "object_lock_enabled": false,
            "policy": "",
            "region": "eu-central-1",
            "replication_configuration": [],
            "request_payer": "BucketOwner",
            "server_side_encryption_configuration": [
              {
                "rule": [
                  {
                    "apply_server_side_encryption_by_default": [
                      {
                        "kms_master_key_id": "",
                        "sse_algorithm": "AES256"
                      }
                    ],
                    "bucket_key_enabled": false
                  }
                ]
              }
            ],
            "tags": {
              "Environment": "dev",
              "Name": "tamagotchi-health-avatars"
            },
            "tags_all": {
              "Environment": "dev",
              "ManagedBy": "Terraform",
              "Name": "tamagotchi-health-avatars",
              "Project": "tamagotchi-health"
            },
            "timeouts": null,
            "versioning": [
              {
                "enabled": false,
                "mfa_delete": false
              }
            ],
            "website": [],
            "website_domain": null,
            "website_endpoint": null
          },
          "sensitive_attributes": [],
          "private": "eyJlMmJmYjczMC1lY2FhLTExZTYtOGY4OC0zNDM2M2JjN2M0YzAiOnsiY3JlYXRlIjoxMjAwMDAwMDAwMDAwLCJkZWxldGUiOjM2MDAwMDAwMDAwMDAsInJlYWQiOjEyMDAwMDAwMDAwMDAsInVwZGF0ZSI6MTIwMDAwMDAwMDAwMH19"
        }
      ]
    },
    {
      "mode": "managed",
      "type": "aws_s3_bucket_cors_configuration",
      "name": "avatars",
      "provider": "provider[\"registry.terraform.io/hashicorp/aws\"]",
      "instances": [
        {
          "schema_version": 0,
          "attributes": {
            "bucket": "tamagotchi-health-avatars-dev",
            "cors_rule": [
              {
                "allowed_headers": [
                  "*"
                ],
                "allowed_methods": [
                  "GET",
                  "HEAD",
                  "POST",
                  "PUT"
                ],
                "allowed_origins": [
                  "*"
                ],
                "expose_headers": [
                  "ETag"
                ],
                "id": "",
                "max_age_seconds": 3000
              }
            ],
            "expected_bucket_owner": "",
            "id": "tamagotchi-health-avatars-dev"
          },
          "sensitive_attributes": [],
          "private": "bnVsbA==",
          "dependencies": [
            "aws_s3_bucket.avatars"
          ]
        }
      ]
    },
    {
      "mode": "managed",
      "type": "aws_s3_bucket_public_access_block",
      "name": "avatars",
      "provider": "provider[\"registry.terraform.io/hashicorp/aws\"]",
      "instances": [
        {
          "schema_version": 0,
          "attributes": {
            "block_public_acls": true,
            "block_public_policy": true,
            "bucket": "tamagotchi-health-avatars-dev",
            "id": "tamagotchi-health-avatars-dev",
            "ignore_public_acls": true,
            "restrict_public_buckets": true
          },
          "sensitive_attributes": [],
          "private": "bnVsbA==",
          "dependencies": [
            "aws_s3_bucket.avatars"
          ]
        }
      ]
    },
    {
      "mode": "managed",
      "type": "google_project_service",
      "name": "aiplatform",
      "provider": "provider[\"registry.terraform.io/hashicorp/google\"]",
      "instances": [
        {
          "schema_version": 0,
          "attributes": {
            "disable_dependent_services": null,
            "disable_on_destroy": false,
            "id": "hackatum25mun-1040/aiplatform.googleapis.com",
            "project": "hackatum25mun-1040",
            "service": "aiplatform.googleapis.com",
            "timeouts": null
          },
          "sensitive_attributes": [],
          "private": "eyJlMmJmYjczMC1lY2FhLTExZTYtOGY4OC0zNDM2M2JjN2M0YzAiOnsiY3JlYXRlIjoxMjAwMDAwMDAwMDAwLCJkZWxldGUiOjEyMDAwMDAwMDAwMDAsInJlYWQiOjYwMDAwMDAwMDAwMCwidXBkYXRlIjoxMjAwMDAwMDAwMDAwfX0="
        }
      ]
    }
  ],
  "check_results": null
}
